// !$*UTF8*$!
{
	archiveVersion = 1;
	classes = {
	};
	objectVersion = 51;
	objects = {

/* Begin PBXBuildFile section */
		481135F72283D25F00200453 /* PVHomeVC.swift in Sources */ = {isa = PBXBuildFile; fileRef = 481135F62283D25F00200453 /* PVHomeVC.swift */; };
		481C599D2252EDD30086F616 /* PVLoginChildVCPro.swift in Sources */ = {isa = PBXBuildFile; fileRef = 481C599C2252EDD30086F616 /* PVLoginChildVCPro.swift */; };
		481C599F225311110086F616 /* PVForgetPsdVC.swift in Sources */ = {isa = PBXBuildFile; fileRef = 481C599E225311110086F616 /* PVForgetPsdVC.swift */; };
		481C59A1225336D70086F616 /* PVAgreementWebVC.swift in Sources */ = {isa = PBXBuildFile; fileRef = 481C59A0225336D70086F616 /* PVAgreementWebVC.swift */; };
		481C59A3225338A50086F616 /* PVHomePlayVC.swift in Sources */ = {isa = PBXBuildFile; fileRef = 481C59A2225338A50086F616 /* PVHomePlayVC.swift */; };
		481C59A9225342220086F616 /* PVMeHeaderView.swift in Sources */ = {isa = PBXBuildFile; fileRef = 481C59A8225342220086F616 /* PVMeHeaderView.swift */; };
		481C59AB22535CFB0086F616 /* PVMePro.swift in Sources */ = {isa = PBXBuildFile; fileRef = 481C59AA22535CFB0086F616 /* PVMePro.swift */; };
		481C59AD2253621F0086F616 /* PVMeVCChild.swift in Sources */ = {isa = PBXBuildFile; fileRef = 481C59AC2253621F0086F616 /* PVMeVCChild.swift */; };
		481C59AF225363AF0086F616 /* PVMeProductionCell.swift in Sources */ = {isa = PBXBuildFile; fileRef = 481C59AE225363AF0086F616 /* PVMeProductionCell.swift */; };
		481C59B1225366210086F616 /* PVMeVCChildPro.swift in Sources */ = {isa = PBXBuildFile; fileRef = 481C59B0225366210086F616 /* PVMeVCChildPro.swift */; };
		481C59B322537E4B0086F616 /* PVMeAttentionVC.swift in Sources */ = {isa = PBXBuildFile; fileRef = 481C59B222537E4B0086F616 /* PVMeAttentionVC.swift */; };
		481C59B522537F6B0086F616 /* PVMeAttentionCell.swift in Sources */ = {isa = PBXBuildFile; fileRef = 481C59B422537F6B0086F616 /* PVMeAttentionCell.swift */; };
		481C59B922538C4B0086F616 /* PVMeUserinfoEditVC.swift in Sources */ = {isa = PBXBuildFile; fileRef = 481C59B822538C4B0086F616 /* PVMeUserinfoEditVC.swift */; };
		481D6652225450E900B59929 /* PVDatePickerView.swift in Sources */ = {isa = PBXBuildFile; fileRef = 481D6651225450E900B59929 /* PVDatePickerView.swift */; };
		481D66542254A02400B59929 /* PVMeSettingVC.swift in Sources */ = {isa = PBXBuildFile; fileRef = 481D66532254A02400B59929 /* PVMeSettingVC.swift */; };
		481D66562254A28700B59929 /* PVMeSettingCell.swift in Sources */ = {isa = PBXBuildFile; fileRef = 481D66552254A28700B59929 /* PVMeSettingCell.swift */; };
		481D66582254BCC400B59929 /* PVMeSettingVCChild.swift in Sources */ = {isa = PBXBuildFile; fileRef = 481D66572254BCC400B59929 /* PVMeSettingVCChild.swift */; };
		481D665A2254CEA000B59929 /* PVMeSettingVCChildPro.swift in Sources */ = {isa = PBXBuildFile; fileRef = 481D66592254CEA000B59929 /* PVMeSettingVCChildPro.swift */; };
		481D665C2254D91100B59929 /* PVMeSettingVCChildView.swift in Sources */ = {isa = PBXBuildFile; fileRef = 481D665B2254D91100B59929 /* PVMeSettingVCChildView.swift */; };
		481DEB5322A129380093E47C /* PVOtherModels.swift in Sources */ = {isa = PBXBuildFile; fileRef = 481DEB5222A129380093E47C /* PVOtherModels.swift */; };
		481F1BFF22890C6600AAEC8E /* PVHomeMyTeamVC.swift in Sources */ = {isa = PBXBuildFile; fileRef = 481F1BFE22890C6600AAEC8E /* PVHomeMyTeamVC.swift */; };
		481F1C0122890E0B00AAEC8E /* PVHomeMyTeamViews.swift in Sources */ = {isa = PBXBuildFile; fileRef = 481F1C0022890E0B00AAEC8E /* PVHomeMyTeamViews.swift */; };
		481F1C032289114B00AAEC8E /* PVHomeMyTeamPro.swift in Sources */ = {isa = PBXBuildFile; fileRef = 481F1C022289114B00AAEC8E /* PVHomeMyTeamPro.swift */; };
		481F1C0922899E3100AAEC8E /* PVHomeTaskVC.swift in Sources */ = {isa = PBXBuildFile; fileRef = 481F1C0822899E3100AAEC8E /* PVHomeTaskVC.swift */; };
		481F20E3225F11A900331CCF /* PVUserInfoVC.swift in Sources */ = {isa = PBXBuildFile; fileRef = 481F20E2225F11A900331CCF /* PVUserInfoVC.swift */; };
		481F20E5225F159900331CCF /* PVUserInfoView.swift in Sources */ = {isa = PBXBuildFile; fileRef = 481F20E4225F159900331CCF /* PVUserInfoView.swift */; };
		481F20E7225F177000331CCF /* PVUserInfoPro.swift in Sources */ = {isa = PBXBuildFile; fileRef = 481F20E6225F177000331CCF /* PVUserInfoPro.swift */; };
		481F20E9225F270600331CCF /* PVVideoCommentView.swift in Sources */ = {isa = PBXBuildFile; fileRef = 481F20E8225F270600331CCF /* PVVideoCommentView.swift */; };
		481F20EB225F350800331CCF /* PVHomePlayPro.swift in Sources */ = {isa = PBXBuildFile; fileRef = 481F20EA225F350800331CCF /* PVHomePlayPro.swift */; };
		481F20ED225F416F00331CCF /* PVVideoCommentPro.swift in Sources */ = {isa = PBXBuildFile; fileRef = 481F20EC225F416F00331CCF /* PVVideoCommentPro.swift */; };
		481F52D3228C0F0E00474048 /* PVHomeVideoModel.swift in Sources */ = {isa = PBXBuildFile; fileRef = 481F52D2228C0F0E00474048 /* PVHomeVideoModel.swift */; };
		481F52D5228C167400474048 /* PVHomeOtherModels.swift in Sources */ = {isa = PBXBuildFile; fileRef = 481F52D4228C167400474048 /* PVHomeOtherModels.swift */; };
		481F8F69228A507E00A3AF92 /* PVHomeTaskPro.swift in Sources */ = {isa = PBXBuildFile; fileRef = 481F8F68228A507E00A3AF92 /* PVHomeTaskPro.swift */; };
		481F8F6B228A515500A3AF92 /* PVHomeTaskViews.swift in Sources */ = {isa = PBXBuildFile; fileRef = 481F8F6A228A515500A3AF92 /* PVHomeTaskViews.swift */; };
		481F8F6D228A5F2E00A3AF92 /* PVHomeMessageVC.swift in Sources */ = {isa = PBXBuildFile; fileRef = 481F8F6C228A5F2E00A3AF92 /* PVHomeMessageVC.swift */; };
		481F8F6F228A602400A3AF92 /* PVHomeMessageViews.swift in Sources */ = {isa = PBXBuildFile; fileRef = 481F8F6E228A602400A3AF92 /* PVHomeMessageViews.swift */; };
		481F8F71228A62C900A3AF92 /* PVHomeMessagePro.swift in Sources */ = {isa = PBXBuildFile; fileRef = 481F8F70228A62C900A3AF92 /* PVHomeMessagePro.swift */; };
		481FD11822697C130028F82C /* PVHomePlayDelegates.swift in Sources */ = {isa = PBXBuildFile; fileRef = 481FD11722697C130028F82C /* PVHomePlayDelegates.swift */; };
		481FD11E2269F47B0028F82C /* PVPlayVideoUploadVC.swift in Sources */ = {isa = PBXBuildFile; fileRef = 481FD11D2269F47B0028F82C /* PVPlayVideoUploadVC.swift */; };
		4820007D2297921700350DA2 /* PVMeVideoPlayVC.swift in Sources */ = {isa = PBXBuildFile; fileRef = 4820007C2297921700350DA2 /* PVMeVideoPlayVC.swift */; };
		4820007F2297951A00350DA2 /* PVMeVideoPlayPro.swift in Sources */ = {isa = PBXBuildFile; fileRef = 4820007E2297951A00350DA2 /* PVMeVideoPlayPro.swift */; };
		482000812297966400350DA2 /* PVMePlayMaskView.swift in Sources */ = {isa = PBXBuildFile; fileRef = 482000802297966400350DA2 /* PVMePlayMaskView.swift */; };
		482000832297EA2C00350DA2 /* PVMeLevelCell.swift in Sources */ = {isa = PBXBuildFile; fileRef = 482000822297EA2C00350DA2 /* PVMeLevelCell.swift */; };
		482000852297F88700350DA2 /* PVVideoCommentReplyVC.swift in Sources */ = {isa = PBXBuildFile; fileRef = 482000842297F88700350DA2 /* PVVideoCommentReplyVC.swift */; };
		482000872297FD6900350DA2 /* PVVideoCommentReplyHeader.swift in Sources */ = {isa = PBXBuildFile; fileRef = 482000862297FD6900350DA2 /* PVVideoCommentReplyHeader.swift */; };
		48200A4E225E0E2800D19735 /* PVHomeReportVC.swift in Sources */ = {isa = PBXBuildFile; fileRef = 48200A4D225E0E2800D19735 /* PVHomeReportVC.swift */; };
		48200A50225E0EE600D19735 /* PVHomeReportCell.swift in Sources */ = {isa = PBXBuildFile; fileRef = 48200A4F225E0EE600D19735 /* PVHomeReportCell.swift */; };
		48200A52225E130100D19735 /* PVHomeReportDetailVC.swift in Sources */ = {isa = PBXBuildFile; fileRef = 48200A51225E130100D19735 /* PVHomeReportDetailVC.swift */; };
		48200A54225E1B5900D19735 /* PVHomeReportDetailPro.swift in Sources */ = {isa = PBXBuildFile; fileRef = 48200A53225E1B5900D19735 /* PVHomeReportDetailPro.swift */; };
		4820F4082285823800898CD7 /* PVHomeInfoChildVCs.swift in Sources */ = {isa = PBXBuildFile; fileRef = 4820F4072285823800898CD7 /* PVHomeInfoChildVCs.swift */; };
		4820F40A228582E200898CD7 /* PVHomeVCChildViews.swift in Sources */ = {isa = PBXBuildFile; fileRef = 4820F409228582E200898CD7 /* PVHomeVCChildViews.swift */; };
		4820F40C2285874B00898CD7 /* PVHomeInfoChildVCsPro.swift in Sources */ = {isa = PBXBuildFile; fileRef = 4820F40B2285874B00898CD7 /* PVHomeInfoChildVCsPro.swift */; };
		482138C3226ACA68001691E2 /* PVPlayVC.swift in Sources */ = {isa = PBXBuildFile; fileRef = 482138C2226ACA68001691E2 /* PVPlayVC.swift */; };
		482138CD226AD196001691E2 /* libz.tbd in Frameworks */ = {isa = PBXBuildFile; fileRef = 482138CC226AD195001691E2 /* libz.tbd */; };
		482138CF226AD1A2001691E2 /* ImageIO.framework in Frameworks */ = {isa = PBXBuildFile; fileRef = 482138CE226AD1A2001691E2 /* ImageIO.framework */; };
		482138D1226AD1B0001691E2 /* CoreMedia.framework in Frameworks */ = {isa = PBXBuildFile; fileRef = 482138D0226AD1B0001691E2 /* CoreMedia.framework */; };
		482138D3226AD1B8001691E2 /* CoreVideo.framework in Frameworks */ = {isa = PBXBuildFile; fileRef = 482138D2226AD1B8001691E2 /* CoreVideo.framework */; };
		482138D5226AD1C3001691E2 /* VideoToolbox.framework in Frameworks */ = {isa = PBXBuildFile; fileRef = 482138D4226AD1C3001691E2 /* VideoToolbox.framework */; };
		482138D7226AD1CB001691E2 /* MediaPlayer.framework in Frameworks */ = {isa = PBXBuildFile; fileRef = 482138D6226AD1CB001691E2 /* MediaPlayer.framework */; };
		482138D9226AD1D4001691E2 /* OpenAL.framework in Frameworks */ = {isa = PBXBuildFile; fileRef = 482138D8226AD1D4001691E2 /* OpenAL.framework */; };
		482138DB226AD1E1001691E2 /* libc++.tbd in Frameworks */ = {isa = PBXBuildFile; fileRef = 482138DA226AD1E1001691E2 /* libc++.tbd */; };
		482138DD226AD1F9001691E2 /* libiconv.tbd in Frameworks */ = {isa = PBXBuildFile; fileRef = 482138DC226AD1F9001691E2 /* libiconv.tbd */; };
		482138DE226AD366001691E2 /* Pods_PearlVideo.framework in Frameworks */ = {isa = PBXBuildFile; fileRef = D3B3E5C129A02C953A874031 /* Pods_PearlVideo.framework */; };
		4821C6A322560D4F0030BF4B /* PVMeMessageVC.swift in Sources */ = {isa = PBXBuildFile; fileRef = 4821C6A222560D4F0030BF4B /* PVMeMessageVC.swift */; };
		4821C6A52256131A0030BF4B /* PVMeMessageVCChild.swift in Sources */ = {isa = PBXBuildFile; fileRef = 4821C6A42256131A0030BF4B /* PVMeMessageVCChild.swift */; };
		4821C7492293A1AD005FC71A /* PVVideoModels.swift in Sources */ = {isa = PBXBuildFile; fileRef = 4821C7482293A1AD005FC71A /* PVVideoModels.swift */; };
		4822D3EE2274077F000CF509 /* YPJOtherToolQRImage.swift in Sources */ = {isa = PBXBuildFile; fileRef = 4822D3ED2274077F000CF509 /* YPJOtherToolQRImage.swift */; };
		48232F55226F110B001ACECC /* PVPlayCameraViewPro.swift in Sources */ = {isa = PBXBuildFile; fileRef = 48232F54226F110B001ACECC /* PVPlayCameraViewPro.swift */; };
		4823BBCE2290048E006869AA /* PVVideoPlayModel.swift in Sources */ = {isa = PBXBuildFile; fileRef = 4823BBCD2290048E006869AA /* PVVideoPlayModel.swift */; };
		4824382C229CC8AD006B480C /* PVExchangePro.swift in Sources */ = {isa = PBXBuildFile; fileRef = 4824382B229CC8AD006B480C /* PVExchangePro.swift */; };
		48243830229CD7FB006B480C /* FaceTheme.bundle in Resources */ = {isa = PBXBuildFile; fileRef = 4824382D229CD7FA006B480C /* FaceTheme.bundle */; };
		48243831229CD7FB006B480C /* RPSDK.bundle in Resources */ = {isa = PBXBuildFile; fileRef = 4824382E229CD7FA006B480C /* RPSDK.bundle */; };
		48243832229CD7FB006B480C /* FaceLivenessSDK.bundle in Resources */ = {isa = PBXBuildFile; fileRef = 4824382F229CD7FB006B480C /* FaceLivenessSDK.bundle */; };
		48243840229CD80E006B480C /* RPSDK.framework in Frameworks */ = {isa = PBXBuildFile; fileRef = 48243833229CD806006B480C /* RPSDK.framework */; };
		48243841229CD80E006B480C /* ZipArchive.framework in Frameworks */ = {isa = PBXBuildFile; fileRef = 48243834229CD807006B480C /* ZipArchive.framework */; };
		48243842229CD80E006B480C /* WindVaneBasic.framework in Frameworks */ = {isa = PBXBuildFile; fileRef = 48243835229CD808006B480C /* WindVaneBasic.framework */; };
		48243843229CD80E006B480C /* FaceLivenessOpen.framework in Frameworks */ = {isa = PBXBuildFile; fileRef = 48243836229CD808006B480C /* FaceLivenessOpen.framework */; };
		48243844229CD80E006B480C /* SGNoCaptcha.framework in Frameworks */ = {isa = PBXBuildFile; fileRef = 48243837229CD809006B480C /* SGNoCaptcha.framework */; };
		48243845229CD80E006B480C /* SecurityGuardSDK.framework in Frameworks */ = {isa = PBXBuildFile; fileRef = 48243838229CD809006B480C /* SecurityGuardSDK.framework */; };
		48243846229CD80E006B480C /* WindVane.framework in Frameworks */ = {isa = PBXBuildFile; fileRef = 48243839229CD80A006B480C /* WindVane.framework */; };
		48243847229CD80E006B480C /* AliReachability.framework in Frameworks */ = {isa = PBXBuildFile; fileRef = 4824383A229CD80A006B480C /* AliReachability.framework */; };
		48243848229CD80E006B480C /* WindVaneBridge.framework in Frameworks */ = {isa = PBXBuildFile; fileRef = 4824383B229CD80B006B480C /* WindVaneBridge.framework */; };
		48243849229CD80E006B480C /* SGMain.framework in Frameworks */ = {isa = PBXBuildFile; fileRef = 4824383C229CD80C006B480C /* SGMain.framework */; };
		4824384A229CD80E006B480C /* AliyunOSSiOS.framework in Frameworks */ = {isa = PBXBuildFile; fileRef = 4824383D229CD80C006B480C /* AliyunOSSiOS.framework */; };
		4824384B229CD80E006B480C /* SGSecurityBody.framework in Frameworks */ = {isa = PBXBuildFile; fileRef = 4824383E229CD80D006B480C /* SGSecurityBody.framework */; };
		4824384C229CD80E006B480C /* WindVaneCore.framework in Frameworks */ = {isa = PBXBuildFile; fileRef = 4824383F229CD80E006B480C /* WindVaneCore.framework */; };
		4824384E229CD883006B480C /* yw_1222_0769.jpg in Resources */ = {isa = PBXBuildFile; fileRef = 4824384D229CD883006B480C /* yw_1222_0769.jpg */; };
		48243850229D1152006B480C /* PVVideoShareVC.swift in Sources */ = {isa = PBXBuildFile; fileRef = 4824384F229D1152006B480C /* PVVideoShareVC.swift */; };
		48243852229D1762006B480C /* PVVideoShareAlert.swift in Sources */ = {isa = PBXBuildFile; fileRef = 48243851229D1762006B480C /* PVVideoShareAlert.swift */; };
		4824916B229E86B700B6870F /* PVUserValidateModel.swift in Sources */ = {isa = PBXBuildFile; fileRef = 4824916A229E86B700B6870F /* PVUserValidateModel.swift */; };
		4824A64F226D5C5100FF7832 /* PVPlayProgressView.swift in Sources */ = {isa = PBXBuildFile; fileRef = 4824A64E226D5C5100FF7832 /* PVPlayProgressView.swift */; };
		48274C3B22A26A8400374C62 /* YPJOtherToolsObjC.m in Sources */ = {isa = PBXBuildFile; fileRef = 48274C3A22A26A8400374C62 /* YPJOtherToolsObjC.m */; };
		482F3C3A225ADF7600FEC130 /* PVMeMessageVCChildPro.swift in Sources */ = {isa = PBXBuildFile; fileRef = 482F3C39225ADF7600FEC130 /* PVMeMessageVCChildPro.swift */; };
		482F3C3C225AE43F00FEC130 /* PVMeMessageVCChildView.swift in Sources */ = {isa = PBXBuildFile; fileRef = 482F3C3B225AE43F00FEC130 /* PVMeMessageVCChildView.swift */; };
		482F3C42225B716800FEC130 /* PVMeTeamVC.swift in Sources */ = {isa = PBXBuildFile; fileRef = 482F3C41225B716800FEC130 /* PVMeTeamVC.swift */; };
		482F3C44225B79B900FEC130 /* PVMeTeamVCPro.swift in Sources */ = {isa = PBXBuildFile; fileRef = 482F3C43225B79B900FEC130 /* PVMeTeamVCPro.swift */; };
		4830DD5F2268612A00E2B86F /* PVHomePlayContainerView.swift in Sources */ = {isa = PBXBuildFile; fileRef = 4830DD5E2268612A00E2B86F /* PVHomePlayContainerView.swift */; };
		4830DD62226863DE00E2B86F /* AlivcQuVideoModel.swift in Sources */ = {isa = PBXBuildFile; fileRef = 4830DD61226863DE00E2B86F /* AlivcQuVideoModel.swift */; };
		483657FE225C2EFC00BCB2D9 /* PVMeTeamVCChild.swift in Sources */ = {isa = PBXBuildFile; fileRef = 483657FD225C2EFC00BCB2D9 /* PVMeTeamVCChild.swift */; };
		48365800225C30B700BCB2D9 /* PVMeTeamVCChildPro.swift in Sources */ = {isa = PBXBuildFile; fileRef = 483657FF225C30B700BCB2D9 /* PVMeTeamVCChildPro.swift */; };
		48365802225C311C00BCB2D9 /* PVMeTeamVCChildView.swift in Sources */ = {isa = PBXBuildFile; fileRef = 48365801225C311C00BCB2D9 /* PVMeTeamVCChildView.swift */; };
		484DAD08224F10B4002BA454 /* AppDelegate.swift in Sources */ = {isa = PBXBuildFile; fileRef = 484DAD07224F10B4002BA454 /* AppDelegate.swift */; };
		484DAD0F224F10B5002BA454 /* Assets.xcassets in Resources */ = {isa = PBXBuildFile; fileRef = 484DAD0E224F10B5002BA454 /* Assets.xcassets */; };
		484DAD12224F10B5002BA454 /* LaunchScreen.storyboard in Resources */ = {isa = PBXBuildFile; fileRef = 484DAD10224F10B5002BA454 /* LaunchScreen.storyboard */; };
		484DAD25224F1380002BA454 /* KeysMacro.swift in Sources */ = {isa = PBXBuildFile; fileRef = 484DAD22224F1380002BA454 /* KeysMacro.swift */; };
		484DAD26224F1380002BA454 /* ArgsMacro.swift in Sources */ = {isa = PBXBuildFile; fileRef = 484DAD23224F1380002BA454 /* ArgsMacro.swift */; };
		484DAD27224F1380002BA454 /* ToolMacro.swift in Sources */ = {isa = PBXBuildFile; fileRef = 484DAD24224F1380002BA454 /* ToolMacro.swift */; };
		484DAD37224F140F002BA454 /* PVNetworkTool.swift in Sources */ = {isa = PBXBuildFile; fileRef = 484DAD29224F140F002BA454 /* PVNetworkTool.swift */; };
		484DAD38224F140F002BA454 /* PVRefresh.swift in Sources */ = {isa = PBXBuildFile; fileRef = 484DAD2A224F140F002BA454 /* PVRefresh.swift */; };
		484DAD39224F140F002BA454 /* PVNetworkValidate.swift in Sources */ = {isa = PBXBuildFile; fileRef = 484DAD2B224F140F002BA454 /* PVNetworkValidate.swift */; };
		484DAD3A224F140F002BA454 /* PVNetworkRouter.swift in Sources */ = {isa = PBXBuildFile; fileRef = 484DAD2C224F140F002BA454 /* PVNetworkRouter.swift */; };
		484DAD3B224F140F002BA454 /* PVCustomTextField.swift in Sources */ = {isa = PBXBuildFile; fileRef = 484DAD2E224F140F002BA454 /* PVCustomTextField.swift */; };
		484DAD3C224F140F002BA454 /* PVCustomButton.swift in Sources */ = {isa = PBXBuildFile; fileRef = 484DAD2F224F140F002BA454 /* PVCustomButton.swift */; };
		484DAD3D224F140F002BA454 /* YPJTextFieldEx.swift in Sources */ = {isa = PBXBuildFile; fileRef = 484DAD31224F140F002BA454 /* YPJTextFieldEx.swift */; };
		484DAD3E224F140F002BA454 /* YPJViewEx.swift in Sources */ = {isa = PBXBuildFile; fileRef = 484DAD32224F140F002BA454 /* YPJViewEx.swift */; };
		484DAD3F224F140F002BA454 /* YPJExTools.swift in Sources */ = {isa = PBXBuildFile; fileRef = 484DAD34224F140F002BA454 /* YPJExTools.swift */; };
		484DAD40224F140F002BA454 /* YPJOtherTools.swift in Sources */ = {isa = PBXBuildFile; fileRef = 484DAD35224F140F002BA454 /* YPJOtherTools.swift */; };
		484DAD41224F140F002BA454 /* GCDTools.swift in Sources */ = {isa = PBXBuildFile; fileRef = 484DAD36224F140F002BA454 /* GCDTools.swift */; };
		484DAD44224F14F7002BA454 /* AppDelegateEx.swift in Sources */ = {isa = PBXBuildFile; fileRef = 484DAD42224F14F7002BA454 /* AppDelegateEx.swift */; };
		484DAD45224F14F7002BA454 /* PVTabBarController.swift in Sources */ = {isa = PBXBuildFile; fileRef = 484DAD43224F14F7002BA454 /* PVTabBarController.swift */; };
		484DADC5224F1741002BA454 /* PVBaseTableCell.swift in Sources */ = {isa = PBXBuildFile; fileRef = 484DAD47224F1741002BA454 /* PVBaseTableCell.swift */; };
		484DADC6224F1741002BA454 /* PVBaseViewController.swift in Sources */ = {isa = PBXBuildFile; fileRef = 484DAD48224F1741002BA454 /* PVBaseViewController.swift */; };
		484DADC7224F1741002BA454 /* PVBaseRootNaviVC.swift in Sources */ = {isa = PBXBuildFile; fileRef = 484DAD49224F1741002BA454 /* PVBaseRootNaviVC.swift */; };
		484DADC8224F1741002BA454 /* PVNavigationBar.swift in Sources */ = {isa = PBXBuildFile; fileRef = 484DAD4A224F1741002BA454 /* PVNavigationBar.swift */; };
		484DADC9224F1741002BA454 /* PVBaseWMPageVC.swift in Sources */ = {isa = PBXBuildFile; fileRef = 484DAD4B224F1741002BA454 /* PVBaseWMPageVC.swift */; };
		484DADCA224F1741002BA454 /* PVBaseModel.swift in Sources */ = {isa = PBXBuildFile; fileRef = 484DAD4C224F1741002BA454 /* PVBaseModel.swift */; };
		484DADCB224F1741002BA454 /* PVBaseNavigationVC.swift in Sources */ = {isa = PBXBuildFile; fileRef = 484DAD4D224F1741002BA454 /* PVBaseNavigationVC.swift */; };
		484DADCD224F1741002BA454 /* PVMeViewController.swift in Sources */ = {isa = PBXBuildFile; fileRef = 484DAD52224F1741002BA454 /* PVMeViewController.swift */; };
		484DADE3224F1741002BA454 /* PVLoginPro.swift in Sources */ = {isa = PBXBuildFile; fileRef = 484DAD6C224F1741002BA454 /* PVLoginPro.swift */; };
		484DADE4224F1741002BA454 /* PVLoginVC.swift in Sources */ = {isa = PBXBuildFile; fileRef = 484DAD6E224F1741002BA454 /* PVLoginVC.swift */; };
		484DAE2D224F6DB4002BA454 /* PVLoginChildVCs.swift in Sources */ = {isa = PBXBuildFile; fileRef = 484DAE2C224F6DB4002BA454 /* PVLoginChildVCs.swift */; };
		4876ECC5229BEAA4005370CF /* PVExchangeVC.swift in Sources */ = {isa = PBXBuildFile; fileRef = 4876ECC4229BEAA4005370CF /* PVExchangeVC.swift */; };
		4876ECC7229BEB1B005370CF /* PVExchangeViews.swift in Sources */ = {isa = PBXBuildFile; fileRef = 4876ECC6229BEB1B005370CF /* PVExchangeViews.swift */; };
		487AFC68226AF36F0064F00A /* alivcffmpeg.framework in Frameworks */ = {isa = PBXBuildFile; fileRef = 482138C4226AD068001691E2 /* alivcffmpeg.framework */; };
		487AFC6A226B14EA0064F00A /* PVPlayPro.swift in Sources */ = {isa = PBXBuildFile; fileRef = 487AFC69226B14EA0064F00A /* PVPlayPro.swift */; };
		487AFC6C226B2E0E0064F00A /* PVPlayCameraView.swift in Sources */ = {isa = PBXBuildFile; fileRef = 487AFC6B226B2E0E0064F00A /* PVPlayCameraView.swift */; };
		488759F622844AAE004BC541 /* PVHomeModel.swift in Sources */ = {isa = PBXBuildFile; fileRef = 488759F522844AAE004BC541 /* PVHomeModel.swift */; };
		48A0291C2296A6B60065EF79 /* PVHomePlayMaskViewPro.swift in Sources */ = {isa = PBXBuildFile; fileRef = 48A0291B2296A6B60065EF79 /* PVHomePlayMaskViewPro.swift */; };
		48A993872283D45100CC4326 /* PVHomeHeaderView.swift in Sources */ = {isa = PBXBuildFile; fileRef = 48A993862283D45100CC4326 /* PVHomeHeaderView.swift */; };
		48A9938B22840F2D00CC4326 /* PVHomeHeaderViewPro.swift in Sources */ = {isa = PBXBuildFile; fileRef = 48A9938A22840F2D00CC4326 /* PVHomeHeaderViewPro.swift */; };
		48A9938D22841C0400CC4326 /* PVHomeVCPro.swift in Sources */ = {isa = PBXBuildFile; fileRef = 48A9938C22841C0400CC4326 /* PVHomeVCPro.swift */; };
		48A9938F22841F2900CC4326 /* PVHomeRecommendVC.swift in Sources */ = {isa = PBXBuildFile; fileRef = 48A9938E22841F2900CC4326 /* PVHomeRecommendVC.swift */; };
		48A9939122841F8100CC4326 /* PVHomeAttentionVC.swift in Sources */ = {isa = PBXBuildFile; fileRef = 48A9939022841F8100CC4326 /* PVHomeAttentionVC.swift */; };
		48A993932284206F00CC4326 /* PVHomeVideoCell.swift in Sources */ = {isa = PBXBuildFile; fileRef = 48A993922284206F00CC4326 /* PVHomeVideoCell.swift */; };
		48E13CB9228E951500D27D75 /* YPJViewTools.swift in Sources */ = {isa = PBXBuildFile; fileRef = 48E13CB8228E951500D27D75 /* YPJViewTools.swift */; };
		48E13CBB228E953D00D27D75 /* YPJStringTools.swift in Sources */ = {isa = PBXBuildFile; fileRef = 48E13CBA228E953D00D27D75 /* YPJStringTools.swift */; };
		48E13CBD228E959300D27D75 /* YPJImageTools.swift in Sources */ = {isa = PBXBuildFile; fileRef = 48E13CBC228E959300D27D75 /* YPJImageTools.swift */; };
		48E13CBF228E988300D27D75 /* YPJResponderEx.swift in Sources */ = {isa = PBXBuildFile; fileRef = 48E13CBE228E988300D27D75 /* YPJResponderEx.swift */; };
		48E13CC1228EBF9900D27D75 /* PVMeModels.swift in Sources */ = {isa = PBXBuildFile; fileRef = 48E13CC0228EBF9900D27D75 /* PVMeModels.swift */; };
		48E13CC3228EDFFC00D27D75 /* PVHomePlayMaskView.swift in Sources */ = {isa = PBXBuildFile; fileRef = 48E13CC2228EDFFC00D27D75 /* PVHomePlayMaskView.swift */; };
		48F353CF22A13B4A00026594 /* SystemConfiguration.framework in Frameworks */ = {isa = PBXBuildFile; fileRef = 48F353CE22A13B4A00026594 /* SystemConfiguration.framework */; };
		48F353D122A13B5B00026594 /* libresolv.tbd in Frameworks */ = {isa = PBXBuildFile; fileRef = 48F353D022A13B5B00026594 /* libresolv.tbd */; };
		48F822ED22A4CCAF00D93B5E /* PVExchangeBuyOrderVC.swift in Sources */ = {isa = PBXBuildFile; fileRef = 48F822EC22A4CCAF00D93B5E /* PVExchangeBuyOrderVC.swift */; };
		48F822EF22A4F31A00D93B5E /* PVExchangeBuyOrderCell.swift in Sources */ = {isa = PBXBuildFile; fileRef = 48F822EE22A4F31A00D93B5E /* PVExchangeBuyOrderCell.swift */; };
/* End PBXBuildFile section */

/* Begin PBXFileReference section */
		481135F62283D25F00200453 /* PVHomeVC.swift */ = {isa = PBXFileReference; lastKnownFileType = sourcecode.swift; path = PVHomeVC.swift; sourceTree = "<group>"; };
		481C599C2252EDD30086F616 /* PVLoginChildVCPro.swift */ = {isa = PBXFileReference; lastKnownFileType = sourcecode.swift; path = PVLoginChildVCPro.swift; sourceTree = "<group>"; };
		481C599E225311110086F616 /* PVForgetPsdVC.swift */ = {isa = PBXFileReference; lastKnownFileType = sourcecode.swift; path = PVForgetPsdVC.swift; sourceTree = "<group>"; };
		481C59A0225336D70086F616 /* PVAgreementWebVC.swift */ = {isa = PBXFileReference; lastKnownFileType = sourcecode.swift; path = PVAgreementWebVC.swift; sourceTree = "<group>"; };
		481C59A2225338A50086F616 /* PVHomePlayVC.swift */ = {isa = PBXFileReference; lastKnownFileType = sourcecode.swift; path = PVHomePlayVC.swift; sourceTree = "<group>"; };
		481C59A8225342220086F616 /* PVMeHeaderView.swift */ = {isa = PBXFileReference; lastKnownFileType = sourcecode.swift; path = PVMeHeaderView.swift; sourceTree = "<group>"; };
		481C59AA22535CFB0086F616 /* PVMePro.swift */ = {isa = PBXFileReference; lastKnownFileType = sourcecode.swift; path = PVMePro.swift; sourceTree = "<group>"; };
		481C59AC2253621F0086F616 /* PVMeVCChild.swift */ = {isa = PBXFileReference; lastKnownFileType = sourcecode.swift; path = PVMeVCChild.swift; sourceTree = "<group>"; };
		481C59AE225363AF0086F616 /* PVMeProductionCell.swift */ = {isa = PBXFileReference; lastKnownFileType = sourcecode.swift; path = PVMeProductionCell.swift; sourceTree = "<group>"; };
		481C59B0225366210086F616 /* PVMeVCChildPro.swift */ = {isa = PBXFileReference; lastKnownFileType = sourcecode.swift; path = PVMeVCChildPro.swift; sourceTree = "<group>"; };
		481C59B222537E4B0086F616 /* PVMeAttentionVC.swift */ = {isa = PBXFileReference; lastKnownFileType = sourcecode.swift; path = PVMeAttentionVC.swift; sourceTree = "<group>"; };
		481C59B422537F6B0086F616 /* PVMeAttentionCell.swift */ = {isa = PBXFileReference; lastKnownFileType = sourcecode.swift; path = PVMeAttentionCell.swift; sourceTree = "<group>"; };
		481C59B822538C4B0086F616 /* PVMeUserinfoEditVC.swift */ = {isa = PBXFileReference; lastKnownFileType = sourcecode.swift; path = PVMeUserinfoEditVC.swift; sourceTree = "<group>"; };
		481D6651225450E900B59929 /* PVDatePickerView.swift */ = {isa = PBXFileReference; lastKnownFileType = sourcecode.swift; path = PVDatePickerView.swift; sourceTree = "<group>"; };
		481D66532254A02400B59929 /* PVMeSettingVC.swift */ = {isa = PBXFileReference; lastKnownFileType = sourcecode.swift; path = PVMeSettingVC.swift; sourceTree = "<group>"; };
		481D66552254A28700B59929 /* PVMeSettingCell.swift */ = {isa = PBXFileReference; lastKnownFileType = sourcecode.swift; path = PVMeSettingCell.swift; sourceTree = "<group>"; };
		481D66572254BCC400B59929 /* PVMeSettingVCChild.swift */ = {isa = PBXFileReference; lastKnownFileType = sourcecode.swift; path = PVMeSettingVCChild.swift; sourceTree = "<group>"; };
		481D66592254CEA000B59929 /* PVMeSettingVCChildPro.swift */ = {isa = PBXFileReference; lastKnownFileType = sourcecode.swift; path = PVMeSettingVCChildPro.swift; sourceTree = "<group>"; };
		481D665B2254D91100B59929 /* PVMeSettingVCChildView.swift */ = {isa = PBXFileReference; lastKnownFileType = sourcecode.swift; path = PVMeSettingVCChildView.swift; sourceTree = "<group>"; };
		481DEB5222A129380093E47C /* PVOtherModels.swift */ = {isa = PBXFileReference; lastKnownFileType = sourcecode.swift; path = PVOtherModels.swift; sourceTree = "<group>"; };
		481F1BFE22890C6600AAEC8E /* PVHomeMyTeamVC.swift */ = {isa = PBXFileReference; lastKnownFileType = sourcecode.swift; path = PVHomeMyTeamVC.swift; sourceTree = "<group>"; };
		481F1C0022890E0B00AAEC8E /* PVHomeMyTeamViews.swift */ = {isa = PBXFileReference; lastKnownFileType = sourcecode.swift; path = PVHomeMyTeamViews.swift; sourceTree = "<group>"; };
		481F1C022289114B00AAEC8E /* PVHomeMyTeamPro.swift */ = {isa = PBXFileReference; lastKnownFileType = sourcecode.swift; path = PVHomeMyTeamPro.swift; sourceTree = "<group>"; };
		481F1C0822899E3100AAEC8E /* PVHomeTaskVC.swift */ = {isa = PBXFileReference; lastKnownFileType = sourcecode.swift; path = PVHomeTaskVC.swift; sourceTree = "<group>"; };
		481F20E2225F11A900331CCF /* PVUserInfoVC.swift */ = {isa = PBXFileReference; lastKnownFileType = sourcecode.swift; path = PVUserInfoVC.swift; sourceTree = "<group>"; };
		481F20E4225F159900331CCF /* PVUserInfoView.swift */ = {isa = PBXFileReference; lastKnownFileType = sourcecode.swift; path = PVUserInfoView.swift; sourceTree = "<group>"; };
		481F20E6225F177000331CCF /* PVUserInfoPro.swift */ = {isa = PBXFileReference; lastKnownFileType = sourcecode.swift; path = PVUserInfoPro.swift; sourceTree = "<group>"; };
		481F20E8225F270600331CCF /* PVVideoCommentView.swift */ = {isa = PBXFileReference; lastKnownFileType = sourcecode.swift; path = PVVideoCommentView.swift; sourceTree = "<group>"; };
		481F20EA225F350800331CCF /* PVHomePlayPro.swift */ = {isa = PBXFileReference; lastKnownFileType = sourcecode.swift; path = PVHomePlayPro.swift; sourceTree = "<group>"; };
		481F20EC225F416F00331CCF /* PVVideoCommentPro.swift */ = {isa = PBXFileReference; lastKnownFileType = sourcecode.swift; path = PVVideoCommentPro.swift; sourceTree = "<group>"; };
		481F52D2228C0F0E00474048 /* PVHomeVideoModel.swift */ = {isa = PBXFileReference; lastKnownFileType = sourcecode.swift; path = PVHomeVideoModel.swift; sourceTree = "<group>"; };
		481F52D4228C167400474048 /* PVHomeOtherModels.swift */ = {isa = PBXFileReference; lastKnownFileType = sourcecode.swift; path = PVHomeOtherModels.swift; sourceTree = "<group>"; };
		481F8F68228A507E00A3AF92 /* PVHomeTaskPro.swift */ = {isa = PBXFileReference; lastKnownFileType = sourcecode.swift; path = PVHomeTaskPro.swift; sourceTree = "<group>"; };
		481F8F6A228A515500A3AF92 /* PVHomeTaskViews.swift */ = {isa = PBXFileReference; lastKnownFileType = sourcecode.swift; path = PVHomeTaskViews.swift; sourceTree = "<group>"; };
		481F8F6C228A5F2E00A3AF92 /* PVHomeMessageVC.swift */ = {isa = PBXFileReference; lastKnownFileType = sourcecode.swift; path = PVHomeMessageVC.swift; sourceTree = "<group>"; };
		481F8F6E228A602400A3AF92 /* PVHomeMessageViews.swift */ = {isa = PBXFileReference; lastKnownFileType = sourcecode.swift; path = PVHomeMessageViews.swift; sourceTree = "<group>"; };
		481F8F70228A62C900A3AF92 /* PVHomeMessagePro.swift */ = {isa = PBXFileReference; lastKnownFileType = sourcecode.swift; path = PVHomeMessagePro.swift; sourceTree = "<group>"; };
		481FD11722697C130028F82C /* PVHomePlayDelegates.swift */ = {isa = PBXFileReference; lastKnownFileType = sourcecode.swift; path = PVHomePlayDelegates.swift; sourceTree = "<group>"; };
		481FD11B2269EE8B0028F82C /* VODUpload.framework */ = {isa = PBXFileReference; lastKnownFileType = wrapper.framework; name = VODUpload.framework; path = Pods/VODUpload/frameworks/VODUpload.framework; sourceTree = "<group>"; };
		481FD11D2269F47B0028F82C /* PVPlayVideoUploadVC.swift */ = {isa = PBXFileReference; lastKnownFileType = sourcecode.swift; path = PVPlayVideoUploadVC.swift; sourceTree = "<group>"; };
		4820007C2297921700350DA2 /* PVMeVideoPlayVC.swift */ = {isa = PBXFileReference; lastKnownFileType = sourcecode.swift; path = PVMeVideoPlayVC.swift; sourceTree = "<group>"; };
		4820007E2297951A00350DA2 /* PVMeVideoPlayPro.swift */ = {isa = PBXFileReference; lastKnownFileType = sourcecode.swift; path = PVMeVideoPlayPro.swift; sourceTree = "<group>"; };
		482000802297966400350DA2 /* PVMePlayMaskView.swift */ = {isa = PBXFileReference; lastKnownFileType = sourcecode.swift; path = PVMePlayMaskView.swift; sourceTree = "<group>"; };
		482000822297EA2C00350DA2 /* PVMeLevelCell.swift */ = {isa = PBXFileReference; lastKnownFileType = sourcecode.swift; path = PVMeLevelCell.swift; sourceTree = "<group>"; };
		482000842297F88700350DA2 /* PVVideoCommentReplyVC.swift */ = {isa = PBXFileReference; lastKnownFileType = sourcecode.swift; path = PVVideoCommentReplyVC.swift; sourceTree = "<group>"; };
		482000862297FD6900350DA2 /* PVVideoCommentReplyHeader.swift */ = {isa = PBXFileReference; lastKnownFileType = sourcecode.swift; path = PVVideoCommentReplyHeader.swift; sourceTree = "<group>"; };
		48200A4D225E0E2800D19735 /* PVHomeReportVC.swift */ = {isa = PBXFileReference; lastKnownFileType = sourcecode.swift; path = PVHomeReportVC.swift; sourceTree = "<group>"; };
		48200A4F225E0EE600D19735 /* PVHomeReportCell.swift */ = {isa = PBXFileReference; lastKnownFileType = sourcecode.swift; path = PVHomeReportCell.swift; sourceTree = "<group>"; };
		48200A51225E130100D19735 /* PVHomeReportDetailVC.swift */ = {isa = PBXFileReference; lastKnownFileType = sourcecode.swift; path = PVHomeReportDetailVC.swift; sourceTree = "<group>"; };
		48200A53225E1B5900D19735 /* PVHomeReportDetailPro.swift */ = {isa = PBXFileReference; lastKnownFileType = sourcecode.swift; path = PVHomeReportDetailPro.swift; sourceTree = "<group>"; };
		4820F4072285823800898CD7 /* PVHomeInfoChildVCs.swift */ = {isa = PBXFileReference; lastKnownFileType = sourcecode.swift; path = PVHomeInfoChildVCs.swift; sourceTree = "<group>"; };
		4820F409228582E200898CD7 /* PVHomeVCChildViews.swift */ = {isa = PBXFileReference; lastKnownFileType = sourcecode.swift; path = PVHomeVCChildViews.swift; sourceTree = "<group>"; };
		4820F40B2285874B00898CD7 /* PVHomeInfoChildVCsPro.swift */ = {isa = PBXFileReference; lastKnownFileType = sourcecode.swift; path = PVHomeInfoChildVCsPro.swift; sourceTree = "<group>"; };
		482138C2226ACA68001691E2 /* PVPlayVC.swift */ = {isa = PBXFileReference; lastKnownFileType = sourcecode.swift; path = PVPlayVC.swift; sourceTree = "<group>"; };
		482138C4226AD068001691E2 /* alivcffmpeg.framework */ = {isa = PBXFileReference; lastKnownFileType = wrapper.framework; path = alivcffmpeg.framework; sourceTree = "<group>"; };
		482138CC226AD195001691E2 /* libz.tbd */ = {isa = PBXFileReference; lastKnownFileType = "sourcecode.text-based-dylib-definition"; name = libz.tbd; path = usr/lib/libz.tbd; sourceTree = SDKROOT; };
		482138CE226AD1A2001691E2 /* ImageIO.framework */ = {isa = PBXFileReference; lastKnownFileType = wrapper.framework; name = ImageIO.framework; path = System/Library/Frameworks/ImageIO.framework; sourceTree = SDKROOT; };
		482138D0226AD1B0001691E2 /* CoreMedia.framework */ = {isa = PBXFileReference; lastKnownFileType = wrapper.framework; name = CoreMedia.framework; path = System/Library/Frameworks/CoreMedia.framework; sourceTree = SDKROOT; };
		482138D2226AD1B8001691E2 /* CoreVideo.framework */ = {isa = PBXFileReference; lastKnownFileType = wrapper.framework; name = CoreVideo.framework; path = System/Library/Frameworks/CoreVideo.framework; sourceTree = SDKROOT; };
		482138D4226AD1C3001691E2 /* VideoToolbox.framework */ = {isa = PBXFileReference; lastKnownFileType = wrapper.framework; name = VideoToolbox.framework; path = System/Library/Frameworks/VideoToolbox.framework; sourceTree = SDKROOT; };
		482138D6226AD1CB001691E2 /* MediaPlayer.framework */ = {isa = PBXFileReference; lastKnownFileType = wrapper.framework; name = MediaPlayer.framework; path = System/Library/Frameworks/MediaPlayer.framework; sourceTree = SDKROOT; };
		482138D8226AD1D4001691E2 /* OpenAL.framework */ = {isa = PBXFileReference; lastKnownFileType = wrapper.framework; name = OpenAL.framework; path = System/Library/Frameworks/OpenAL.framework; sourceTree = SDKROOT; };
		482138DA226AD1E1001691E2 /* libc++.tbd */ = {isa = PBXFileReference; lastKnownFileType = "sourcecode.text-based-dylib-definition"; name = "libc++.tbd"; path = "usr/lib/libc++.tbd"; sourceTree = SDKROOT; };
		482138DC226AD1F9001691E2 /* libiconv.tbd */ = {isa = PBXFileReference; lastKnownFileType = "sourcecode.text-based-dylib-definition"; name = libiconv.tbd; path = usr/lib/libiconv.tbd; sourceTree = SDKROOT; };
		482138E2226AD4A4001691E2 /* AliyunVideoSDKPro.framework */ = {isa = PBXFileReference; lastKnownFileType = wrapper.framework; name = AliyunVideoSDKPro.framework; path = Pods/AliyunVideoSDKBasic/frameworks/AliyunVideoSDKPro.framework; sourceTree = "<group>"; };
		4821C6A222560D4F0030BF4B /* PVMeMessageVC.swift */ = {isa = PBXFileReference; lastKnownFileType = sourcecode.swift; path = PVMeMessageVC.swift; sourceTree = "<group>"; };
		4821C6A42256131A0030BF4B /* PVMeMessageVCChild.swift */ = {isa = PBXFileReference; lastKnownFileType = sourcecode.swift; path = PVMeMessageVCChild.swift; sourceTree = "<group>"; };
		4821C7482293A1AD005FC71A /* PVVideoModels.swift */ = {isa = PBXFileReference; lastKnownFileType = sourcecode.swift; path = PVVideoModels.swift; sourceTree = "<group>"; };
		4822D3ED2274077F000CF509 /* YPJOtherToolQRImage.swift */ = {isa = PBXFileReference; lastKnownFileType = sourcecode.swift; path = YPJOtherToolQRImage.swift; sourceTree = "<group>"; };
		48232F54226F110B001ACECC /* PVPlayCameraViewPro.swift */ = {isa = PBXFileReference; lastKnownFileType = sourcecode.swift; path = PVPlayCameraViewPro.swift; sourceTree = "<group>"; };
		4823BBCD2290048E006869AA /* PVVideoPlayModel.swift */ = {isa = PBXFileReference; lastKnownFileType = sourcecode.swift; path = PVVideoPlayModel.swift; sourceTree = "<group>"; };
		4824382B229CC8AD006B480C /* PVExchangePro.swift */ = {isa = PBXFileReference; lastKnownFileType = sourcecode.swift; path = PVExchangePro.swift; sourceTree = "<group>"; };
		4824382D229CD7FA006B480C /* FaceTheme.bundle */ = {isa = PBXFileReference; lastKnownFileType = "wrapper.plug-in"; path = FaceTheme.bundle; sourceTree = "<group>"; };
		4824382E229CD7FA006B480C /* RPSDK.bundle */ = {isa = PBXFileReference; lastKnownFileType = "wrapper.plug-in"; path = RPSDK.bundle; sourceTree = "<group>"; };
		4824382F229CD7FB006B480C /* FaceLivenessSDK.bundle */ = {isa = PBXFileReference; lastKnownFileType = "wrapper.plug-in"; path = FaceLivenessSDK.bundle; sourceTree = "<group>"; };
		48243833229CD806006B480C /* RPSDK.framework */ = {isa = PBXFileReference; lastKnownFileType = wrapper.framework; path = RPSDK.framework; sourceTree = "<group>"; };
		48243834229CD807006B480C /* ZipArchive.framework */ = {isa = PBXFileReference; lastKnownFileType = wrapper.framework; path = ZipArchive.framework; sourceTree = "<group>"; };
		48243835229CD808006B480C /* WindVaneBasic.framework */ = {isa = PBXFileReference; lastKnownFileType = wrapper.framework; path = WindVaneBasic.framework; sourceTree = "<group>"; };
		48243836229CD808006B480C /* FaceLivenessOpen.framework */ = {isa = PBXFileReference; lastKnownFileType = wrapper.framework; path = FaceLivenessOpen.framework; sourceTree = "<group>"; };
		48243837229CD809006B480C /* SGNoCaptcha.framework */ = {isa = PBXFileReference; lastKnownFileType = wrapper.framework; path = SGNoCaptcha.framework; sourceTree = "<group>"; };
		48243838229CD809006B480C /* SecurityGuardSDK.framework */ = {isa = PBXFileReference; lastKnownFileType = wrapper.framework; path = SecurityGuardSDK.framework; sourceTree = "<group>"; };
		48243839229CD80A006B480C /* WindVane.framework */ = {isa = PBXFileReference; lastKnownFileType = wrapper.framework; path = WindVane.framework; sourceTree = "<group>"; };
		4824383A229CD80A006B480C /* AliReachability.framework */ = {isa = PBXFileReference; lastKnownFileType = wrapper.framework; path = AliReachability.framework; sourceTree = "<group>"; };
		4824383B229CD80B006B480C /* WindVaneBridge.framework */ = {isa = PBXFileReference; lastKnownFileType = wrapper.framework; path = WindVaneBridge.framework; sourceTree = "<group>"; };
		4824383C229CD80C006B480C /* SGMain.framework */ = {isa = PBXFileReference; lastKnownFileType = wrapper.framework; path = SGMain.framework; sourceTree = "<group>"; };
		4824383D229CD80C006B480C /* AliyunOSSiOS.framework */ = {isa = PBXFileReference; lastKnownFileType = wrapper.framework; path = AliyunOSSiOS.framework; sourceTree = "<group>"; };
		4824383E229CD80D006B480C /* SGSecurityBody.framework */ = {isa = PBXFileReference; lastKnownFileType = wrapper.framework; path = SGSecurityBody.framework; sourceTree = "<group>"; };
		4824383F229CD80E006B480C /* WindVaneCore.framework */ = {isa = PBXFileReference; lastKnownFileType = wrapper.framework; path = WindVaneCore.framework; sourceTree = "<group>"; };
		4824384D229CD883006B480C /* yw_1222_0769.jpg */ = {isa = PBXFileReference; lastKnownFileType = image.jpeg; path = yw_1222_0769.jpg; sourceTree = "<group>"; };
		4824384F229D1152006B480C /* PVVideoShareVC.swift */ = {isa = PBXFileReference; lastKnownFileType = sourcecode.swift; path = PVVideoShareVC.swift; sourceTree = "<group>"; };
		48243851229D1762006B480C /* PVVideoShareAlert.swift */ = {isa = PBXFileReference; lastKnownFileType = sourcecode.swift; path = PVVideoShareAlert.swift; sourceTree = "<group>"; };
		4824916A229E86B700B6870F /* PVUserValidateModel.swift */ = {isa = PBXFileReference; lastKnownFileType = sourcecode.swift; path = PVUserValidateModel.swift; sourceTree = "<group>"; };
		4824A64E226D5C5100FF7832 /* PVPlayProgressView.swift */ = {isa = PBXFileReference; lastKnownFileType = sourcecode.swift; path = PVPlayProgressView.swift; sourceTree = "<group>"; };
		48274C3922A26A8400374C62 /* YPJOtherToolsObjC.h */ = {isa = PBXFileReference; lastKnownFileType = sourcecode.c.h; path = YPJOtherToolsObjC.h; sourceTree = "<group>"; };
		48274C3A22A26A8400374C62 /* YPJOtherToolsObjC.m */ = {isa = PBXFileReference; lastKnownFileType = sourcecode.c.objc; path = YPJOtherToolsObjC.m; sourceTree = "<group>"; };
		482F3C39225ADF7600FEC130 /* PVMeMessageVCChildPro.swift */ = {isa = PBXFileReference; lastKnownFileType = sourcecode.swift; path = PVMeMessageVCChildPro.swift; sourceTree = "<group>"; };
		482F3C3B225AE43F00FEC130 /* PVMeMessageVCChildView.swift */ = {isa = PBXFileReference; lastKnownFileType = sourcecode.swift; path = PVMeMessageVCChildView.swift; sourceTree = "<group>"; };
		482F3C41225B716800FEC130 /* PVMeTeamVC.swift */ = {isa = PBXFileReference; lastKnownFileType = sourcecode.swift; path = PVMeTeamVC.swift; sourceTree = "<group>"; };
		482F3C43225B79B900FEC130 /* PVMeTeamVCPro.swift */ = {isa = PBXFileReference; lastKnownFileType = sourcecode.swift; path = PVMeTeamVCPro.swift; sourceTree = "<group>"; };
		4830DD5E2268612A00E2B86F /* PVHomePlayContainerView.swift */ = {isa = PBXFileReference; lastKnownFileType = sourcecode.swift; path = PVHomePlayContainerView.swift; sourceTree = "<group>"; };
		4830DD61226863DE00E2B86F /* AlivcQuVideoModel.swift */ = {isa = PBXFileReference; lastKnownFileType = sourcecode.swift; path = AlivcQuVideoModel.swift; sourceTree = "<group>"; };
		483657FD225C2EFC00BCB2D9 /* PVMeTeamVCChild.swift */ = {isa = PBXFileReference; lastKnownFileType = sourcecode.swift; path = PVMeTeamVCChild.swift; sourceTree = "<group>"; };
		483657FF225C30B700BCB2D9 /* PVMeTeamVCChildPro.swift */ = {isa = PBXFileReference; lastKnownFileType = sourcecode.swift; path = PVMeTeamVCChildPro.swift; sourceTree = "<group>"; };
		48365801225C311C00BCB2D9 /* PVMeTeamVCChildView.swift */ = {isa = PBXFileReference; lastKnownFileType = sourcecode.swift; path = PVMeTeamVCChildView.swift; sourceTree = "<group>"; };
		484DAD04224F10B4002BA454 /* PearlVideo.app */ = {isa = PBXFileReference; explicitFileType = wrapper.application; includeInIndex = 0; path = PearlVideo.app; sourceTree = BUILT_PRODUCTS_DIR; };
		484DAD07224F10B4002BA454 /* AppDelegate.swift */ = {isa = PBXFileReference; lastKnownFileType = sourcecode.swift; path = AppDelegate.swift; sourceTree = "<group>"; };
		484DAD0E224F10B5002BA454 /* Assets.xcassets */ = {isa = PBXFileReference; lastKnownFileType = folder.assetcatalog; path = Assets.xcassets; sourceTree = "<group>"; };
		484DAD11224F10B5002BA454 /* Base */ = {isa = PBXFileReference; lastKnownFileType = file.storyboard; name = Base; path = Base.lproj/LaunchScreen.storyboard; sourceTree = "<group>"; };
		484DAD13224F10B5002BA454 /* Info.plist */ = {isa = PBXFileReference; lastKnownFileType = text.plist.xml; path = Info.plist; sourceTree = "<group>"; };
		484DAD21224F12DE002BA454 /* BridgingHeader.h */ = {isa = PBXFileReference; lastKnownFileType = sourcecode.c.h; path = BridgingHeader.h; sourceTree = "<group>"; };
		484DAD22224F1380002BA454 /* KeysMacro.swift */ = {isa = PBXFileReference; fileEncoding = 4; lastKnownFileType = sourcecode.swift; path = KeysMacro.swift; sourceTree = "<group>"; };
		484DAD23224F1380002BA454 /* ArgsMacro.swift */ = {isa = PBXFileReference; fileEncoding = 4; lastKnownFileType = sourcecode.swift; path = ArgsMacro.swift; sourceTree = "<group>"; };
		484DAD24224F1380002BA454 /* ToolMacro.swift */ = {isa = PBXFileReference; fileEncoding = 4; lastKnownFileType = sourcecode.swift; path = ToolMacro.swift; sourceTree = "<group>"; };
		484DAD29224F140F002BA454 /* PVNetworkTool.swift */ = {isa = PBXFileReference; fileEncoding = 4; lastKnownFileType = sourcecode.swift; path = PVNetworkTool.swift; sourceTree = "<group>"; };
		484DAD2A224F140F002BA454 /* PVRefresh.swift */ = {isa = PBXFileReference; fileEncoding = 4; lastKnownFileType = sourcecode.swift; path = PVRefresh.swift; sourceTree = "<group>"; };
		484DAD2B224F140F002BA454 /* PVNetworkValidate.swift */ = {isa = PBXFileReference; fileEncoding = 4; lastKnownFileType = sourcecode.swift; path = PVNetworkValidate.swift; sourceTree = "<group>"; };
		484DAD2C224F140F002BA454 /* PVNetworkRouter.swift */ = {isa = PBXFileReference; fileEncoding = 4; lastKnownFileType = sourcecode.swift; path = PVNetworkRouter.swift; sourceTree = "<group>"; };
		484DAD2E224F140F002BA454 /* PVCustomTextField.swift */ = {isa = PBXFileReference; fileEncoding = 4; lastKnownFileType = sourcecode.swift; path = PVCustomTextField.swift; sourceTree = "<group>"; };
		484DAD2F224F140F002BA454 /* PVCustomButton.swift */ = {isa = PBXFileReference; fileEncoding = 4; lastKnownFileType = sourcecode.swift; path = PVCustomButton.swift; sourceTree = "<group>"; };
		484DAD31224F140F002BA454 /* YPJTextFieldEx.swift */ = {isa = PBXFileReference; fileEncoding = 4; lastKnownFileType = sourcecode.swift; path = YPJTextFieldEx.swift; sourceTree = "<group>"; };
		484DAD32224F140F002BA454 /* YPJViewEx.swift */ = {isa = PBXFileReference; fileEncoding = 4; lastKnownFileType = sourcecode.swift; path = YPJViewEx.swift; sourceTree = "<group>"; };
		484DAD34224F140F002BA454 /* YPJExTools.swift */ = {isa = PBXFileReference; fileEncoding = 4; lastKnownFileType = sourcecode.swift; path = YPJExTools.swift; sourceTree = "<group>"; };
		484DAD35224F140F002BA454 /* YPJOtherTools.swift */ = {isa = PBXFileReference; fileEncoding = 4; lastKnownFileType = sourcecode.swift; path = YPJOtherTools.swift; sourceTree = "<group>"; };
		484DAD36224F140F002BA454 /* GCDTools.swift */ = {isa = PBXFileReference; fileEncoding = 4; lastKnownFileType = sourcecode.swift; path = GCDTools.swift; sourceTree = "<group>"; };
		484DAD42224F14F7002BA454 /* AppDelegateEx.swift */ = {isa = PBXFileReference; fileEncoding = 4; lastKnownFileType = sourcecode.swift; path = AppDelegateEx.swift; sourceTree = "<group>"; };
		484DAD43224F14F7002BA454 /* PVTabBarController.swift */ = {isa = PBXFileReference; fileEncoding = 4; lastKnownFileType = sourcecode.swift; path = PVTabBarController.swift; sourceTree = "<group>"; };
		484DAD47224F1741002BA454 /* PVBaseTableCell.swift */ = {isa = PBXFileReference; fileEncoding = 4; lastKnownFileType = sourcecode.swift; path = PVBaseTableCell.swift; sourceTree = "<group>"; };
		484DAD48224F1741002BA454 /* PVBaseViewController.swift */ = {isa = PBXFileReference; fileEncoding = 4; lastKnownFileType = sourcecode.swift; path = PVBaseViewController.swift; sourceTree = "<group>"; };
		484DAD49224F1741002BA454 /* PVBaseRootNaviVC.swift */ = {isa = PBXFileReference; fileEncoding = 4; lastKnownFileType = sourcecode.swift; path = PVBaseRootNaviVC.swift; sourceTree = "<group>"; };
		484DAD4A224F1741002BA454 /* PVNavigationBar.swift */ = {isa = PBXFileReference; fileEncoding = 4; lastKnownFileType = sourcecode.swift; path = PVNavigationBar.swift; sourceTree = "<group>"; };
		484DAD4B224F1741002BA454 /* PVBaseWMPageVC.swift */ = {isa = PBXFileReference; fileEncoding = 4; lastKnownFileType = sourcecode.swift; path = PVBaseWMPageVC.swift; sourceTree = "<group>"; };
		484DAD4C224F1741002BA454 /* PVBaseModel.swift */ = {isa = PBXFileReference; fileEncoding = 4; lastKnownFileType = sourcecode.swift; path = PVBaseModel.swift; sourceTree = "<group>"; };
		484DAD4D224F1741002BA454 /* PVBaseNavigationVC.swift */ = {isa = PBXFileReference; fileEncoding = 4; lastKnownFileType = sourcecode.swift; path = PVBaseNavigationVC.swift; sourceTree = "<group>"; };
		484DAD52224F1741002BA454 /* PVMeViewController.swift */ = {isa = PBXFileReference; fileEncoding = 4; lastKnownFileType = sourcecode.swift; path = PVMeViewController.swift; sourceTree = "<group>"; };
		484DAD6C224F1741002BA454 /* PVLoginPro.swift */ = {isa = PBXFileReference; fileEncoding = 4; lastKnownFileType = sourcecode.swift; path = PVLoginPro.swift; sourceTree = "<group>"; };
		484DAD6E224F1741002BA454 /* PVLoginVC.swift */ = {isa = PBXFileReference; fileEncoding = 4; lastKnownFileType = sourcecode.swift; path = PVLoginVC.swift; sourceTree = "<group>"; };
		484DAE2C224F6DB4002BA454 /* PVLoginChildVCs.swift */ = {isa = PBXFileReference; lastKnownFileType = sourcecode.swift; path = PVLoginChildVCs.swift; sourceTree = "<group>"; };
		4876ECC4229BEAA4005370CF /* PVExchangeVC.swift */ = {isa = PBXFileReference; lastKnownFileType = sourcecode.swift; path = PVExchangeVC.swift; sourceTree = "<group>"; };
		4876ECC6229BEB1B005370CF /* PVExchangeViews.swift */ = {isa = PBXFileReference; lastKnownFileType = sourcecode.swift; path = PVExchangeViews.swift; sourceTree = "<group>"; };
		487AFC69226B14EA0064F00A /* PVPlayPro.swift */ = {isa = PBXFileReference; lastKnownFileType = sourcecode.swift; path = PVPlayPro.swift; sourceTree = "<group>"; };
		487AFC6B226B2E0E0064F00A /* PVPlayCameraView.swift */ = {isa = PBXFileReference; lastKnownFileType = sourcecode.swift; path = PVPlayCameraView.swift; sourceTree = "<group>"; };
		488759F522844AAE004BC541 /* PVHomeModel.swift */ = {isa = PBXFileReference; lastKnownFileType = sourcecode.swift; path = PVHomeModel.swift; sourceTree = "<group>"; };
		48A0291B2296A6B60065EF79 /* PVHomePlayMaskViewPro.swift */ = {isa = PBXFileReference; lastKnownFileType = sourcecode.swift; path = PVHomePlayMaskViewPro.swift; sourceTree = "<group>"; };
		48A993862283D45100CC4326 /* PVHomeHeaderView.swift */ = {isa = PBXFileReference; lastKnownFileType = sourcecode.swift; path = PVHomeHeaderView.swift; sourceTree = "<group>"; };
		48A9938A22840F2D00CC4326 /* PVHomeHeaderViewPro.swift */ = {isa = PBXFileReference; lastKnownFileType = sourcecode.swift; path = PVHomeHeaderViewPro.swift; sourceTree = "<group>"; };
		48A9938C22841C0400CC4326 /* PVHomeVCPro.swift */ = {isa = PBXFileReference; lastKnownFileType = sourcecode.swift; path = PVHomeVCPro.swift; sourceTree = "<group>"; };
		48A9938E22841F2900CC4326 /* PVHomeRecommendVC.swift */ = {isa = PBXFileReference; lastKnownFileType = sourcecode.swift; path = PVHomeRecommendVC.swift; sourceTree = "<group>"; };
		48A9939022841F8100CC4326 /* PVHomeAttentionVC.swift */ = {isa = PBXFileReference; lastKnownFileType = sourcecode.swift; path = PVHomeAttentionVC.swift; sourceTree = "<group>"; };
		48A993922284206F00CC4326 /* PVHomeVideoCell.swift */ = {isa = PBXFileReference; lastKnownFileType = sourcecode.swift; path = PVHomeVideoCell.swift; sourceTree = "<group>"; };
		48E13CB8228E951500D27D75 /* YPJViewTools.swift */ = {isa = PBXFileReference; lastKnownFileType = sourcecode.swift; path = YPJViewTools.swift; sourceTree = "<group>"; };
		48E13CBA228E953D00D27D75 /* YPJStringTools.swift */ = {isa = PBXFileReference; lastKnownFileType = sourcecode.swift; path = YPJStringTools.swift; sourceTree = "<group>"; };
		48E13CBC228E959300D27D75 /* YPJImageTools.swift */ = {isa = PBXFileReference; lastKnownFileType = sourcecode.swift; path = YPJImageTools.swift; sourceTree = "<group>"; };
		48E13CBE228E988300D27D75 /* YPJResponderEx.swift */ = {isa = PBXFileReference; lastKnownFileType = sourcecode.swift; path = YPJResponderEx.swift; sourceTree = "<group>"; };
		48E13CC0228EBF9900D27D75 /* PVMeModels.swift */ = {isa = PBXFileReference; lastKnownFileType = sourcecode.swift; path = PVMeModels.swift; sourceTree = "<group>"; };
		48E13CC2228EDFFC00D27D75 /* PVHomePlayMaskView.swift */ = {isa = PBXFileReference; lastKnownFileType = sourcecode.swift; path = PVHomePlayMaskView.swift; sourceTree = "<group>"; };
		48F353CE22A13B4A00026594 /* SystemConfiguration.framework */ = {isa = PBXFileReference; lastKnownFileType = wrapper.framework; name = SystemConfiguration.framework; path = System/Library/Frameworks/SystemConfiguration.framework; sourceTree = SDKROOT; };
		48F353D022A13B5B00026594 /* libresolv.tbd */ = {isa = PBXFileReference; lastKnownFileType = "sourcecode.text-based-dylib-definition"; name = libresolv.tbd; path = usr/lib/libresolv.tbd; sourceTree = SDKROOT; };
		48F822EC22A4CCAF00D93B5E /* PVExchangeBuyOrderVC.swift */ = {isa = PBXFileReference; lastKnownFileType = sourcecode.swift; path = PVExchangeBuyOrderVC.swift; sourceTree = "<group>"; };
		48F822EE22A4F31A00D93B5E /* PVExchangeBuyOrderCell.swift */ = {isa = PBXFileReference; lastKnownFileType = sourcecode.swift; path = PVExchangeBuyOrderCell.swift; sourceTree = "<group>"; };
		761B771C9F0CE0F909F03944 /* Pods-PearlVideo.release.xcconfig */ = {isa = PBXFileReference; includeInIndex = 1; lastKnownFileType = text.xcconfig; name = "Pods-PearlVideo.release.xcconfig"; path = "Target Support Files/Pods-PearlVideo/Pods-PearlVideo.release.xcconfig"; sourceTree = "<group>"; };
		930A2A5820FE0D1607F8150B /* Pods-PearlVideo.debug.xcconfig */ = {isa = PBXFileReference; includeInIndex = 1; lastKnownFileType = text.xcconfig; name = "Pods-PearlVideo.debug.xcconfig"; path = "Target Support Files/Pods-PearlVideo/Pods-PearlVideo.debug.xcconfig"; sourceTree = "<group>"; };
		D3B3E5C129A02C953A874031 /* Pods_PearlVideo.framework */ = {isa = PBXFileReference; explicitFileType = wrapper.framework; includeInIndex = 0; path = Pods_PearlVideo.framework; sourceTree = BUILT_PRODUCTS_DIR; };
/* End PBXFileReference section */

/* Begin PBXFrameworksBuildPhase section */
		484DAD01224F10B4002BA454 /* Frameworks */ = {
			isa = PBXFrameworksBuildPhase;
			buildActionMask = 2147483647;
			files = (
				48F353D122A13B5B00026594 /* libresolv.tbd in Frameworks */,
				48F353CF22A13B4A00026594 /* SystemConfiguration.framework in Frameworks */,
				487AFC68226AF36F0064F00A /* alivcffmpeg.framework in Frameworks */,
				48243843229CD80E006B480C /* FaceLivenessOpen.framework in Frameworks */,
				48243842229CD80E006B480C /* WindVaneBasic.framework in Frameworks */,
				48243849229CD80E006B480C /* SGMain.framework in Frameworks */,
				482138DE226AD366001691E2 /* Pods_PearlVideo.framework in Frameworks */,
				482138DD226AD1F9001691E2 /* libiconv.tbd in Frameworks */,
				4824384A229CD80E006B480C /* AliyunOSSiOS.framework in Frameworks */,
				4824384C229CD80E006B480C /* WindVaneCore.framework in Frameworks */,
				48243847229CD80E006B480C /* AliReachability.framework in Frameworks */,
				48243841229CD80E006B480C /* ZipArchive.framework in Frameworks */,
				482138DB226AD1E1001691E2 /* libc++.tbd in Frameworks */,
				482138D9226AD1D4001691E2 /* OpenAL.framework in Frameworks */,
				48243848229CD80E006B480C /* WindVaneBridge.framework in Frameworks */,
				482138D7226AD1CB001691E2 /* MediaPlayer.framework in Frameworks */,
				482138D5226AD1C3001691E2 /* VideoToolbox.framework in Frameworks */,
				482138D3226AD1B8001691E2 /* CoreVideo.framework in Frameworks */,
				482138D1226AD1B0001691E2 /* CoreMedia.framework in Frameworks */,
				48243846229CD80E006B480C /* WindVane.framework in Frameworks */,
				48243844229CD80E006B480C /* SGNoCaptcha.framework in Frameworks */,
				482138CF226AD1A2001691E2 /* ImageIO.framework in Frameworks */,
				4824384B229CD80E006B480C /* SGSecurityBody.framework in Frameworks */,
				482138CD226AD196001691E2 /* libz.tbd in Frameworks */,
				48243840229CD80E006B480C /* RPSDK.framework in Frameworks */,
				48243845229CD80E006B480C /* SecurityGuardSDK.framework in Frameworks */,
			);
			runOnlyForDeploymentPostprocessing = 0;
		};
/* End PBXFrameworksBuildPhase section */

/* Begin PBXGroup section */
		484DACFB224F10B4002BA454 = {
			isa = PBXGroup;
			children = (
				482138E2226AD4A4001691E2 /* AliyunVideoSDKPro.framework */,
				484DAD06224F10B4002BA454 /* PearlVideo */,
				484DAD05224F10B4002BA454 /* Products */,
				7457E57789A11B4EB0CD7ED1 /* Pods */,
				6DFCBF0E62A631F5DD4B9CC2 /* Frameworks */,
			);
			sourceTree = "<group>";
		};
		484DAD05224F10B4002BA454 /* Products */ = {
			isa = PBXGroup;
			children = (
				484DAD04224F10B4002BA454 /* PearlVideo.app */,
			);
			name = Products;
			sourceTree = "<group>";
		};
		484DAD06224F10B4002BA454 /* PearlVideo */ = {
			isa = PBXGroup;
			children = (
				484DAD1B224F1208002BA454 /* Sections */,
				484DAD20224F1254002BA454 /* Vendor */,
				484DAD1F224F1247002BA454 /* Helper */,
				484DAD1E224F123E002BA454 /* Macro */,
				484DAD1D224F1234002BA454 /* Main */,
				484DAD1C224F1213002BA454 /* Resource */,
				484DAD0E224F10B5002BA454 /* Assets.xcassets */,
				484DAD10224F10B5002BA454 /* LaunchScreen.storyboard */,
				484DAD13224F10B5002BA454 /* Info.plist */,
				484DAD21224F12DE002BA454 /* BridgingHeader.h */,
			);
			path = PearlVideo;
			sourceTree = "<group>";
		};
		484DAD1B224F1208002BA454 /* Sections */ = {
			isa = PBXGroup;
			children = (
				484DAD65224F1741002BA454 /* Model */,
				484DAD46224F1741002BA454 /* Base */,
				484DAD6A224F1741002BA454 /* Login */,
				484DAD73224F1741002BA454 /* Home */,
				484DAD7C224F1741002BA454 /* Play */,
				4876ECC0229BEA4F005370CF /* Exchange */,
				484DAD4E224F1741002BA454 /* Me */,
			);
			path = Sections;
			sourceTree = "<group>";
		};
		484DAD1C224F1213002BA454 /* Resource */ = {
			isa = PBXGroup;
			children = (
				4824384D229CD883006B480C /* yw_1222_0769.jpg */,
				4824383A229CD80A006B480C /* AliReachability.framework */,
				4824383D229CD80C006B480C /* AliyunOSSiOS.framework */,
				48243836229CD808006B480C /* FaceLivenessOpen.framework */,
				48243833229CD806006B480C /* RPSDK.framework */,
				48243838229CD809006B480C /* SecurityGuardSDK.framework */,
				4824383C229CD80C006B480C /* SGMain.framework */,
				48243837229CD809006B480C /* SGNoCaptcha.framework */,
				4824383E229CD80D006B480C /* SGSecurityBody.framework */,
				48243839229CD80A006B480C /* WindVane.framework */,
				48243835229CD808006B480C /* WindVaneBasic.framework */,
				4824383B229CD80B006B480C /* WindVaneBridge.framework */,
				4824383F229CD80E006B480C /* WindVaneCore.framework */,
				48243834229CD807006B480C /* ZipArchive.framework */,
				4824382F229CD7FB006B480C /* FaceLivenessSDK.bundle */,
				4824382D229CD7FA006B480C /* FaceTheme.bundle */,
				4824382E229CD7FA006B480C /* RPSDK.bundle */,
			);
			path = Resource;
			sourceTree = "<group>";
		};
		484DAD1D224F1234002BA454 /* Main */ = {
			isa = PBXGroup;
			children = (
				484DAD42224F14F7002BA454 /* AppDelegateEx.swift */,
				484DAD43224F14F7002BA454 /* PVTabBarController.swift */,
				484DAD07224F10B4002BA454 /* AppDelegate.swift */,
			);
			path = Main;
			sourceTree = "<group>";
		};
		484DAD1E224F123E002BA454 /* Macro */ = {
			isa = PBXGroup;
			children = (
				484DAD23224F1380002BA454 /* ArgsMacro.swift */,
				484DAD22224F1380002BA454 /* KeysMacro.swift */,
				484DAD24224F1380002BA454 /* ToolMacro.swift */,
			);
			path = Macro;
			sourceTree = "<group>";
		};
		484DAD1F224F1247002BA454 /* Helper */ = {
			isa = PBXGroup;
			children = (
				484DAD2D224F140F002BA454 /* CustomUI */,
				484DAD30224F140F002BA454 /* Extension */,
				484DAD28224F140F002BA454 /* Network */,
				484DAD33224F140F002BA454 /* Tools */,
			);
			path = Helper;
			sourceTree = "<group>";
		};
		484DAD20224F1254002BA454 /* Vendor */ = {
			isa = PBXGroup;
			children = (
				482138C4226AD068001691E2 /* alivcffmpeg.framework */,
			);
			path = Vendor;
			sourceTree = "<group>";
		};
		484DAD28224F140F002BA454 /* Network */ = {
			isa = PBXGroup;
			children = (
				484DAD29224F140F002BA454 /* PVNetworkTool.swift */,
				484DAD2A224F140F002BA454 /* PVRefresh.swift */,
				484DAD2B224F140F002BA454 /* PVNetworkValidate.swift */,
				484DAD2C224F140F002BA454 /* PVNetworkRouter.swift */,
			);
			path = Network;
			sourceTree = "<group>";
		};
		484DAD2D224F140F002BA454 /* CustomUI */ = {
			isa = PBXGroup;
			children = (
				484DAD2E224F140F002BA454 /* PVCustomTextField.swift */,
				484DAD2F224F140F002BA454 /* PVCustomButton.swift */,
				481D6651225450E900B59929 /* PVDatePickerView.swift */,
			);
			path = CustomUI;
			sourceTree = "<group>";
		};
		484DAD30224F140F002BA454 /* Extension */ = {
			isa = PBXGroup;
			children = (
				484DAD31224F140F002BA454 /* YPJTextFieldEx.swift */,
				484DAD32224F140F002BA454 /* YPJViewEx.swift */,
				48E13CBE228E988300D27D75 /* YPJResponderEx.swift */,
			);
			path = Extension;
			sourceTree = "<group>";
		};
		484DAD33224F140F002BA454 /* Tools */ = {
			isa = PBXGroup;
			children = (
				484DAD34224F140F002BA454 /* YPJExTools.swift */,
				48E13CBA228E953D00D27D75 /* YPJStringTools.swift */,
				48E13CB8228E951500D27D75 /* YPJViewTools.swift */,
				48E13CBC228E959300D27D75 /* YPJImageTools.swift */,
				484DAD35224F140F002BA454 /* YPJOtherTools.swift */,
				484DAD36224F140F002BA454 /* GCDTools.swift */,
				4822D3ED2274077F000CF509 /* YPJOtherToolQRImage.swift */,
				48274C3922A26A8400374C62 /* YPJOtherToolsObjC.h */,
				48274C3A22A26A8400374C62 /* YPJOtherToolsObjC.m */,
			);
			path = Tools;
			sourceTree = "<group>";
		};
		484DAD46224F1741002BA454 /* Base */ = {
			isa = PBXGroup;
			children = (
				484DAD47224F1741002BA454 /* PVBaseTableCell.swift */,
				484DAD48224F1741002BA454 /* PVBaseViewController.swift */,
				484DAD49224F1741002BA454 /* PVBaseRootNaviVC.swift */,
				484DAD4A224F1741002BA454 /* PVNavigationBar.swift */,
				484DAD4B224F1741002BA454 /* PVBaseWMPageVC.swift */,
				484DAD4C224F1741002BA454 /* PVBaseModel.swift */,
				484DAD4D224F1741002BA454 /* PVBaseNavigationVC.swift */,
			);
			path = Base;
			sourceTree = "<group>";
		};
		484DAD4E224F1741002BA454 /* Me */ = {
			isa = PBXGroup;
			children = (
				484DAD4F224F1741002BA454 /* Protocol */,
				484DAD51224F1741002BA454 /* Controller */,
				484DAD5C224F1741002BA454 /* View */,
			);
			path = Me;
			sourceTree = "<group>";
		};
		484DAD4F224F1741002BA454 /* Protocol */ = {
			isa = PBXGroup;
			children = (
				481C59AA22535CFB0086F616 /* PVMePro.swift */,
				481F20E6225F177000331CCF /* PVUserInfoPro.swift */,
				481C59B0225366210086F616 /* PVMeVCChildPro.swift */,
				481D66592254CEA000B59929 /* PVMeSettingVCChildPro.swift */,
				482F3C39225ADF7600FEC130 /* PVMeMessageVCChildPro.swift */,
				482F3C43225B79B900FEC130 /* PVMeTeamVCPro.swift */,
				483657FF225C30B700BCB2D9 /* PVMeTeamVCChildPro.swift */,
				4820007E2297951A00350DA2 /* PVMeVideoPlayPro.swift */,
			);
			path = Protocol;
			sourceTree = "<group>";
		};
		484DAD51224F1741002BA454 /* Controller */ = {
			isa = PBXGroup;
			children = (
				484DAD52224F1741002BA454 /* PVMeViewController.swift */,
				481F20E2225F11A900331CCF /* PVUserInfoVC.swift */,
				481C59AC2253621F0086F616 /* PVMeVCChild.swift */,
				481C59B222537E4B0086F616 /* PVMeAttentionVC.swift */,
				481C59B822538C4B0086F616 /* PVMeUserinfoEditVC.swift */,
				481D66532254A02400B59929 /* PVMeSettingVC.swift */,
				481D66572254BCC400B59929 /* PVMeSettingVCChild.swift */,
				4821C6A222560D4F0030BF4B /* PVMeMessageVC.swift */,
				4821C6A42256131A0030BF4B /* PVMeMessageVCChild.swift */,
				482F3C41225B716800FEC130 /* PVMeTeamVC.swift */,
				483657FD225C2EFC00BCB2D9 /* PVMeTeamVCChild.swift */,
				4820007C2297921700350DA2 /* PVMeVideoPlayVC.swift */,
			);
			path = Controller;
			sourceTree = "<group>";
		};
		484DAD5C224F1741002BA454 /* View */ = {
			isa = PBXGroup;
			children = (
				481F20E4225F159900331CCF /* PVUserInfoView.swift */,
				481C59A8225342220086F616 /* PVMeHeaderView.swift */,
				481C59AE225363AF0086F616 /* PVMeProductionCell.swift */,
				482000822297EA2C00350DA2 /* PVMeLevelCell.swift */,
				481C59B422537F6B0086F616 /* PVMeAttentionCell.swift */,
				481D66552254A28700B59929 /* PVMeSettingCell.swift */,
				481D665B2254D91100B59929 /* PVMeSettingVCChildView.swift */,
				482F3C3B225AE43F00FEC130 /* PVMeMessageVCChildView.swift */,
				48365801225C311C00BCB2D9 /* PVMeTeamVCChildView.swift */,
				482000802297966400350DA2 /* PVMePlayMaskView.swift */,
			);
			path = View;
			sourceTree = "<group>";
		};
		484DAD65224F1741002BA454 /* Model */ = {
			isa = PBXGroup;
			children = (
				4830DD61226863DE00E2B86F /* AlivcQuVideoModel.swift */,
				488759F522844AAE004BC541 /* PVHomeModel.swift */,
				481F52D2228C0F0E00474048 /* PVHomeVideoModel.swift */,
				481F52D4228C167400474048 /* PVHomeOtherModels.swift */,
				48E13CC0228EBF9900D27D75 /* PVMeModels.swift */,
				4823BBCD2290048E006869AA /* PVVideoPlayModel.swift */,
				4821C7482293A1AD005FC71A /* PVVideoModels.swift */,
				4824916A229E86B700B6870F /* PVUserValidateModel.swift */,
				481DEB5222A129380093E47C /* PVOtherModels.swift */,
			);
			path = Model;
			sourceTree = "<group>";
		};
		484DAD6A224F1741002BA454 /* Login */ = {
			isa = PBXGroup;
			children = (
				484DAD6B224F1741002BA454 /* Protocol */,
				484DAD6D224F1741002BA454 /* Controller */,
				484DAD70224F1741002BA454 /* View */,
			);
			path = Login;
			sourceTree = "<group>";
		};
		484DAD6B224F1741002BA454 /* Protocol */ = {
			isa = PBXGroup;
			children = (
				484DAD6C224F1741002BA454 /* PVLoginPro.swift */,
				481C599C2252EDD30086F616 /* PVLoginChildVCPro.swift */,
			);
			path = Protocol;
			sourceTree = "<group>";
		};
		484DAD6D224F1741002BA454 /* Controller */ = {
			isa = PBXGroup;
			children = (
				484DAD6E224F1741002BA454 /* PVLoginVC.swift */,
				484DAE2C224F6DB4002BA454 /* PVLoginChildVCs.swift */,
				481C599E225311110086F616 /* PVForgetPsdVC.swift */,
				481C59A0225336D70086F616 /* PVAgreementWebVC.swift */,
			);
			path = Controller;
			sourceTree = "<group>";
		};
		484DAD70224F1741002BA454 /* View */ = {
			isa = PBXGroup;
			children = (
			);
			path = View;
			sourceTree = "<group>";
		};
		484DAD73224F1741002BA454 /* Home */ = {
			isa = PBXGroup;
			children = (
				484DAD74224F1741002BA454 /* Protocol */,
				484DAD77224F1741002BA454 /* Controller */,
				484DAD7A224F1741002BA454 /* View */,
			);
			path = Home;
			sourceTree = "<group>";
		};
		484DAD74224F1741002BA454 /* Protocol */ = {
			isa = PBXGroup;
			children = (
				48A9938C22841C0400CC4326 /* PVHomeVCPro.swift */,
				4820F40B2285874B00898CD7 /* PVHomeInfoChildVCsPro.swift */,
				481F8F70228A62C900A3AF92 /* PVHomeMessagePro.swift */,
				481F8F68228A507E00A3AF92 /* PVHomeTaskPro.swift */,
				481F1C022289114B00AAEC8E /* PVHomeMyTeamPro.swift */,
				48A9938A22840F2D00CC4326 /* PVHomeHeaderViewPro.swift */,
				481F20EA225F350800331CCF /* PVHomePlayPro.swift */,
				481FD11722697C130028F82C /* PVHomePlayDelegates.swift */,
				48A0291B2296A6B60065EF79 /* PVHomePlayMaskViewPro.swift */,
				481F20EC225F416F00331CCF /* PVVideoCommentPro.swift */,
				48200A53225E1B5900D19735 /* PVHomeReportDetailPro.swift */,
			);
			path = Protocol;
			sourceTree = "<group>";
		};
		484DAD77224F1741002BA454 /* Controller */ = {
			isa = PBXGroup;
			children = (
				481135F62283D25F00200453 /* PVHomeVC.swift */,
				48A9938E22841F2900CC4326 /* PVHomeRecommendVC.swift */,
				48A9939022841F8100CC4326 /* PVHomeAttentionVC.swift */,
				4820F4072285823800898CD7 /* PVHomeInfoChildVCs.swift */,
				481F8F6C228A5F2E00A3AF92 /* PVHomeMessageVC.swift */,
				481F1C0822899E3100AAEC8E /* PVHomeTaskVC.swift */,
				481F1BFE22890C6600AAEC8E /* PVHomeMyTeamVC.swift */,
				481C59A2225338A50086F616 /* PVHomePlayVC.swift */,
				48200A4D225E0E2800D19735 /* PVHomeReportVC.swift */,
				48200A51225E130100D19735 /* PVHomeReportDetailVC.swift */,
				482000842297F88700350DA2 /* PVVideoCommentReplyVC.swift */,
				4824384F229D1152006B480C /* PVVideoShareVC.swift */,
			);
			path = Controller;
			sourceTree = "<group>";
		};
		484DAD7A224F1741002BA454 /* View */ = {
			isa = PBXGroup;
			children = (
				48A993862283D45100CC4326 /* PVHomeHeaderView.swift */,
				4820F409228582E200898CD7 /* PVHomeVCChildViews.swift */,
				481F8F6E228A602400A3AF92 /* PVHomeMessageViews.swift */,
				481F8F6A228A515500A3AF92 /* PVHomeTaskViews.swift */,
				481F1C0022890E0B00AAEC8E /* PVHomeMyTeamViews.swift */,
				48A993922284206F00CC4326 /* PVHomeVideoCell.swift */,
				481F20E8225F270600331CCF /* PVVideoCommentView.swift */,
				4830DD5E2268612A00E2B86F /* PVHomePlayContainerView.swift */,
				48E13CC2228EDFFC00D27D75 /* PVHomePlayMaskView.swift */,
				48200A4F225E0EE600D19735 /* PVHomeReportCell.swift */,
				482000862297FD6900350DA2 /* PVVideoCommentReplyHeader.swift */,
				48243851229D1762006B480C /* PVVideoShareAlert.swift */,
			);
			path = View;
			sourceTree = "<group>";
		};
		484DAD7C224F1741002BA454 /* Play */ = {
			isa = PBXGroup;
			children = (
				484DADB5224F1741002BA454 /* Protocol */,
				484DADB7224F1741002BA454 /* Controller */,
				484DADB9224F1741002BA454 /* View */,
			);
			path = Play;
			sourceTree = "<group>";
		};
		484DADB5224F1741002BA454 /* Protocol */ = {
			isa = PBXGroup;
			children = (
				487AFC69226B14EA0064F00A /* PVPlayPro.swift */,
				48232F54226F110B001ACECC /* PVPlayCameraViewPro.swift */,
			);
			path = Protocol;
			sourceTree = "<group>";
		};
		484DADB7224F1741002BA454 /* Controller */ = {
			isa = PBXGroup;
			children = (
				481FD11D2269F47B0028F82C /* PVPlayVideoUploadVC.swift */,
				482138C2226ACA68001691E2 /* PVPlayVC.swift */,
			);
			path = Controller;
			sourceTree = "<group>";
		};
		484DADB9224F1741002BA454 /* View */ = {
			isa = PBXGroup;
			children = (
				487AFC6B226B2E0E0064F00A /* PVPlayCameraView.swift */,
				4824A64E226D5C5100FF7832 /* PVPlayProgressView.swift */,
			);
			path = View;
			sourceTree = "<group>";
		};
		4876ECC0229BEA4F005370CF /* Exchange */ = {
			isa = PBXGroup;
			children = (
				4876ECC3229BEA8B005370CF /* Protocol */,
				4876ECC2229BEA84005370CF /* Controller */,
				4876ECC1229BEA79005370CF /* View */,
			);
			path = Exchange;
			sourceTree = "<group>";
		};
		4876ECC1229BEA79005370CF /* View */ = {
			isa = PBXGroup;
			children = (
				4876ECC6229BEB1B005370CF /* PVExchangeViews.swift */,
				48F822EE22A4F31A00D93B5E /* PVExchangeBuyOrderCell.swift */,
			);
			path = View;
			sourceTree = "<group>";
		};
		4876ECC2229BEA84005370CF /* Controller */ = {
			isa = PBXGroup;
			children = (
				4876ECC4229BEAA4005370CF /* PVExchangeVC.swift */,
				48F822EC22A4CCAF00D93B5E /* PVExchangeBuyOrderVC.swift */,
			);
			path = Controller;
			sourceTree = "<group>";
		};
		4876ECC3229BEA8B005370CF /* Protocol */ = {
			isa = PBXGroup;
			children = (
				4824382B229CC8AD006B480C /* PVExchangePro.swift */,
			);
			path = Protocol;
			sourceTree = "<group>";
		};
		6DFCBF0E62A631F5DD4B9CC2 /* Frameworks */ = {
			isa = PBXGroup;
			children = (
				48F353D022A13B5B00026594 /* libresolv.tbd */,
				48F353CE22A13B4A00026594 /* SystemConfiguration.framework */,
				482138DC226AD1F9001691E2 /* libiconv.tbd */,
				482138DA226AD1E1001691E2 /* libc++.tbd */,
				482138D8226AD1D4001691E2 /* OpenAL.framework */,
				482138D6226AD1CB001691E2 /* MediaPlayer.framework */,
				482138D4226AD1C3001691E2 /* VideoToolbox.framework */,
				482138D2226AD1B8001691E2 /* CoreVideo.framework */,
				482138D0226AD1B0001691E2 /* CoreMedia.framework */,
				482138CE226AD1A2001691E2 /* ImageIO.framework */,
				482138CC226AD195001691E2 /* libz.tbd */,
				481FD11B2269EE8B0028F82C /* VODUpload.framework */,
				D3B3E5C129A02C953A874031 /* Pods_PearlVideo.framework */,
			);
			name = Frameworks;
			sourceTree = "<group>";
		};
		7457E57789A11B4EB0CD7ED1 /* Pods */ = {
			isa = PBXGroup;
			children = (
				930A2A5820FE0D1607F8150B /* Pods-PearlVideo.debug.xcconfig */,
				761B771C9F0CE0F909F03944 /* Pods-PearlVideo.release.xcconfig */,
			);
			path = Pods;
			sourceTree = "<group>";
		};
/* End PBXGroup section */

/* Begin PBXNativeTarget section */
		484DAD03224F10B4002BA454 /* PearlVideo */ = {
			isa = PBXNativeTarget;
			buildConfigurationList = 484DAD16224F10B5002BA454 /* Build configuration list for PBXNativeTarget "PearlVideo" */;
			buildPhases = (
				6169A1F415B24AF2A26943DD /* [CP] Check Pods Manifest.lock */,
				484DAD00224F10B4002BA454 /* Sources */,
				484DAD01224F10B4002BA454 /* Frameworks */,
				484DAD02224F10B4002BA454 /* Resources */,
				E6A4157213B12214D74ADA84 /* [CP] Embed Pods Frameworks */,
				D2A29268D5E7CFE9472AB04B /* [CP] Copy Pods Resources */,
			);
			buildRules = (
			);
			dependencies = (
			);
			name = PearlVideo;
			productName = PearlVideo;
			productReference = 484DAD04224F10B4002BA454 /* PearlVideo.app */;
			productType = "com.apple.product-type.application";
		};
/* End PBXNativeTarget section */

/* Begin PBXProject section */
		484DACFC224F10B4002BA454 /* Project object */ = {
			isa = PBXProject;
			attributes = {
				LastSwiftUpdateCheck = 1010;
				LastUpgradeCheck = 1010;
				ORGANIZATIONNAME = equalriver;
				TargetAttributes = {
					484DAD03224F10B4002BA454 = {
						CreatedOnToolsVersion = 10.1;
					};
				};
			};
			buildConfigurationList = 484DACFF224F10B4002BA454 /* Build configuration list for PBXProject "PearlVideo" */;
			compatibilityVersion = "Xcode 9.3";
			developmentRegion = en;
			hasScannedForEncodings = 0;
			knownRegions = (
				en,
				Base,
			);
			mainGroup = 484DACFB224F10B4002BA454;
			productRefGroup = 484DAD05224F10B4002BA454 /* Products */;
			projectDirPath = "";
			projectRoot = "";
			targets = (
				484DAD03224F10B4002BA454 /* PearlVideo */,
			);
		};
/* End PBXProject section */

/* Begin PBXResourcesBuildPhase section */
		484DAD02224F10B4002BA454 /* Resources */ = {
			isa = PBXResourcesBuildPhase;
			buildActionMask = 2147483647;
			files = (
				48243831229CD7FB006B480C /* RPSDK.bundle in Resources */,
				48243832229CD7FB006B480C /* FaceLivenessSDK.bundle in Resources */,
				4824384E229CD883006B480C /* yw_1222_0769.jpg in Resources */,
				48243830229CD7FB006B480C /* FaceTheme.bundle in Resources */,
				484DAD12224F10B5002BA454 /* LaunchScreen.storyboard in Resources */,
				484DAD0F224F10B5002BA454 /* Assets.xcassets in Resources */,
			);
			runOnlyForDeploymentPostprocessing = 0;
		};
/* End PBXResourcesBuildPhase section */

/* Begin PBXShellScriptBuildPhase section */
		6169A1F415B24AF2A26943DD /* [CP] Check Pods Manifest.lock */ = {
			isa = PBXShellScriptBuildPhase;
			buildActionMask = 2147483647;
			files = (
			);
			inputFileListPaths = (
			);
			inputPaths = (
				"${PODS_PODFILE_DIR_PATH}/Podfile.lock",
				"${PODS_ROOT}/Manifest.lock",
			);
			name = "[CP] Check Pods Manifest.lock";
			outputFileListPaths = (
			);
			outputPaths = (
				"$(DERIVED_FILE_DIR)/Pods-PearlVideo-checkManifestLockResult.txt",
			);
			runOnlyForDeploymentPostprocessing = 0;
			shellPath = /bin/sh;
			shellScript = "diff \"${PODS_PODFILE_DIR_PATH}/Podfile.lock\" \"${PODS_ROOT}/Manifest.lock\" > /dev/null\nif [ $? != 0 ] ; then\n    # print error to STDERR\n    echo \"error: The sandbox is not in sync with the Podfile.lock. Run 'pod install' or update your CocoaPods installation.\" >&2\n    exit 1\nfi\n# This output is used by Xcode 'outputs' to avoid re-running this script phase.\necho \"SUCCESS\" > \"${SCRIPT_OUTPUT_FILE_0}\"\n";
			showEnvVarsInLog = 0;
		};
		D2A29268D5E7CFE9472AB04B /* [CP] Copy Pods Resources */ = {
			isa = PBXShellScriptBuildPhase;
			buildActionMask = 2147483647;
			files = (
			);
			inputFileListPaths = (
				"${PODS_ROOT}/Target Support Files/Pods-PearlVideo/Pods-PearlVideo-resources-${CONFIGURATION}-input-files.xcfilelist",
			);
			name = "[CP] Copy Pods Resources";
			outputFileListPaths = (
				"${PODS_ROOT}/Target Support Files/Pods-PearlVideo/Pods-PearlVideo-resources-${CONFIGURATION}-output-files.xcfilelist",
			);
			runOnlyForDeploymentPostprocessing = 0;
			shellPath = /bin/sh;
			shellScript = "\"${PODS_ROOT}/Target Support Files/Pods-PearlVideo/Pods-PearlVideo-resources.sh\"\n";
			showEnvVarsInLog = 0;
		};
		E6A4157213B12214D74ADA84 /* [CP] Embed Pods Frameworks */ = {
			isa = PBXShellScriptBuildPhase;
			buildActionMask = 2147483647;
			files = (
			);
			inputFileListPaths = (
				"${PODS_ROOT}/Target Support Files/Pods-PearlVideo/Pods-PearlVideo-frameworks-${CONFIGURATION}-input-files.xcfilelist",
			);
			name = "[CP] Embed Pods Frameworks";
			outputFileListPaths = (
				"${PODS_ROOT}/Target Support Files/Pods-PearlVideo/Pods-PearlVideo-frameworks-${CONFIGURATION}-output-files.xcfilelist",
			);
			runOnlyForDeploymentPostprocessing = 0;
			shellPath = /bin/sh;
			shellScript = "\"${PODS_ROOT}/Target Support Files/Pods-PearlVideo/Pods-PearlVideo-frameworks.sh\"\n";
			showEnvVarsInLog = 0;
		};
/* End PBXShellScriptBuildPhase section */

/* Begin PBXSourcesBuildPhase section */
		484DAD00224F10B4002BA454 /* Sources */ = {
			isa = PBXSourcesBuildPhase;
			buildActionMask = 2147483647;
			files = (
				48A9939122841F8100CC4326 /* PVHomeAttentionVC.swift in Sources */,
				48365800225C30B700BCB2D9 /* PVMeTeamVCChildPro.swift in Sources */,
				482F3C42225B716800FEC130 /* PVMeTeamVC.swift in Sources */,
				484DADCA224F1741002BA454 /* PVBaseModel.swift in Sources */,
				481C59A3225338A50086F616 /* PVHomePlayVC.swift in Sources */,
				4876ECC7229BEB1B005370CF /* PVExchangeViews.swift in Sources */,
				48274C3B22A26A8400374C62 /* YPJOtherToolsObjC.m in Sources */,
				481D66582254BCC400B59929 /* PVMeSettingVCChild.swift in Sources */,
				481F8F6B228A515500A3AF92 /* PVHomeTaskViews.swift in Sources */,
				481C59A9225342220086F616 /* PVMeHeaderView.swift in Sources */,
				481C599F225311110086F616 /* PVForgetPsdVC.swift in Sources */,
				481C59AF225363AF0086F616 /* PVMeProductionCell.swift in Sources */,
				481FD11822697C130028F82C /* PVHomePlayDelegates.swift in Sources */,
				481C59AD2253621F0086F616 /* PVMeVCChild.swift in Sources */,
				484DAD25224F1380002BA454 /* KeysMacro.swift in Sources */,
				48F822ED22A4CCAF00D93B5E /* PVExchangeBuyOrderVC.swift in Sources */,
				484DADE3224F1741002BA454 /* PVLoginPro.swift in Sources */,
				481F52D5228C167400474048 /* PVHomeOtherModels.swift in Sources */,
				48243852229D1762006B480C /* PVVideoShareAlert.swift in Sources */,
				484DAD3C224F140F002BA454 /* PVCustomButton.swift in Sources */,
				481D66542254A02400B59929 /* PVMeSettingVC.swift in Sources */,
				481D665C2254D91100B59929 /* PVMeSettingVCChildView.swift in Sources */,
				484DAD37224F140F002BA454 /* PVNetworkTool.swift in Sources */,
				481F1C032289114B00AAEC8E /* PVHomeMyTeamPro.swift in Sources */,
				481C59A1225336D70086F616 /* PVAgreementWebVC.swift in Sources */,
				484DAD3D224F140F002BA454 /* YPJTextFieldEx.swift in Sources */,
				48A9938D22841C0400CC4326 /* PVHomeVCPro.swift in Sources */,
				481C59B322537E4B0086F616 /* PVMeAttentionVC.swift in Sources */,
				481F52D3228C0F0E00474048 /* PVHomeVideoModel.swift in Sources */,
				48E13CC3228EDFFC00D27D75 /* PVHomePlayMaskView.swift in Sources */,
				484DADC5224F1741002BA454 /* PVBaseTableCell.swift in Sources */,
				48E13CBF228E988300D27D75 /* YPJResponderEx.swift in Sources */,
				4822D3EE2274077F000CF509 /* YPJOtherToolQRImage.swift in Sources */,
				4820007D2297921700350DA2 /* PVMeVideoPlayVC.swift in Sources */,
				481C59B1225366210086F616 /* PVMeVCChildPro.swift in Sources */,
				482000812297966400350DA2 /* PVMePlayMaskView.swift in Sources */,
				481F20E3225F11A900331CCF /* PVUserInfoVC.swift in Sources */,
				482000832297EA2C00350DA2 /* PVMeLevelCell.swift in Sources */,
				481F8F6F228A602400A3AF92 /* PVHomeMessageViews.swift in Sources */,
				481F8F71228A62C900A3AF92 /* PVHomeMessagePro.swift in Sources */,
				481F8F69228A507E00A3AF92 /* PVHomeTaskPro.swift in Sources */,
				48200A54225E1B5900D19735 /* PVHomeReportDetailPro.swift in Sources */,
				48A993932284206F00CC4326 /* PVHomeVideoCell.swift in Sources */,
				4824A64F226D5C5100FF7832 /* PVPlayProgressView.swift in Sources */,
				481D665A2254CEA000B59929 /* PVMeSettingVCChildPro.swift in Sources */,
				48A9938B22840F2D00CC4326 /* PVHomeHeaderViewPro.swift in Sources */,
				484DAD40224F140F002BA454 /* YPJOtherTools.swift in Sources */,
				484DAD3B224F140F002BA454 /* PVCustomTextField.swift in Sources */,
				48E13CBD228E959300D27D75 /* YPJImageTools.swift in Sources */,
				48A9938F22841F2900CC4326 /* PVHomeRecommendVC.swift in Sources */,
				48365802225C311C00BCB2D9 /* PVMeTeamVCChildView.swift in Sources */,
				481F1C0122890E0B00AAEC8E /* PVHomeMyTeamViews.swift in Sources */,
				481D6652225450E900B59929 /* PVDatePickerView.swift in Sources */,
				48200A50225E0EE600D19735 /* PVHomeReportCell.swift in Sources */,
				481C599D2252EDD30086F616 /* PVLoginChildVCPro.swift in Sources */,
				48232F55226F110B001ACECC /* PVPlayCameraViewPro.swift in Sources */,
				4820F4082285823800898CD7 /* PVHomeInfoChildVCs.swift in Sources */,
				481F1BFF22890C6600AAEC8E /* PVHomeMyTeamVC.swift in Sources */,
				487AFC6C226B2E0E0064F00A /* PVPlayCameraView.swift in Sources */,
				48A993872283D45100CC4326 /* PVHomeHeaderView.swift in Sources */,
				4821C6A322560D4F0030BF4B /* PVMeMessageVC.swift in Sources */,
				48E13CBB228E953D00D27D75 /* YPJStringTools.swift in Sources */,
				481C59B522537F6B0086F616 /* PVMeAttentionCell.swift in Sources */,
				4830DD5F2268612A00E2B86F /* PVHomePlayContainerView.swift in Sources */,
				481C59B922538C4B0086F616 /* PVMeUserinfoEditVC.swift in Sources */,
				481DEB5322A129380093E47C /* PVOtherModels.swift in Sources */,
				484DAD45224F14F7002BA454 /* PVTabBarController.swift in Sources */,
				484DADC8224F1741002BA454 /* PVNavigationBar.swift in Sources */,
				482F3C3C225AE43F00FEC130 /* PVMeMessageVCChildView.swift in Sources */,
				484DAD3E224F140F002BA454 /* YPJViewEx.swift in Sources */,
				48F822EF22A4F31A00D93B5E /* PVExchangeBuyOrderCell.swift in Sources */,
				484DAD44224F14F7002BA454 /* AppDelegateEx.swift in Sources */,
				481F20ED225F416F00331CCF /* PVVideoCommentPro.swift in Sources */,
				48E13CB9228E951500D27D75 /* YPJViewTools.swift in Sources */,
				484DADC7224F1741002BA454 /* PVBaseRootNaviVC.swift in Sources */,
				481F20E7225F177000331CCF /* PVUserInfoPro.swift in Sources */,
				484DAD41224F140F002BA454 /* GCDTools.swift in Sources */,
				484DAD3A224F140F002BA454 /* PVNetworkRouter.swift in Sources */,
				481D66562254A28700B59929 /* PVMeSettingCell.swift in Sources */,
				484DAD39224F140F002BA454 /* PVNetworkValidate.swift in Sources */,
				481135F72283D25F00200453 /* PVHomeVC.swift in Sources */,
				481F20E5225F159900331CCF /* PVUserInfoView.swift in Sources */,
				484DADC9224F1741002BA454 /* PVBaseWMPageVC.swift in Sources */,
				481F20E9225F270600331CCF /* PVVideoCommentView.swift in Sources */,
				484DADC6224F1741002BA454 /* PVBaseViewController.swift in Sources */,
				482000852297F88700350DA2 /* PVVideoCommentReplyVC.swift in Sources */,
				487AFC6A226B14EA0064F00A /* PVPlayPro.swift in Sources */,
				482138C3226ACA68001691E2 /* PVPlayVC.swift in Sources */,
				48200A52225E130100D19735 /* PVHomeReportDetailVC.swift in Sources */,
				484DAD38224F140F002BA454 /* PVRefresh.swift in Sources */,
				48E13CC1228EBF9900D27D75 /* PVMeModels.swift in Sources */,
				484DAD08224F10B4002BA454 /* AppDelegate.swift in Sources */,
				482000872297FD6900350DA2 /* PVVideoCommentReplyHeader.swift in Sources */,
				484DAD27224F1380002BA454 /* ToolMacro.swift in Sources */,
				4821C6A52256131A0030BF4B /* PVMeMessageVCChild.swift in Sources */,
				4820007F2297951A00350DA2 /* PVMeVideoPlayPro.swift in Sources */,
				481FD11E2269F47B0028F82C /* PVPlayVideoUploadVC.swift in Sources */,
				483657FE225C2EFC00BCB2D9 /* PVMeTeamVCChild.swift in Sources */,
				484DAE2D224F6DB4002BA454 /* PVLoginChildVCs.swift in Sources */,
				4824382C229CC8AD006B480C /* PVExchangePro.swift in Sources */,
				481C59AB22535CFB0086F616 /* PVMePro.swift in Sources */,
				484DAD26224F1380002BA454 /* ArgsMacro.swift in Sources */,
				48200A4E225E0E2800D19735 /* PVHomeReportVC.swift in Sources */,
				4821C7492293A1AD005FC71A /* PVVideoModels.swift in Sources */,
				484DADE4224F1741002BA454 /* PVLoginVC.swift in Sources */,
				488759F622844AAE004BC541 /* PVHomeModel.swift in Sources */,
				48243850229D1152006B480C /* PVVideoShareVC.swift in Sources */,
				482F3C44225B79B900FEC130 /* PVMeTeamVCPro.swift in Sources */,
				4820F40A228582E200898CD7 /* PVHomeVCChildViews.swift in Sources */,
				484DADCB224F1741002BA454 /* PVBaseNavigationVC.swift in Sources */,
				482F3C3A225ADF7600FEC130 /* PVMeMessageVCChildPro.swift in Sources */,
				4824916B229E86B700B6870F /* PVUserValidateModel.swift in Sources */,
				484DAD3F224F140F002BA454 /* YPJExTools.swift in Sources */,
				481F20EB225F350800331CCF /* PVHomePlayPro.swift in Sources */,
				4820F40C2285874B00898CD7 /* PVHomeInfoChildVCsPro.swift in Sources */,
				4823BBCE2290048E006869AA /* PVVideoPlayModel.swift in Sources */,
				481F1C0922899E3100AAEC8E /* PVHomeTaskVC.swift in Sources */,
				481F8F6D228A5F2E00A3AF92 /* PVHomeMessageVC.swift in Sources */,
				484DADCD224F1741002BA454 /* PVMeViewController.swift in Sources */,
				4830DD62226863DE00E2B86F /* AlivcQuVideoModel.swift in Sources */,
				48A0291C2296A6B60065EF79 /* PVHomePlayMaskViewPro.swift in Sources */,
				4876ECC5229BEAA4005370CF /* PVExchangeVC.swift in Sources */,
			);
			runOnlyForDeploymentPostprocessing = 0;
		};
/* End PBXSourcesBuildPhase section */

/* Begin PBXVariantGroup section */
		484DAD10224F10B5002BA454 /* LaunchScreen.storyboard */ = {
			isa = PBXVariantGroup;
			children = (
				484DAD11224F10B5002BA454 /* Base */,
			);
			name = LaunchScreen.storyboard;
			sourceTree = "<group>";
		};
/* End PBXVariantGroup section */

/* Begin XCBuildConfiguration section */
		484DAD14224F10B5002BA454 /* Debug */ = {
			isa = XCBuildConfiguration;
			buildSettings = {
				ALWAYS_SEARCH_USER_PATHS = NO;
				CLANG_ANALYZER_NONNULL = YES;
				CLANG_ANALYZER_NUMBER_OBJECT_CONVERSION = YES_AGGRESSIVE;
				CLANG_CXX_LANGUAGE_STANDARD = "gnu++14";
				CLANG_CXX_LIBRARY = "libc++";
				CLANG_ENABLE_MODULES = YES;
				CLANG_ENABLE_OBJC_ARC = YES;
				CLANG_ENABLE_OBJC_WEAK = YES;
				CLANG_WARN_BLOCK_CAPTURE_AUTORELEASING = YES;
				CLANG_WARN_BOOL_CONVERSION = YES;
				CLANG_WARN_COMMA = YES;
				CLANG_WARN_CONSTANT_CONVERSION = YES;
				CLANG_WARN_DEPRECATED_OBJC_IMPLEMENTATIONS = YES;
				CLANG_WARN_DIRECT_OBJC_ISA_USAGE = YES_ERROR;
				CLANG_WARN_DOCUMENTATION_COMMENTS = YES;
				CLANG_WARN_EMPTY_BODY = YES;
				CLANG_WARN_ENUM_CONVERSION = YES;
				CLANG_WARN_INFINITE_RECURSION = YES;
				CLANG_WARN_INT_CONVERSION = YES;
				CLANG_WARN_NON_LITERAL_NULL_CONVERSION = YES;
				CLANG_WARN_OBJC_IMPLICIT_RETAIN_SELF = YES;
				CLANG_WARN_OBJC_LITERAL_CONVERSION = YES;
				CLANG_WARN_OBJC_ROOT_CLASS = YES_ERROR;
				CLANG_WARN_RANGE_LOOP_ANALYSIS = YES;
				CLANG_WARN_STRICT_PROTOTYPES = YES;
				CLANG_WARN_SUSPICIOUS_MOVE = YES;
				CLANG_WARN_UNGUARDED_AVAILABILITY = YES_AGGRESSIVE;
				CLANG_WARN_UNREACHABLE_CODE = YES;
				CLANG_WARN__DUPLICATE_METHOD_MATCH = YES;
				CODE_SIGN_IDENTITY = "iPhone Developer";
				COPY_PHASE_STRIP = NO;
				DEBUG_INFORMATION_FORMAT = dwarf;
				ENABLE_STRICT_OBJC_MSGSEND = YES;
				ENABLE_TESTABILITY = YES;
				GCC_C_LANGUAGE_STANDARD = gnu11;
				GCC_DYNAMIC_NO_PIC = NO;
				GCC_NO_COMMON_BLOCKS = YES;
				GCC_OPTIMIZATION_LEVEL = 0;
				GCC_PREPROCESSOR_DEFINITIONS = (
					"DEBUG=1",
					"$(inherited)",
				);
				GCC_WARN_64_TO_32_BIT_CONVERSION = YES;
				GCC_WARN_ABOUT_RETURN_TYPE = YES_ERROR;
				GCC_WARN_UNDECLARED_SELECTOR = YES;
				GCC_WARN_UNINITIALIZED_AUTOS = YES_AGGRESSIVE;
				GCC_WARN_UNUSED_FUNCTION = YES;
				GCC_WARN_UNUSED_VARIABLE = YES;
				IPHONEOS_DEPLOYMENT_TARGET = 12.1;
				MTL_ENABLE_DEBUG_INFO = INCLUDE_SOURCE;
				MTL_FAST_MATH = YES;
				ONLY_ACTIVE_ARCH = YES;
				SDKROOT = iphoneos;
				SWIFT_ACTIVE_COMPILATION_CONDITIONS = DEBUG;
				SWIFT_OPTIMIZATION_LEVEL = "-Onone";
			};
			name = Debug;
		};
		484DAD15224F10B5002BA454 /* Release */ = {
			isa = XCBuildConfiguration;
			buildSettings = {
				ALWAYS_SEARCH_USER_PATHS = NO;
				CLANG_ANALYZER_NONNULL = YES;
				CLANG_ANALYZER_NUMBER_OBJECT_CONVERSION = YES_AGGRESSIVE;
				CLANG_CXX_LANGUAGE_STANDARD = "gnu++14";
				CLANG_CXX_LIBRARY = "libc++";
				CLANG_ENABLE_MODULES = YES;
				CLANG_ENABLE_OBJC_ARC = YES;
				CLANG_ENABLE_OBJC_WEAK = YES;
				CLANG_WARN_BLOCK_CAPTURE_AUTORELEASING = YES;
				CLANG_WARN_BOOL_CONVERSION = YES;
				CLANG_WARN_COMMA = YES;
				CLANG_WARN_CONSTANT_CONVERSION = YES;
				CLANG_WARN_DEPRECATED_OBJC_IMPLEMENTATIONS = YES;
				CLANG_WARN_DIRECT_OBJC_ISA_USAGE = YES_ERROR;
				CLANG_WARN_DOCUMENTATION_COMMENTS = YES;
				CLANG_WARN_EMPTY_BODY = YES;
				CLANG_WARN_ENUM_CONVERSION = YES;
				CLANG_WARN_INFINITE_RECURSION = YES;
				CLANG_WARN_INT_CONVERSION = YES;
				CLANG_WARN_NON_LITERAL_NULL_CONVERSION = YES;
				CLANG_WARN_OBJC_IMPLICIT_RETAIN_SELF = YES;
				CLANG_WARN_OBJC_LITERAL_CONVERSION = YES;
				CLANG_WARN_OBJC_ROOT_CLASS = YES_ERROR;
				CLANG_WARN_RANGE_LOOP_ANALYSIS = YES;
				CLANG_WARN_STRICT_PROTOTYPES = YES;
				CLANG_WARN_SUSPICIOUS_MOVE = YES;
				CLANG_WARN_UNGUARDED_AVAILABILITY = YES_AGGRESSIVE;
				CLANG_WARN_UNREACHABLE_CODE = YES;
				CLANG_WARN__DUPLICATE_METHOD_MATCH = YES;
				CODE_SIGN_IDENTITY = "iPhone Developer";
				COPY_PHASE_STRIP = NO;
				DEBUG_INFORMATION_FORMAT = "dwarf-with-dsym";
				ENABLE_NS_ASSERTIONS = NO;
				ENABLE_STRICT_OBJC_MSGSEND = YES;
				GCC_C_LANGUAGE_STANDARD = gnu11;
				GCC_NO_COMMON_BLOCKS = YES;
				GCC_WARN_64_TO_32_BIT_CONVERSION = YES;
				GCC_WARN_ABOUT_RETURN_TYPE = YES_ERROR;
				GCC_WARN_UNDECLARED_SELECTOR = YES;
				GCC_WARN_UNINITIALIZED_AUTOS = YES_AGGRESSIVE;
				GCC_WARN_UNUSED_FUNCTION = YES;
				GCC_WARN_UNUSED_VARIABLE = YES;
				IPHONEOS_DEPLOYMENT_TARGET = 12.1;
				MTL_ENABLE_DEBUG_INFO = NO;
				MTL_FAST_MATH = YES;
				SDKROOT = iphoneos;
				SWIFT_COMPILATION_MODE = wholemodule;
				SWIFT_OPTIMIZATION_LEVEL = "-O";
				VALIDATE_PRODUCT = YES;
			};
			name = Release;
		};
		484DAD17224F10B5002BA454 /* Debug */ = {
			isa = XCBuildConfiguration;
			baseConfigurationReference = 930A2A5820FE0D1607F8150B /* Pods-PearlVideo.debug.xcconfig */;
			buildSettings = {
				ASSETCATALOG_COMPILER_APPICON_NAME = AppIcon;
				CODE_SIGN_IDENTITY = "iPhone Developer";
				CODE_SIGN_STYLE = Automatic;
				DEVELOPMENT_TEAM = 9Q37769B2U;
				ENABLE_BITCODE = NO;
				FRAMEWORK_SEARCH_PATHS = (
					"$(inherited)",
					"$(PROJECT_DIR)/Pods/VODUpload/frameworks",
					"$(PROJECT_DIR)/PearlVideo/Vendor",
					"$(PROJECT_DIR)/Pods/AliyunVideoSDKBasic/frameworks",
					"$(PROJECT_DIR)/PearlVideo/Resource",
					"$(PROJECT_DIR)/Pods/AlivcConan",
				);
				GCC_OPTIMIZATION_LEVEL = 0;
				INFOPLIST_FILE = PearlVideo/Info.plist;
				IPHONEOS_DEPLOYMENT_TARGET = 9.0;
				LD_RUNPATH_SEARCH_PATHS = (
					"$(inherited)",
					"@executable_path/Frameworks",
				);
				PRODUCT_BUNDLE_IDENTIFIER = com.lzmingsi.PearlVideo;
				PRODUCT_NAME = "$(TARGET_NAME)";
				PROVISIONING_PROFILE_SPECIFIER = "";
				SWIFT_OBJC_BRIDGING_HEADER = "$(SRCROOT)/PearlVideo/BridgingHeader.h";
				SWIFT_OPTIMIZATION_LEVEL = "-Onone";
				SWIFT_VERSION = 4.2;
				TARGETED_DEVICE_FAMILY = 1;
			};
			name = Debug;
		};
		484DAD18224F10B5002BA454 /* Release */ = {
			isa = XCBuildConfiguration;
			baseConfigurationReference = 761B771C9F0CE0F909F03944 /* Pods-PearlVideo.release.xcconfig */;
			buildSettings = {
				ASSETCATALOG_COMPILER_APPICON_NAME = AppIcon;
				CODE_SIGN_IDENTITY = "iPhone Developer";
				CODE_SIGN_STYLE = Automatic;
				DEVELOPMENT_TEAM = 9Q37769B2U;
				ENABLE_BITCODE = NO;
				FRAMEWORK_SEARCH_PATHS = (
					"$(inherited)",
					"$(PROJECT_DIR)/Pods/VODUpload/frameworks",
					"$(PROJECT_DIR)/PearlVideo/Vendor",
					"$(PROJECT_DIR)/Pods/AliyunVideoSDKBasic/frameworks",
					"$(PROJECT_DIR)/PearlVideo/Resource",
					"$(PROJECT_DIR)/Pods/AlivcConan",
				);
				GCC_OPTIMIZATION_LEVEL = s;
				INFOPLIST_FILE = PearlVideo/Info.plist;
				IPHONEOS_DEPLOYMENT_TARGET = 9.0;
				LD_RUNPATH_SEARCH_PATHS = (
					"$(inherited)",
					"@executable_path/Frameworks",
				);
				PRODUCT_BUNDLE_IDENTIFIER = com.lzmingsi.PearlVideo;
				PRODUCT_NAME = "$(TARGET_NAME)";
				PROVISIONING_PROFILE_SPECIFIER = "";
				SWIFT_OBJC_BRIDGING_HEADER = "$(SRCROOT)/PearlVideo/BridgingHeader.h";
				SWIFT_OPTIMIZATION_LEVEL = "-O";
				SWIFT_VERSION = 4.2;
				TARGETED_DEVICE_FAMILY = 1;
			};
			name = Release;
		};
/* End XCBuildConfiguration section */

/* Begin XCConfigurationList section */
		484DACFF224F10B4002BA454 /* Build configuration list for PBXProject "PearlVideo" */ = {
			isa = XCConfigurationList;
			buildConfigurations = (
				484DAD14224F10B5002BA454 /* Debug */,
				484DAD15224F10B5002BA454 /* Release */,
			);
			defaultConfigurationIsVisible = 0;
			defaultConfigurationName = Release;
		};
		484DAD16224F10B5002BA454 /* Build configuration list for PBXNativeTarget "PearlVideo" */ = {
			isa = XCConfigurationList;
			buildConfigurations = (
				484DAD17224F10B5002BA454 /* Debug */,
				484DAD18224F10B5002BA454 /* Release */,
			);
			defaultConfigurationIsVisible = 0;
			defaultConfigurationName = Release;
		};
/* End XCConfigurationList section */
	};
	rootObject = 484DACFC224F10B4002BA454 /* Project object */;
}
