// !$*UTF8*$!
{
	archiveVersion = 1;
	classes = {
	};
	objectVersion = 50;
	objects = {

/* Begin PBXBuildFile section */
		481135F72283D25F00200453 /* PVHomeVC.swift in Sources */ = {isa = PBXBuildFile; fileRef = 481135F62283D25F00200453 /* PVHomeVC.swift */; };
		481C599D2252EDD30086F616 /* PVLoginChildVCPro.swift in Sources */ = {isa = PBXBuildFile; fileRef = 481C599C2252EDD30086F616 /* PVLoginChildVCPro.swift */; };
		481C599F225311110086F616 /* PVForgetPsdVC.swift in Sources */ = {isa = PBXBuildFile; fileRef = 481C599E225311110086F616 /* PVForgetPsdVC.swift */; };
		481C59A1225336D70086F616 /* PVAgreementWebVC.swift in Sources */ = {isa = PBXBuildFile; fileRef = 481C59A0225336D70086F616 /* PVAgreementWebVC.swift */; };
		481C59A3225338A50086F616 /* PVHomePlayVC.swift in Sources */ = {isa = PBXBuildFile; fileRef = 481C59A2225338A50086F616 /* PVHomePlayVC.swift */; };
		481C59A7225338E70086F616 /* PVPearlVC.swift in Sources */ = {isa = PBXBuildFile; fileRef = 481C59A6225338E70086F616 /* PVPearlVC.swift */; };
		481C59A9225342220086F616 /* PVMeHeaderView.swift in Sources */ = {isa = PBXBuildFile; fileRef = 481C59A8225342220086F616 /* PVMeHeaderView.swift */; };
		481C59AB22535CFB0086F616 /* PVMePro.swift in Sources */ = {isa = PBXBuildFile; fileRef = 481C59AA22535CFB0086F616 /* PVMePro.swift */; };
		481C59AD2253621F0086F616 /* PVMeVCChild.swift in Sources */ = {isa = PBXBuildFile; fileRef = 481C59AC2253621F0086F616 /* PVMeVCChild.swift */; };
		481C59AF225363AF0086F616 /* PVMeProductionCell.swift in Sources */ = {isa = PBXBuildFile; fileRef = 481C59AE225363AF0086F616 /* PVMeProductionCell.swift */; };
		481C59B1225366210086F616 /* PVMeVCChildPro.swift in Sources */ = {isa = PBXBuildFile; fileRef = 481C59B0225366210086F616 /* PVMeVCChildPro.swift */; };
		481C59B322537E4B0086F616 /* PVMeAttentionVC.swift in Sources */ = {isa = PBXBuildFile; fileRef = 481C59B222537E4B0086F616 /* PVMeAttentionVC.swift */; };
		481C59B522537F6B0086F616 /* PVMeAttentionCell.swift in Sources */ = {isa = PBXBuildFile; fileRef = 481C59B422537F6B0086F616 /* PVMeAttentionCell.swift */; };
		481C59B72253882B0086F616 /* PVMeFansVC.swift in Sources */ = {isa = PBXBuildFile; fileRef = 481C59B62253882B0086F616 /* PVMeFansVC.swift */; };
		481C59B922538C4B0086F616 /* PVMeUserinfoEditVC.swift in Sources */ = {isa = PBXBuildFile; fileRef = 481C59B822538C4B0086F616 /* PVMeUserinfoEditVC.swift */; };
		481C59BB22538E570086F616 /* PVMeUserinfoEditCell.swift in Sources */ = {isa = PBXBuildFile; fileRef = 481C59BA22538E570086F616 /* PVMeUserinfoEditCell.swift */; };
		481D6652225450E900B59929 /* PVDatePickerView.swift in Sources */ = {isa = PBXBuildFile; fileRef = 481D6651225450E900B59929 /* PVDatePickerView.swift */; };
		481D66542254A02400B59929 /* PVMeSettingVC.swift in Sources */ = {isa = PBXBuildFile; fileRef = 481D66532254A02400B59929 /* PVMeSettingVC.swift */; };
		481D66562254A28700B59929 /* PVMeSettingCell.swift in Sources */ = {isa = PBXBuildFile; fileRef = 481D66552254A28700B59929 /* PVMeSettingCell.swift */; };
		481D66582254BCC400B59929 /* PVMeSettingVCChild.swift in Sources */ = {isa = PBXBuildFile; fileRef = 481D66572254BCC400B59929 /* PVMeSettingVCChild.swift */; };
		481D665A2254CEA000B59929 /* PVMeSettingVCChildPro.swift in Sources */ = {isa = PBXBuildFile; fileRef = 481D66592254CEA000B59929 /* PVMeSettingVCChildPro.swift */; };
		481D665C2254D91100B59929 /* PVMeSettingVCChildView.swift in Sources */ = {isa = PBXBuildFile; fileRef = 481D665B2254D91100B59929 /* PVMeSettingVCChildView.swift */; };
		481F1BFF22890C6600AAEC8E /* PVHomeMyTeamVC.swift in Sources */ = {isa = PBXBuildFile; fileRef = 481F1BFE22890C6600AAEC8E /* PVHomeMyTeamVC.swift */; };
		481F1C0122890E0B00AAEC8E /* PVHomeMyTeamViews.swift in Sources */ = {isa = PBXBuildFile; fileRef = 481F1C0022890E0B00AAEC8E /* PVHomeMyTeamViews.swift */; };
		481F1C032289114B00AAEC8E /* PVHomeMyTeamPro.swift in Sources */ = {isa = PBXBuildFile; fileRef = 481F1C022289114B00AAEC8E /* PVHomeMyTeamPro.swift */; };
		481F1C0922899E3100AAEC8E /* PVHomeTaskVC.swift in Sources */ = {isa = PBXBuildFile; fileRef = 481F1C0822899E3100AAEC8E /* PVHomeTaskVC.swift */; };
		481F20E3225F11A900331CCF /* PVUserInfoVC.swift in Sources */ = {isa = PBXBuildFile; fileRef = 481F20E2225F11A900331CCF /* PVUserInfoVC.swift */; };
		481F20E5225F159900331CCF /* PVUserInfoView.swift in Sources */ = {isa = PBXBuildFile; fileRef = 481F20E4225F159900331CCF /* PVUserInfoView.swift */; };
		481F20E7225F177000331CCF /* PVUserInfoPro.swift in Sources */ = {isa = PBXBuildFile; fileRef = 481F20E6225F177000331CCF /* PVUserInfoPro.swift */; };
		481F20E9225F270600331CCF /* PVVideoCommentView.swift in Sources */ = {isa = PBXBuildFile; fileRef = 481F20E8225F270600331CCF /* PVVideoCommentView.swift */; };
		481F20EB225F350800331CCF /* PVHomePlayPro.swift in Sources */ = {isa = PBXBuildFile; fileRef = 481F20EA225F350800331CCF /* PVHomePlayPro.swift */; };
		481F20ED225F416F00331CCF /* PVVideoCommentPro.swift in Sources */ = {isa = PBXBuildFile; fileRef = 481F20EC225F416F00331CCF /* PVVideoCommentPro.swift */; };
		481F52D3228C0F0E00474048 /* PVHomeVideoModel.swift in Sources */ = {isa = PBXBuildFile; fileRef = 481F52D2228C0F0E00474048 /* PVHomeVideoModel.swift */; };
		481F52D5228C167400474048 /* PVHomeOtherModels.swift in Sources */ = {isa = PBXBuildFile; fileRef = 481F52D4228C167400474048 /* PVHomeOtherModels.swift */; };
		481F802B2261802B00C20CB1 /* PVPearlPro.swift in Sources */ = {isa = PBXBuildFile; fileRef = 481F802A2261802B00C20CB1 /* PVPearlPro.swift */; };
		481F802D2261872A00C20CB1 /* PVPearlPearlDetailVC.swift in Sources */ = {isa = PBXBuildFile; fileRef = 481F802C2261872900C20CB1 /* PVPearlPearlDetailVC.swift */; };
		481F802F22618E0100C20CB1 /* PVPearlPearlDetailCell.swift in Sources */ = {isa = PBXBuildFile; fileRef = 481F802E22618E0100C20CB1 /* PVPearlPearlDetailCell.swift */; };
		481F8031226190D500C20CB1 /* PVPearlPlantDetailVC.swift in Sources */ = {isa = PBXBuildFile; fileRef = 481F8030226190D500C20CB1 /* PVPearlPlantDetailVC.swift */; };
		481F80332261934D00C20CB1 /* PVPearlUserLevelVC.swift in Sources */ = {isa = PBXBuildFile; fileRef = 481F80322261934D00C20CB1 /* PVPearlUserLevelVC.swift */; };
		481F80352261C65B00C20CB1 /* PVPearlUserLevelCell.swift in Sources */ = {isa = PBXBuildFile; fileRef = 481F80342261C65B00C20CB1 /* PVPearlUserLevelCell.swift */; };
		481F80372261D0B600C20CB1 /* PVPearlShellLevelVC.swift in Sources */ = {isa = PBXBuildFile; fileRef = 481F80362261D0B600C20CB1 /* PVPearlShellLevelVC.swift */; };
		481F80392261DCE600C20CB1 /* PVPearlMarketVC.swift in Sources */ = {isa = PBXBuildFile; fileRef = 481F80382261DCE600C20CB1 /* PVPearlMarketVC.swift */; };
		481F803B2261E8DF00C20CB1 /* PVPearlMarketChildVCs.swift in Sources */ = {isa = PBXBuildFile; fileRef = 481F803A2261E8DF00C20CB1 /* PVPearlMarketChildVCs.swift */; };
		481F803D2261EB1200C20CB1 /* PVPearlMarketChildViews.swift in Sources */ = {isa = PBXBuildFile; fileRef = 481F803C2261EB1200C20CB1 /* PVPearlMarketChildViews.swift */; };
		481F803F2261EB7900C20CB1 /* PVPearlMarketChildPro.swift in Sources */ = {isa = PBXBuildFile; fileRef = 481F803E2261EB7900C20CB1 /* PVPearlMarketChildPro.swift */; };
		481F8F69228A507E00A3AF92 /* PVHomeTaskPro.swift in Sources */ = {isa = PBXBuildFile; fileRef = 481F8F68228A507E00A3AF92 /* PVHomeTaskPro.swift */; };
		481F8F6B228A515500A3AF92 /* PVHomeTaskViews.swift in Sources */ = {isa = PBXBuildFile; fileRef = 481F8F6A228A515500A3AF92 /* PVHomeTaskViews.swift */; };
		481F8F6D228A5F2E00A3AF92 /* PVHomeMessageVC.swift in Sources */ = {isa = PBXBuildFile; fileRef = 481F8F6C228A5F2E00A3AF92 /* PVHomeMessageVC.swift */; };
		481F8F6F228A602400A3AF92 /* PVHomeMessageViews.swift in Sources */ = {isa = PBXBuildFile; fileRef = 481F8F6E228A602400A3AF92 /* PVHomeMessageViews.swift */; };
		481F8F71228A62C900A3AF92 /* PVHomeMessagePro.swift in Sources */ = {isa = PBXBuildFile; fileRef = 481F8F70228A62C900A3AF92 /* PVHomeMessagePro.swift */; };
		481FD11822697C130028F82C /* PVHomePlayDelegates.swift in Sources */ = {isa = PBXBuildFile; fileRef = 481FD11722697C130028F82C /* PVHomePlayDelegates.swift */; };
		481FD11E2269F47B0028F82C /* PVPlayVideoUploadVC.swift in Sources */ = {isa = PBXBuildFile; fileRef = 481FD11D2269F47B0028F82C /* PVPlayVideoUploadVC.swift */; };
		48200A4E225E0E2800D19735 /* PVHomeReportVC.swift in Sources */ = {isa = PBXBuildFile; fileRef = 48200A4D225E0E2800D19735 /* PVHomeReportVC.swift */; };
		48200A50225E0EE600D19735 /* PVHomeReportCell.swift in Sources */ = {isa = PBXBuildFile; fileRef = 48200A4F225E0EE600D19735 /* PVHomeReportCell.swift */; };
		48200A52225E130100D19735 /* PVHomeReportDetailVC.swift in Sources */ = {isa = PBXBuildFile; fileRef = 48200A51225E130100D19735 /* PVHomeReportDetailVC.swift */; };
		48200A54225E1B5900D19735 /* PVHomeReportDetailPro.swift in Sources */ = {isa = PBXBuildFile; fileRef = 48200A53225E1B5900D19735 /* PVHomeReportDetailPro.swift */; };
		4820F4082285823800898CD7 /* PVHomeInfoChildVCs.swift in Sources */ = {isa = PBXBuildFile; fileRef = 4820F4072285823800898CD7 /* PVHomeInfoChildVCs.swift */; };
		4820F40A228582E200898CD7 /* PVHomeVCChildViews.swift in Sources */ = {isa = PBXBuildFile; fileRef = 4820F409228582E200898CD7 /* PVHomeVCChildViews.swift */; };
		4820F40C2285874B00898CD7 /* PVHomeInfoChildVCsPro.swift in Sources */ = {isa = PBXBuildFile; fileRef = 4820F40B2285874B00898CD7 /* PVHomeInfoChildVCsPro.swift */; };
		482138C3226ACA68001691E2 /* PVPlayVC.swift in Sources */ = {isa = PBXBuildFile; fileRef = 482138C2226ACA68001691E2 /* PVPlayVC.swift */; };
		482138CD226AD196001691E2 /* libz.tbd in Frameworks */ = {isa = PBXBuildFile; fileRef = 482138CC226AD195001691E2 /* libz.tbd */; };
		482138CF226AD1A2001691E2 /* ImageIO.framework in Frameworks */ = {isa = PBXBuildFile; fileRef = 482138CE226AD1A2001691E2 /* ImageIO.framework */; };
		482138D1226AD1B0001691E2 /* CoreMedia.framework in Frameworks */ = {isa = PBXBuildFile; fileRef = 482138D0226AD1B0001691E2 /* CoreMedia.framework */; };
		482138D3226AD1B8001691E2 /* CoreVideo.framework in Frameworks */ = {isa = PBXBuildFile; fileRef = 482138D2226AD1B8001691E2 /* CoreVideo.framework */; };
		482138D5226AD1C3001691E2 /* VideoToolbox.framework in Frameworks */ = {isa = PBXBuildFile; fileRef = 482138D4226AD1C3001691E2 /* VideoToolbox.framework */; };
		482138D7226AD1CB001691E2 /* MediaPlayer.framework in Frameworks */ = {isa = PBXBuildFile; fileRef = 482138D6226AD1CB001691E2 /* MediaPlayer.framework */; };
		482138D9226AD1D4001691E2 /* OpenAL.framework in Frameworks */ = {isa = PBXBuildFile; fileRef = 482138D8226AD1D4001691E2 /* OpenAL.framework */; };
		482138DB226AD1E1001691E2 /* libc++.tbd in Frameworks */ = {isa = PBXBuildFile; fileRef = 482138DA226AD1E1001691E2 /* libc++.tbd */; };
		482138DD226AD1F9001691E2 /* libiconv.tbd in Frameworks */ = {isa = PBXBuildFile; fileRef = 482138DC226AD1F9001691E2 /* libiconv.tbd */; };
		482138DE226AD366001691E2 /* Pods_PearlVideo.framework in Frameworks */ = {isa = PBXBuildFile; fileRef = D3B3E5C129A02C953A874031 /* Pods_PearlVideo.framework */; };
		4821C6A322560D4F0030BF4B /* PVMeMessageVC.swift in Sources */ = {isa = PBXBuildFile; fileRef = 4821C6A222560D4F0030BF4B /* PVMeMessageVC.swift */; };
		4821C6A52256131A0030BF4B /* PVMeMessageVCChild.swift in Sources */ = {isa = PBXBuildFile; fileRef = 4821C6A42256131A0030BF4B /* PVMeMessageVCChild.swift */; };
		4821C7492293A1AD005FC71A /* PVVideoCommentModel.swift in Sources */ = {isa = PBXBuildFile; fileRef = 4821C7482293A1AD005FC71A /* PVVideoCommentModel.swift */; };
		482290A12264318C00870988 /* PVPearlSendBillVC.swift in Sources */ = {isa = PBXBuildFile; fileRef = 482290A02264318C00870988 /* PVPearlSendBillVC.swift */; };
		482290A3226450CE00870988 /* PVPearlSendBillCell.swift in Sources */ = {isa = PBXBuildFile; fileRef = 482290A2226450CE00870988 /* PVPearlSendBillCell.swift */; };
		482290A5226461BC00870988 /* PVPearlDealRecordVC.swift in Sources */ = {isa = PBXBuildFile; fileRef = 482290A4226461BC00870988 /* PVPearlDealRecordVC.swift */; };
		482290A72264630D00870988 /* PVPearlDealRecordChildVCs.swift in Sources */ = {isa = PBXBuildFile; fileRef = 482290A62264630D00870988 /* PVPearlDealRecordChildVCs.swift */; };
		482290A92264641200870988 /* PVPearlDealRecordChildViews.swift in Sources */ = {isa = PBXBuildFile; fileRef = 482290A82264641200870988 /* PVPearlDealRecordChildViews.swift */; };
		482290AB2264746600870988 /* PVPearlDealRecordChildPro.swift in Sources */ = {isa = PBXBuildFile; fileRef = 482290AA2264746600870988 /* PVPearlDealRecordChildPro.swift */; };
		482290AD2264792200870988 /* PVPearlOrderDetailVC.swift in Sources */ = {isa = PBXBuildFile; fileRef = 482290AC2264792200870988 /* PVPearlOrderDetailVC.swift */; };
		482290AF22647DDE00870988 /* PVPearlOrderDetailViews.swift in Sources */ = {isa = PBXBuildFile; fileRef = 482290AE22647DDE00870988 /* PVPearlOrderDetailViews.swift */; };
		4822D3EC2273EFF3000CF509 /* PVMeShareVC.swift in Sources */ = {isa = PBXBuildFile; fileRef = 4822D3EB2273EFF3000CF509 /* PVMeShareVC.swift */; };
		4822D3EE2274077F000CF509 /* YPJOtherToolQRImage.swift in Sources */ = {isa = PBXBuildFile; fileRef = 4822D3ED2274077F000CF509 /* YPJOtherToolQRImage.swift */; };
		4822D3F022745490000CF509 /* PVPearlHeaderViews.swift in Sources */ = {isa = PBXBuildFile; fileRef = 4822D3EF22745490000CF509 /* PVPearlHeaderViews.swift */; };
		48232F55226F110B001ACECC /* PVPlayCameraViewPro.swift in Sources */ = {isa = PBXBuildFile; fileRef = 48232F54226F110B001ACECC /* PVPlayCameraViewPro.swift */; };
		4823BBCE2290048E006869AA /* PVVideoPlayModel.swift in Sources */ = {isa = PBXBuildFile; fileRef = 4823BBCD2290048E006869AA /* PVVideoPlayModel.swift */; };
		4824A64F226D5C5100FF7832 /* PVPlayProgressView.swift in Sources */ = {isa = PBXBuildFile; fileRef = 4824A64E226D5C5100FF7832 /* PVPlayProgressView.swift */; };
		48283CD322602F4E00CBE8CD /* PVPearlViews.swift in Sources */ = {isa = PBXBuildFile; fileRef = 48283CD222602F4E00CBE8CD /* PVPearlViews.swift */; };
		482F3C3A225ADF7600FEC130 /* PVMeMessageVCChildPro.swift in Sources */ = {isa = PBXBuildFile; fileRef = 482F3C39225ADF7600FEC130 /* PVMeMessageVCChildPro.swift */; };
		482F3C3C225AE43F00FEC130 /* PVMeMessageVCChildView.swift in Sources */ = {isa = PBXBuildFile; fileRef = 482F3C3B225AE43F00FEC130 /* PVMeMessageVCChildView.swift */; };
		482F3C3E225B30CC00FEC130 /* PVMeInvitationCodeVC.swift in Sources */ = {isa = PBXBuildFile; fileRef = 482F3C3D225B30CC00FEC130 /* PVMeInvitationCodeVC.swift */; };
		482F3C40225B5F0900FEC130 /* PVMeInvitationBindingView.swift in Sources */ = {isa = PBXBuildFile; fileRef = 482F3C3F225B5F0900FEC130 /* PVMeInvitationBindingView.swift */; };
		482F3C42225B716800FEC130 /* PVMeTeamVC.swift in Sources */ = {isa = PBXBuildFile; fileRef = 482F3C41225B716800FEC130 /* PVMeTeamVC.swift */; };
		482F3C44225B79B900FEC130 /* PVMeTeamVCPro.swift in Sources */ = {isa = PBXBuildFile; fileRef = 482F3C43225B79B900FEC130 /* PVMeTeamVCPro.swift */; };
		4830DD5F2268612A00E2B86F /* PVHomePlayContainerView.swift in Sources */ = {isa = PBXBuildFile; fileRef = 4830DD5E2268612A00E2B86F /* PVHomePlayContainerView.swift */; };
		4830DD62226863DE00E2B86F /* AlivcQuVideoModel.swift in Sources */ = {isa = PBXBuildFile; fileRef = 4830DD61226863DE00E2B86F /* AlivcQuVideoModel.swift */; };
		483657FE225C2EFC00BCB2D9 /* PVMeTeamVCChild.swift in Sources */ = {isa = PBXBuildFile; fileRef = 483657FD225C2EFC00BCB2D9 /* PVMeTeamVCChild.swift */; };
		48365800225C30B700BCB2D9 /* PVMeTeamVCChildPro.swift in Sources */ = {isa = PBXBuildFile; fileRef = 483657FF225C30B700BCB2D9 /* PVMeTeamVCChildPro.swift */; };
		48365802225C311C00BCB2D9 /* PVMeTeamVCChildView.swift in Sources */ = {isa = PBXBuildFile; fileRef = 48365801225C311C00BCB2D9 /* PVMeTeamVCChildView.swift */; };
		48365808225C8C4700BCB2D9 /* PVAttentionDetailViews.swift in Sources */ = {isa = PBXBuildFile; fileRef = 48365807225C8C4700BCB2D9 /* PVAttentionDetailViews.swift */; };
		484DAD08224F10B4002BA454 /* AppDelegate.swift in Sources */ = {isa = PBXBuildFile; fileRef = 484DAD07224F10B4002BA454 /* AppDelegate.swift */; };
		484DAD0F224F10B5002BA454 /* Assets.xcassets in Resources */ = {isa = PBXBuildFile; fileRef = 484DAD0E224F10B5002BA454 /* Assets.xcassets */; };
		484DAD12224F10B5002BA454 /* LaunchScreen.storyboard in Resources */ = {isa = PBXBuildFile; fileRef = 484DAD10224F10B5002BA454 /* LaunchScreen.storyboard */; };
		484DAD25224F1380002BA454 /* KeysMacro.swift in Sources */ = {isa = PBXBuildFile; fileRef = 484DAD22224F1380002BA454 /* KeysMacro.swift */; };
		484DAD26224F1380002BA454 /* ArgsMacro.swift in Sources */ = {isa = PBXBuildFile; fileRef = 484DAD23224F1380002BA454 /* ArgsMacro.swift */; };
		484DAD27224F1380002BA454 /* ToolMacro.swift in Sources */ = {isa = PBXBuildFile; fileRef = 484DAD24224F1380002BA454 /* ToolMacro.swift */; };
		484DAD37224F140F002BA454 /* PVNetworkTool.swift in Sources */ = {isa = PBXBuildFile; fileRef = 484DAD29224F140F002BA454 /* PVNetworkTool.swift */; };
		484DAD38224F140F002BA454 /* PVRefresh.swift in Sources */ = {isa = PBXBuildFile; fileRef = 484DAD2A224F140F002BA454 /* PVRefresh.swift */; };
		484DAD39224F140F002BA454 /* PVNetworkValidate.swift in Sources */ = {isa = PBXBuildFile; fileRef = 484DAD2B224F140F002BA454 /* PVNetworkValidate.swift */; };
		484DAD3A224F140F002BA454 /* PVNetworkRouter.swift in Sources */ = {isa = PBXBuildFile; fileRef = 484DAD2C224F140F002BA454 /* PVNetworkRouter.swift */; };
		484DAD3B224F140F002BA454 /* PVCustomTextField.swift in Sources */ = {isa = PBXBuildFile; fileRef = 484DAD2E224F140F002BA454 /* PVCustomTextField.swift */; };
		484DAD3C224F140F002BA454 /* PVCustomButton.swift in Sources */ = {isa = PBXBuildFile; fileRef = 484DAD2F224F140F002BA454 /* PVCustomButton.swift */; };
		484DAD3D224F140F002BA454 /* YPJTextFieldEx.swift in Sources */ = {isa = PBXBuildFile; fileRef = 484DAD31224F140F002BA454 /* YPJTextFieldEx.swift */; };
		484DAD3E224F140F002BA454 /* YPJViewEx.swift in Sources */ = {isa = PBXBuildFile; fileRef = 484DAD32224F140F002BA454 /* YPJViewEx.swift */; };
		484DAD3F224F140F002BA454 /* YPJExTools.swift in Sources */ = {isa = PBXBuildFile; fileRef = 484DAD34224F140F002BA454 /* YPJExTools.swift */; };
		484DAD40224F140F002BA454 /* YPJOtherTools.swift in Sources */ = {isa = PBXBuildFile; fileRef = 484DAD35224F140F002BA454 /* YPJOtherTools.swift */; };
		484DAD41224F140F002BA454 /* GCDTools.swift in Sources */ = {isa = PBXBuildFile; fileRef = 484DAD36224F140F002BA454 /* GCDTools.swift */; };
		484DAD44224F14F7002BA454 /* AppDelegateEx.swift in Sources */ = {isa = PBXBuildFile; fileRef = 484DAD42224F14F7002BA454 /* AppDelegateEx.swift */; };
		484DAD45224F14F7002BA454 /* PVTabBarController.swift in Sources */ = {isa = PBXBuildFile; fileRef = 484DAD43224F14F7002BA454 /* PVTabBarController.swift */; };
		484DADC5224F1741002BA454 /* PVBaseTableCell.swift in Sources */ = {isa = PBXBuildFile; fileRef = 484DAD47224F1741002BA454 /* PVBaseTableCell.swift */; };
		484DADC6224F1741002BA454 /* PVBaseViewController.swift in Sources */ = {isa = PBXBuildFile; fileRef = 484DAD48224F1741002BA454 /* PVBaseViewController.swift */; };
		484DADC7224F1741002BA454 /* PVBaseRootNaviVC.swift in Sources */ = {isa = PBXBuildFile; fileRef = 484DAD49224F1741002BA454 /* PVBaseRootNaviVC.swift */; };
		484DADC8224F1741002BA454 /* PVNavigationBar.swift in Sources */ = {isa = PBXBuildFile; fileRef = 484DAD4A224F1741002BA454 /* PVNavigationBar.swift */; };
		484DADC9224F1741002BA454 /* PVBaseWMPageVC.swift in Sources */ = {isa = PBXBuildFile; fileRef = 484DAD4B224F1741002BA454 /* PVBaseWMPageVC.swift */; };
		484DADCA224F1741002BA454 /* PVBaseModel.swift in Sources */ = {isa = PBXBuildFile; fileRef = 484DAD4C224F1741002BA454 /* PVBaseModel.swift */; };
		484DADCB224F1741002BA454 /* PVBaseNavigationVC.swift in Sources */ = {isa = PBXBuildFile; fileRef = 484DAD4D224F1741002BA454 /* PVBaseNavigationVC.swift */; };
		484DADCD224F1741002BA454 /* PVMeViewController.swift in Sources */ = {isa = PBXBuildFile; fileRef = 484DAD52224F1741002BA454 /* PVMeViewController.swift */; };
		484DADE3224F1741002BA454 /* PVLoginPro.swift in Sources */ = {isa = PBXBuildFile; fileRef = 484DAD6C224F1741002BA454 /* PVLoginPro.swift */; };
		484DADE4224F1741002BA454 /* PVLoginVC.swift in Sources */ = {isa = PBXBuildFile; fileRef = 484DAD6E224F1741002BA454 /* PVLoginVC.swift */; };
		484DAE2D224F6DB4002BA454 /* PVLoginChildVCs.swift in Sources */ = {isa = PBXBuildFile; fileRef = 484DAE2C224F6DB4002BA454 /* PVLoginChildVCs.swift */; };
		487AFC68226AF36F0064F00A /* alivcffmpeg.framework in Frameworks */ = {isa = PBXBuildFile; fileRef = 482138C4226AD068001691E2 /* alivcffmpeg.framework */; };
		487AFC6A226B14EA0064F00A /* PVPlayPro.swift in Sources */ = {isa = PBXBuildFile; fileRef = 487AFC69226B14EA0064F00A /* PVPlayPro.swift */; };
		487AFC6C226B2E0E0064F00A /* PVPlayCameraView.swift in Sources */ = {isa = PBXBuildFile; fileRef = 487AFC6B226B2E0E0064F00A /* PVPlayCameraView.swift */; };
		488759F622844AAE004BC541 /* PVHomeModel.swift in Sources */ = {isa = PBXBuildFile; fileRef = 488759F522844AAE004BC541 /* PVHomeModel.swift */; };
		48A1C96C2276C78500A7C307 /* like_img_1.png in Resources */ = {isa = PBXBuildFile; fileRef = 48A1C9682276C78400A7C307 /* like_img_1.png */; };
		48A1C96D2276C78500A7C307 /* like_img_0.png in Resources */ = {isa = PBXBuildFile; fileRef = 48A1C9692276C78400A7C307 /* like_img_0.png */; };
		48A1C96E2276C78500A7C307 /* like_img_2.png in Resources */ = {isa = PBXBuildFile; fileRef = 48A1C96A2276C78400A7C307 /* like_img_2.png */; };
		48A1C96F2276C78500A7C307 /* likeAnimation.json in Resources */ = {isa = PBXBuildFile; fileRef = 48A1C96B2276C78400A7C307 /* likeAnimation.json */; };
		48A993872283D45100CC4326 /* PVHomeHeaderView.swift in Sources */ = {isa = PBXBuildFile; fileRef = 48A993862283D45100CC4326 /* PVHomeHeaderView.swift */; };
		48A9938B22840F2D00CC4326 /* PVHomeHeaderViewPro.swift in Sources */ = {isa = PBXBuildFile; fileRef = 48A9938A22840F2D00CC4326 /* PVHomeHeaderViewPro.swift */; };
		48A9938D22841C0400CC4326 /* PVHomeVCPro.swift in Sources */ = {isa = PBXBuildFile; fileRef = 48A9938C22841C0400CC4326 /* PVHomeVCPro.swift */; };
		48A9938F22841F2900CC4326 /* PVHomeRecommendVC.swift in Sources */ = {isa = PBXBuildFile; fileRef = 48A9938E22841F2900CC4326 /* PVHomeRecommendVC.swift */; };
		48A9939122841F8100CC4326 /* PVHomeAttentionVC.swift in Sources */ = {isa = PBXBuildFile; fileRef = 48A9939022841F8100CC4326 /* PVHomeAttentionVC.swift */; };
		48A993932284206F00CC4326 /* PVHomeVideoCell.swift in Sources */ = {isa = PBXBuildFile; fileRef = 48A993922284206F00CC4326 /* PVHomeVideoCell.swift */; };
		48E13CB9228E951500D27D75 /* YPJViewTools.swift in Sources */ = {isa = PBXBuildFile; fileRef = 48E13CB8228E951500D27D75 /* YPJViewTools.swift */; };
		48E13CBB228E953D00D27D75 /* YPJStringTools.swift in Sources */ = {isa = PBXBuildFile; fileRef = 48E13CBA228E953D00D27D75 /* YPJStringTools.swift */; };
		48E13CBD228E959300D27D75 /* YPJImageTools.swift in Sources */ = {isa = PBXBuildFile; fileRef = 48E13CBC228E959300D27D75 /* YPJImageTools.swift */; };
		48E13CBF228E988300D27D75 /* YPJResponderEx.swift in Sources */ = {isa = PBXBuildFile; fileRef = 48E13CBE228E988300D27D75 /* YPJResponderEx.swift */; };
		48E13CC1228EBF9900D27D75 /* PVMeModel.swift in Sources */ = {isa = PBXBuildFile; fileRef = 48E13CC0228EBF9900D27D75 /* PVMeModel.swift */; };
		48E13CC3228EDFFC00D27D75 /* PVHomePlayMaskView.swift in Sources */ = {isa = PBXBuildFile; fileRef = 48E13CC2228EDFFC00D27D75 /* PVHomePlayMaskView.swift */; };
/* End PBXBuildFile section */

/* Begin PBXFileReference section */
		481135F62283D25F00200453 /* PVHomeVC.swift */ = {isa = PBXFileReference; lastKnownFileType = sourcecode.swift; path = PVHomeVC.swift; sourceTree = "<group>"; };
		481C599C2252EDD30086F616 /* PVLoginChildVCPro.swift */ = {isa = PBXFileReference; lastKnownFileType = sourcecode.swift; path = PVLoginChildVCPro.swift; sourceTree = "<group>"; };
		481C599E225311110086F616 /* PVForgetPsdVC.swift */ = {isa = PBXFileReference; lastKnownFileType = sourcecode.swift; path = PVForgetPsdVC.swift; sourceTree = "<group>"; };
		481C59A0225336D70086F616 /* PVAgreementWebVC.swift */ = {isa = PBXFileReference; lastKnownFileType = sourcecode.swift; path = PVAgreementWebVC.swift; sourceTree = "<group>"; };
		481C59A2225338A50086F616 /* PVHomePlayVC.swift */ = {isa = PBXFileReference; lastKnownFileType = sourcecode.swift; path = PVHomePlayVC.swift; sourceTree = "<group>"; };
		481C59A6225338E70086F616 /* PVPearlVC.swift */ = {isa = PBXFileReference; lastKnownFileType = sourcecode.swift; path = PVPearlVC.swift; sourceTree = "<group>"; };
		481C59A8225342220086F616 /* PVMeHeaderView.swift */ = {isa = PBXFileReference; lastKnownFileType = sourcecode.swift; path = PVMeHeaderView.swift; sourceTree = "<group>"; };
		481C59AA22535CFB0086F616 /* PVMePro.swift */ = {isa = PBXFileReference; lastKnownFileType = sourcecode.swift; path = PVMePro.swift; sourceTree = "<group>"; };
		481C59AC2253621F0086F616 /* PVMeVCChild.swift */ = {isa = PBXFileReference; lastKnownFileType = sourcecode.swift; path = PVMeVCChild.swift; sourceTree = "<group>"; };
		481C59AE225363AF0086F616 /* PVMeProductionCell.swift */ = {isa = PBXFileReference; lastKnownFileType = sourcecode.swift; path = PVMeProductionCell.swift; sourceTree = "<group>"; };
		481C59B0225366210086F616 /* PVMeVCChildPro.swift */ = {isa = PBXFileReference; lastKnownFileType = sourcecode.swift; path = PVMeVCChildPro.swift; sourceTree = "<group>"; };
		481C59B222537E4B0086F616 /* PVMeAttentionVC.swift */ = {isa = PBXFileReference; lastKnownFileType = sourcecode.swift; path = PVMeAttentionVC.swift; sourceTree = "<group>"; };
		481C59B422537F6B0086F616 /* PVMeAttentionCell.swift */ = {isa = PBXFileReference; lastKnownFileType = sourcecode.swift; path = PVMeAttentionCell.swift; sourceTree = "<group>"; };
		481C59B62253882B0086F616 /* PVMeFansVC.swift */ = {isa = PBXFileReference; lastKnownFileType = sourcecode.swift; path = PVMeFansVC.swift; sourceTree = "<group>"; };
		481C59B822538C4B0086F616 /* PVMeUserinfoEditVC.swift */ = {isa = PBXFileReference; lastKnownFileType = sourcecode.swift; path = PVMeUserinfoEditVC.swift; sourceTree = "<group>"; };
		481C59BA22538E570086F616 /* PVMeUserinfoEditCell.swift */ = {isa = PBXFileReference; lastKnownFileType = sourcecode.swift; path = PVMeUserinfoEditCell.swift; sourceTree = "<group>"; };
		481D6651225450E900B59929 /* PVDatePickerView.swift */ = {isa = PBXFileReference; lastKnownFileType = sourcecode.swift; path = PVDatePickerView.swift; sourceTree = "<group>"; };
		481D66532254A02400B59929 /* PVMeSettingVC.swift */ = {isa = PBXFileReference; lastKnownFileType = sourcecode.swift; path = PVMeSettingVC.swift; sourceTree = "<group>"; };
		481D66552254A28700B59929 /* PVMeSettingCell.swift */ = {isa = PBXFileReference; lastKnownFileType = sourcecode.swift; path = PVMeSettingCell.swift; sourceTree = "<group>"; };
		481D66572254BCC400B59929 /* PVMeSettingVCChild.swift */ = {isa = PBXFileReference; lastKnownFileType = sourcecode.swift; path = PVMeSettingVCChild.swift; sourceTree = "<group>"; };
		481D66592254CEA000B59929 /* PVMeSettingVCChildPro.swift */ = {isa = PBXFileReference; lastKnownFileType = sourcecode.swift; path = PVMeSettingVCChildPro.swift; sourceTree = "<group>"; };
		481D665B2254D91100B59929 /* PVMeSettingVCChildView.swift */ = {isa = PBXFileReference; lastKnownFileType = sourcecode.swift; path = PVMeSettingVCChildView.swift; sourceTree = "<group>"; };
		481F1BFE22890C6600AAEC8E /* PVHomeMyTeamVC.swift */ = {isa = PBXFileReference; lastKnownFileType = sourcecode.swift; path = PVHomeMyTeamVC.swift; sourceTree = "<group>"; };
		481F1C0022890E0B00AAEC8E /* PVHomeMyTeamViews.swift */ = {isa = PBXFileReference; lastKnownFileType = sourcecode.swift; path = PVHomeMyTeamViews.swift; sourceTree = "<group>"; };
		481F1C022289114B00AAEC8E /* PVHomeMyTeamPro.swift */ = {isa = PBXFileReference; lastKnownFileType = sourcecode.swift; path = PVHomeMyTeamPro.swift; sourceTree = "<group>"; };
		481F1C0822899E3100AAEC8E /* PVHomeTaskVC.swift */ = {isa = PBXFileReference; lastKnownFileType = sourcecode.swift; path = PVHomeTaskVC.swift; sourceTree = "<group>"; };
		481F20E2225F11A900331CCF /* PVUserInfoVC.swift */ = {isa = PBXFileReference; lastKnownFileType = sourcecode.swift; path = PVUserInfoVC.swift; sourceTree = "<group>"; };
		481F20E4225F159900331CCF /* PVUserInfoView.swift */ = {isa = PBXFileReference; lastKnownFileType = sourcecode.swift; path = PVUserInfoView.swift; sourceTree = "<group>"; };
		481F20E6225F177000331CCF /* PVUserInfoPro.swift */ = {isa = PBXFileReference; lastKnownFileType = sourcecode.swift; path = PVUserInfoPro.swift; sourceTree = "<group>"; };
		481F20E8225F270600331CCF /* PVVideoCommentView.swift */ = {isa = PBXFileReference; lastKnownFileType = sourcecode.swift; path = PVVideoCommentView.swift; sourceTree = "<group>"; };
		481F20EA225F350800331CCF /* PVHomePlayPro.swift */ = {isa = PBXFileReference; lastKnownFileType = sourcecode.swift; path = PVHomePlayPro.swift; sourceTree = "<group>"; };
		481F20EC225F416F00331CCF /* PVVideoCommentPro.swift */ = {isa = PBXFileReference; lastKnownFileType = sourcecode.swift; path = PVVideoCommentPro.swift; sourceTree = "<group>"; };
		481F52D2228C0F0E00474048 /* PVHomeVideoModel.swift */ = {isa = PBXFileReference; lastKnownFileType = sourcecode.swift; path = PVHomeVideoModel.swift; sourceTree = "<group>"; };
		481F52D4228C167400474048 /* PVHomeOtherModels.swift */ = {isa = PBXFileReference; lastKnownFileType = sourcecode.swift; path = PVHomeOtherModels.swift; sourceTree = "<group>"; };
		481F802A2261802B00C20CB1 /* PVPearlPro.swift */ = {isa = PBXFileReference; lastKnownFileType = sourcecode.swift; path = PVPearlPro.swift; sourceTree = "<group>"; };
		481F802C2261872900C20CB1 /* PVPearlPearlDetailVC.swift */ = {isa = PBXFileReference; lastKnownFileType = sourcecode.swift; path = PVPearlPearlDetailVC.swift; sourceTree = "<group>"; };
		481F802E22618E0100C20CB1 /* PVPearlPearlDetailCell.swift */ = {isa = PBXFileReference; lastKnownFileType = sourcecode.swift; path = PVPearlPearlDetailCell.swift; sourceTree = "<group>"; };
		481F8030226190D500C20CB1 /* PVPearlPlantDetailVC.swift */ = {isa = PBXFileReference; lastKnownFileType = sourcecode.swift; path = PVPearlPlantDetailVC.swift; sourceTree = "<group>"; };
		481F80322261934D00C20CB1 /* PVPearlUserLevelVC.swift */ = {isa = PBXFileReference; lastKnownFileType = sourcecode.swift; path = PVPearlUserLevelVC.swift; sourceTree = "<group>"; };
		481F80342261C65B00C20CB1 /* PVPearlUserLevelCell.swift */ = {isa = PBXFileReference; lastKnownFileType = sourcecode.swift; path = PVPearlUserLevelCell.swift; sourceTree = "<group>"; };
		481F80362261D0B600C20CB1 /* PVPearlShellLevelVC.swift */ = {isa = PBXFileReference; lastKnownFileType = sourcecode.swift; path = PVPearlShellLevelVC.swift; sourceTree = "<group>"; };
		481F80382261DCE600C20CB1 /* PVPearlMarketVC.swift */ = {isa = PBXFileReference; lastKnownFileType = sourcecode.swift; path = PVPearlMarketVC.swift; sourceTree = "<group>"; };
		481F803A2261E8DF00C20CB1 /* PVPearlMarketChildVCs.swift */ = {isa = PBXFileReference; lastKnownFileType = sourcecode.swift; path = PVPearlMarketChildVCs.swift; sourceTree = "<group>"; };
		481F803C2261EB1200C20CB1 /* PVPearlMarketChildViews.swift */ = {isa = PBXFileReference; lastKnownFileType = sourcecode.swift; path = PVPearlMarketChildViews.swift; sourceTree = "<group>"; };
		481F803E2261EB7900C20CB1 /* PVPearlMarketChildPro.swift */ = {isa = PBXFileReference; lastKnownFileType = sourcecode.swift; path = PVPearlMarketChildPro.swift; sourceTree = "<group>"; };
		481F8F68228A507E00A3AF92 /* PVHomeTaskPro.swift */ = {isa = PBXFileReference; lastKnownFileType = sourcecode.swift; path = PVHomeTaskPro.swift; sourceTree = "<group>"; };
		481F8F6A228A515500A3AF92 /* PVHomeTaskViews.swift */ = {isa = PBXFileReference; lastKnownFileType = sourcecode.swift; path = PVHomeTaskViews.swift; sourceTree = "<group>"; };
		481F8F6C228A5F2E00A3AF92 /* PVHomeMessageVC.swift */ = {isa = PBXFileReference; lastKnownFileType = sourcecode.swift; path = PVHomeMessageVC.swift; sourceTree = "<group>"; };
		481F8F6E228A602400A3AF92 /* PVHomeMessageViews.swift */ = {isa = PBXFileReference; lastKnownFileType = sourcecode.swift; path = PVHomeMessageViews.swift; sourceTree = "<group>"; };
		481F8F70228A62C900A3AF92 /* PVHomeMessagePro.swift */ = {isa = PBXFileReference; lastKnownFileType = sourcecode.swift; path = PVHomeMessagePro.swift; sourceTree = "<group>"; };
		481FD11722697C130028F82C /* PVHomePlayDelegates.swift */ = {isa = PBXFileReference; lastKnownFileType = sourcecode.swift; path = PVHomePlayDelegates.swift; sourceTree = "<group>"; };
		481FD11B2269EE8B0028F82C /* VODUpload.framework */ = {isa = PBXFileReference; lastKnownFileType = wrapper.framework; name = VODUpload.framework; path = Pods/VODUpload/frameworks/VODUpload.framework; sourceTree = "<group>"; };
		481FD11D2269F47B0028F82C /* PVPlayVideoUploadVC.swift */ = {isa = PBXFileReference; lastKnownFileType = sourcecode.swift; path = PVPlayVideoUploadVC.swift; sourceTree = "<group>"; };
		48200A4D225E0E2800D19735 /* PVHomeReportVC.swift */ = {isa = PBXFileReference; lastKnownFileType = sourcecode.swift; path = PVHomeReportVC.swift; sourceTree = "<group>"; };
		48200A4F225E0EE600D19735 /* PVHomeReportCell.swift */ = {isa = PBXFileReference; lastKnownFileType = sourcecode.swift; path = PVHomeReportCell.swift; sourceTree = "<group>"; };
		48200A51225E130100D19735 /* PVHomeReportDetailVC.swift */ = {isa = PBXFileReference; lastKnownFileType = sourcecode.swift; path = PVHomeReportDetailVC.swift; sourceTree = "<group>"; };
		48200A53225E1B5900D19735 /* PVHomeReportDetailPro.swift */ = {isa = PBXFileReference; lastKnownFileType = sourcecode.swift; path = PVHomeReportDetailPro.swift; sourceTree = "<group>"; };
		4820F4072285823800898CD7 /* PVHomeInfoChildVCs.swift */ = {isa = PBXFileReference; lastKnownFileType = sourcecode.swift; path = PVHomeInfoChildVCs.swift; sourceTree = "<group>"; };
		4820F409228582E200898CD7 /* PVHomeVCChildViews.swift */ = {isa = PBXFileReference; lastKnownFileType = sourcecode.swift; path = PVHomeVCChildViews.swift; sourceTree = "<group>"; };
		4820F40B2285874B00898CD7 /* PVHomeInfoChildVCsPro.swift */ = {isa = PBXFileReference; lastKnownFileType = sourcecode.swift; path = PVHomeInfoChildVCsPro.swift; sourceTree = "<group>"; };
		482138C2226ACA68001691E2 /* PVPlayVC.swift */ = {isa = PBXFileReference; lastKnownFileType = sourcecode.swift; path = PVPlayVC.swift; sourceTree = "<group>"; };
		482138C4226AD068001691E2 /* alivcffmpeg.framework */ = {isa = PBXFileReference; lastKnownFileType = wrapper.framework; path = alivcffmpeg.framework; sourceTree = "<group>"; };
		482138CC226AD195001691E2 /* libz.tbd */ = {isa = PBXFileReference; lastKnownFileType = "sourcecode.text-based-dylib-definition"; name = libz.tbd; path = usr/lib/libz.tbd; sourceTree = SDKROOT; };
		482138CE226AD1A2001691E2 /* ImageIO.framework */ = {isa = PBXFileReference; lastKnownFileType = wrapper.framework; name = ImageIO.framework; path = System/Library/Frameworks/ImageIO.framework; sourceTree = SDKROOT; };
		482138D0226AD1B0001691E2 /* CoreMedia.framework */ = {isa = PBXFileReference; lastKnownFileType = wrapper.framework; name = CoreMedia.framework; path = System/Library/Frameworks/CoreMedia.framework; sourceTree = SDKROOT; };
		482138D2226AD1B8001691E2 /* CoreVideo.framework */ = {isa = PBXFileReference; lastKnownFileType = wrapper.framework; name = CoreVideo.framework; path = System/Library/Frameworks/CoreVideo.framework; sourceTree = SDKROOT; };
		482138D4226AD1C3001691E2 /* VideoToolbox.framework */ = {isa = PBXFileReference; lastKnownFileType = wrapper.framework; name = VideoToolbox.framework; path = System/Library/Frameworks/VideoToolbox.framework; sourceTree = SDKROOT; };
		482138D6226AD1CB001691E2 /* MediaPlayer.framework */ = {isa = PBXFileReference; lastKnownFileType = wrapper.framework; name = MediaPlayer.framework; path = System/Library/Frameworks/MediaPlayer.framework; sourceTree = SDKROOT; };
		482138D8226AD1D4001691E2 /* OpenAL.framework */ = {isa = PBXFileReference; lastKnownFileType = wrapper.framework; name = OpenAL.framework; path = System/Library/Frameworks/OpenAL.framework; sourceTree = SDKROOT; };
		482138DA226AD1E1001691E2 /* libc++.tbd */ = {isa = PBXFileReference; lastKnownFileType = "sourcecode.text-based-dylib-definition"; name = "libc++.tbd"; path = "usr/lib/libc++.tbd"; sourceTree = SDKROOT; };
		482138DC226AD1F9001691E2 /* libiconv.tbd */ = {isa = PBXFileReference; lastKnownFileType = "sourcecode.text-based-dylib-definition"; name = libiconv.tbd; path = usr/lib/libiconv.tbd; sourceTree = SDKROOT; };
		482138E2226AD4A4001691E2 /* AliyunVideoSDKPro.framework */ = {isa = PBXFileReference; lastKnownFileType = wrapper.framework; name = AliyunVideoSDKPro.framework; path = Pods/AliyunVideoSDKBasic/frameworks/AliyunVideoSDKPro.framework; sourceTree = "<group>"; };
		4821C6A222560D4F0030BF4B /* PVMeMessageVC.swift */ = {isa = PBXFileReference; lastKnownFileType = sourcecode.swift; path = PVMeMessageVC.swift; sourceTree = "<group>"; };
		4821C6A42256131A0030BF4B /* PVMeMessageVCChild.swift */ = {isa = PBXFileReference; lastKnownFileType = sourcecode.swift; path = PVMeMessageVCChild.swift; sourceTree = "<group>"; };
		4821C7482293A1AD005FC71A /* PVVideoCommentModel.swift */ = {isa = PBXFileReference; lastKnownFileType = sourcecode.swift; path = PVVideoCommentModel.swift; sourceTree = "<group>"; };
		482290A02264318C00870988 /* PVPearlSendBillVC.swift */ = {isa = PBXFileReference; lastKnownFileType = sourcecode.swift; path = PVPearlSendBillVC.swift; sourceTree = "<group>"; };
		482290A2226450CE00870988 /* PVPearlSendBillCell.swift */ = {isa = PBXFileReference; lastKnownFileType = sourcecode.swift; path = PVPearlSendBillCell.swift; sourceTree = "<group>"; };
		482290A4226461BC00870988 /* PVPearlDealRecordVC.swift */ = {isa = PBXFileReference; lastKnownFileType = sourcecode.swift; path = PVPearlDealRecordVC.swift; sourceTree = "<group>"; };
		482290A62264630D00870988 /* PVPearlDealRecordChildVCs.swift */ = {isa = PBXFileReference; lastKnownFileType = sourcecode.swift; path = PVPearlDealRecordChildVCs.swift; sourceTree = "<group>"; };
		482290A82264641200870988 /* PVPearlDealRecordChildViews.swift */ = {isa = PBXFileReference; lastKnownFileType = sourcecode.swift; path = PVPearlDealRecordChildViews.swift; sourceTree = "<group>"; };
		482290AA2264746600870988 /* PVPearlDealRecordChildPro.swift */ = {isa = PBXFileReference; lastKnownFileType = sourcecode.swift; path = PVPearlDealRecordChildPro.swift; sourceTree = "<group>"; };
		482290AC2264792200870988 /* PVPearlOrderDetailVC.swift */ = {isa = PBXFileReference; lastKnownFileType = sourcecode.swift; path = PVPearlOrderDetailVC.swift; sourceTree = "<group>"; };
		482290AE22647DDE00870988 /* PVPearlOrderDetailViews.swift */ = {isa = PBXFileReference; lastKnownFileType = sourcecode.swift; path = PVPearlOrderDetailViews.swift; sourceTree = "<group>"; };
		4822D3EB2273EFF3000CF509 /* PVMeShareVC.swift */ = {isa = PBXFileReference; lastKnownFileType = sourcecode.swift; path = PVMeShareVC.swift; sourceTree = "<group>"; };
		4822D3ED2274077F000CF509 /* YPJOtherToolQRImage.swift */ = {isa = PBXFileReference; lastKnownFileType = sourcecode.swift; path = YPJOtherToolQRImage.swift; sourceTree = "<group>"; };
		4822D3EF22745490000CF509 /* PVPearlHeaderViews.swift */ = {isa = PBXFileReference; lastKnownFileType = sourcecode.swift; path = PVPearlHeaderViews.swift; sourceTree = "<group>"; };
		48232F54226F110B001ACECC /* PVPlayCameraViewPro.swift */ = {isa = PBXFileReference; lastKnownFileType = sourcecode.swift; path = PVPlayCameraViewPro.swift; sourceTree = "<group>"; };
		4823BBCD2290048E006869AA /* PVVideoPlayModel.swift */ = {isa = PBXFileReference; lastKnownFileType = sourcecode.swift; path = PVVideoPlayModel.swift; sourceTree = "<group>"; };
		4824A64E226D5C5100FF7832 /* PVPlayProgressView.swift */ = {isa = PBXFileReference; lastKnownFileType = sourcecode.swift; path = PVPlayProgressView.swift; sourceTree = "<group>"; };
		48283CD222602F4E00CBE8CD /* PVPearlViews.swift */ = {isa = PBXFileReference; lastKnownFileType = sourcecode.swift; path = PVPearlViews.swift; sourceTree = "<group>"; };
		482F3C39225ADF7600FEC130 /* PVMeMessageVCChildPro.swift */ = {isa = PBXFileReference; lastKnownFileType = sourcecode.swift; path = PVMeMessageVCChildPro.swift; sourceTree = "<group>"; };
		482F3C3B225AE43F00FEC130 /* PVMeMessageVCChildView.swift */ = {isa = PBXFileReference; lastKnownFileType = sourcecode.swift; path = PVMeMessageVCChildView.swift; sourceTree = "<group>"; };
		482F3C3D225B30CC00FEC130 /* PVMeInvitationCodeVC.swift */ = {isa = PBXFileReference; lastKnownFileType = sourcecode.swift; path = PVMeInvitationCodeVC.swift; sourceTree = "<group>"; };
		482F3C3F225B5F0900FEC130 /* PVMeInvitationBindingView.swift */ = {isa = PBXFileReference; lastKnownFileType = sourcecode.swift; path = PVMeInvitationBindingView.swift; sourceTree = "<group>"; };
		482F3C41225B716800FEC130 /* PVMeTeamVC.swift */ = {isa = PBXFileReference; lastKnownFileType = sourcecode.swift; path = PVMeTeamVC.swift; sourceTree = "<group>"; };
		482F3C43225B79B900FEC130 /* PVMeTeamVCPro.swift */ = {isa = PBXFileReference; lastKnownFileType = sourcecode.swift; path = PVMeTeamVCPro.swift; sourceTree = "<group>"; };
		4830DD5E2268612A00E2B86F /* PVHomePlayContainerView.swift */ = {isa = PBXFileReference; lastKnownFileType = sourcecode.swift; path = PVHomePlayContainerView.swift; sourceTree = "<group>"; };
		4830DD61226863DE00E2B86F /* AlivcQuVideoModel.swift */ = {isa = PBXFileReference; lastKnownFileType = sourcecode.swift; path = AlivcQuVideoModel.swift; sourceTree = "<group>"; };
		483657FD225C2EFC00BCB2D9 /* PVMeTeamVCChild.swift */ = {isa = PBXFileReference; lastKnownFileType = sourcecode.swift; path = PVMeTeamVCChild.swift; sourceTree = "<group>"; };
		483657FF225C30B700BCB2D9 /* PVMeTeamVCChildPro.swift */ = {isa = PBXFileReference; lastKnownFileType = sourcecode.swift; path = PVMeTeamVCChildPro.swift; sourceTree = "<group>"; };
		48365801225C311C00BCB2D9 /* PVMeTeamVCChildView.swift */ = {isa = PBXFileReference; lastKnownFileType = sourcecode.swift; path = PVMeTeamVCChildView.swift; sourceTree = "<group>"; };
		48365807225C8C4700BCB2D9 /* PVAttentionDetailViews.swift */ = {isa = PBXFileReference; lastKnownFileType = sourcecode.swift; path = PVAttentionDetailViews.swift; sourceTree = "<group>"; };
		484DAD04224F10B4002BA454 /* PearlVideo.app */ = {isa = PBXFileReference; explicitFileType = wrapper.application; includeInIndex = 0; path = PearlVideo.app; sourceTree = BUILT_PRODUCTS_DIR; };
		484DAD07224F10B4002BA454 /* AppDelegate.swift */ = {isa = PBXFileReference; lastKnownFileType = sourcecode.swift; path = AppDelegate.swift; sourceTree = "<group>"; };
		484DAD0E224F10B5002BA454 /* Assets.xcassets */ = {isa = PBXFileReference; lastKnownFileType = folder.assetcatalog; path = Assets.xcassets; sourceTree = "<group>"; };
		484DAD11224F10B5002BA454 /* Base */ = {isa = PBXFileReference; lastKnownFileType = file.storyboard; name = Base; path = Base.lproj/LaunchScreen.storyboard; sourceTree = "<group>"; };
		484DAD13224F10B5002BA454 /* Info.plist */ = {isa = PBXFileReference; lastKnownFileType = text.plist.xml; path = Info.plist; sourceTree = "<group>"; };
		484DAD21224F12DE002BA454 /* BridgingHeader.h */ = {isa = PBXFileReference; lastKnownFileType = sourcecode.c.h; path = BridgingHeader.h; sourceTree = "<group>"; };
		484DAD22224F1380002BA454 /* KeysMacro.swift */ = {isa = PBXFileReference; fileEncoding = 4; lastKnownFileType = sourcecode.swift; path = KeysMacro.swift; sourceTree = "<group>"; };
		484DAD23224F1380002BA454 /* ArgsMacro.swift */ = {isa = PBXFileReference; fileEncoding = 4; lastKnownFileType = sourcecode.swift; path = ArgsMacro.swift; sourceTree = "<group>"; };
		484DAD24224F1380002BA454 /* ToolMacro.swift */ = {isa = PBXFileReference; fileEncoding = 4; lastKnownFileType = sourcecode.swift; path = ToolMacro.swift; sourceTree = "<group>"; };
		484DAD29224F140F002BA454 /* PVNetworkTool.swift */ = {isa = PBXFileReference; fileEncoding = 4; lastKnownFileType = sourcecode.swift; path = PVNetworkTool.swift; sourceTree = "<group>"; };
		484DAD2A224F140F002BA454 /* PVRefresh.swift */ = {isa = PBXFileReference; fileEncoding = 4; lastKnownFileType = sourcecode.swift; path = PVRefresh.swift; sourceTree = "<group>"; };
		484DAD2B224F140F002BA454 /* PVNetworkValidate.swift */ = {isa = PBXFileReference; fileEncoding = 4; lastKnownFileType = sourcecode.swift; path = PVNetworkValidate.swift; sourceTree = "<group>"; };
		484DAD2C224F140F002BA454 /* PVNetworkRouter.swift */ = {isa = PBXFileReference; fileEncoding = 4; lastKnownFileType = sourcecode.swift; path = PVNetworkRouter.swift; sourceTree = "<group>"; };
		484DAD2E224F140F002BA454 /* PVCustomTextField.swift */ = {isa = PBXFileReference; fileEncoding = 4; lastKnownFileType = sourcecode.swift; path = PVCustomTextField.swift; sourceTree = "<group>"; };
		484DAD2F224F140F002BA454 /* PVCustomButton.swift */ = {isa = PBXFileReference; fileEncoding = 4; lastKnownFileType = sourcecode.swift; path = PVCustomButton.swift; sourceTree = "<group>"; };
		484DAD31224F140F002BA454 /* YPJTextFieldEx.swift */ = {isa = PBXFileReference; fileEncoding = 4; lastKnownFileType = sourcecode.swift; path = YPJTextFieldEx.swift; sourceTree = "<group>"; };
		484DAD32224F140F002BA454 /* YPJViewEx.swift */ = {isa = PBXFileReference; fileEncoding = 4; lastKnownFileType = sourcecode.swift; path = YPJViewEx.swift; sourceTree = "<group>"; };
		484DAD34224F140F002BA454 /* YPJExTools.swift */ = {isa = PBXFileReference; fileEncoding = 4; lastKnownFileType = sourcecode.swift; path = YPJExTools.swift; sourceTree = "<group>"; };
		484DAD35224F140F002BA454 /* YPJOtherTools.swift */ = {isa = PBXFileReference; fileEncoding = 4; lastKnownFileType = sourcecode.swift; path = YPJOtherTools.swift; sourceTree = "<group>"; };
		484DAD36224F140F002BA454 /* GCDTools.swift */ = {isa = PBXFileReference; fileEncoding = 4; lastKnownFileType = sourcecode.swift; path = GCDTools.swift; sourceTree = "<group>"; };
		484DAD42224F14F7002BA454 /* AppDelegateEx.swift */ = {isa = PBXFileReference; fileEncoding = 4; lastKnownFileType = sourcecode.swift; path = AppDelegateEx.swift; sourceTree = "<group>"; };
		484DAD43224F14F7002BA454 /* PVTabBarController.swift */ = {isa = PBXFileReference; fileEncoding = 4; lastKnownFileType = sourcecode.swift; path = PVTabBarController.swift; sourceTree = "<group>"; };
		484DAD47224F1741002BA454 /* PVBaseTableCell.swift */ = {isa = PBXFileReference; fileEncoding = 4; lastKnownFileType = sourcecode.swift; path = PVBaseTableCell.swift; sourceTree = "<group>"; };
		484DAD48224F1741002BA454 /* PVBaseViewController.swift */ = {isa = PBXFileReference; fileEncoding = 4; lastKnownFileType = sourcecode.swift; path = PVBaseViewController.swift; sourceTree = "<group>"; };
		484DAD49224F1741002BA454 /* PVBaseRootNaviVC.swift */ = {isa = PBXFileReference; fileEncoding = 4; lastKnownFileType = sourcecode.swift; path = PVBaseRootNaviVC.swift; sourceTree = "<group>"; };
		484DAD4A224F1741002BA454 /* PVNavigationBar.swift */ = {isa = PBXFileReference; fileEncoding = 4; lastKnownFileType = sourcecode.swift; path = PVNavigationBar.swift; sourceTree = "<group>"; };
		484DAD4B224F1741002BA454 /* PVBaseWMPageVC.swift */ = {isa = PBXFileReference; fileEncoding = 4; lastKnownFileType = sourcecode.swift; path = PVBaseWMPageVC.swift; sourceTree = "<group>"; };
		484DAD4C224F1741002BA454 /* PVBaseModel.swift */ = {isa = PBXFileReference; fileEncoding = 4; lastKnownFileType = sourcecode.swift; path = PVBaseModel.swift; sourceTree = "<group>"; };
		484DAD4D224F1741002BA454 /* PVBaseNavigationVC.swift */ = {isa = PBXFileReference; fileEncoding = 4; lastKnownFileType = sourcecode.swift; path = PVBaseNavigationVC.swift; sourceTree = "<group>"; };
		484DAD52224F1741002BA454 /* PVMeViewController.swift */ = {isa = PBXFileReference; fileEncoding = 4; lastKnownFileType = sourcecode.swift; path = PVMeViewController.swift; sourceTree = "<group>"; };
		484DAD6C224F1741002BA454 /* PVLoginPro.swift */ = {isa = PBXFileReference; fileEncoding = 4; lastKnownFileType = sourcecode.swift; path = PVLoginPro.swift; sourceTree = "<group>"; };
		484DAD6E224F1741002BA454 /* PVLoginVC.swift */ = {isa = PBXFileReference; fileEncoding = 4; lastKnownFileType = sourcecode.swift; path = PVLoginVC.swift; sourceTree = "<group>"; };
		484DAE2C224F6DB4002BA454 /* PVLoginChildVCs.swift */ = {isa = PBXFileReference; lastKnownFileType = sourcecode.swift; path = PVLoginChildVCs.swift; sourceTree = "<group>"; };
		487AFC69226B14EA0064F00A /* PVPlayPro.swift */ = {isa = PBXFileReference; lastKnownFileType = sourcecode.swift; path = PVPlayPro.swift; sourceTree = "<group>"; };
		487AFC6B226B2E0E0064F00A /* PVPlayCameraView.swift */ = {isa = PBXFileReference; lastKnownFileType = sourcecode.swift; path = PVPlayCameraView.swift; sourceTree = "<group>"; };
		488759F522844AAE004BC541 /* PVHomeModel.swift */ = {isa = PBXFileReference; lastKnownFileType = sourcecode.swift; path = PVHomeModel.swift; sourceTree = "<group>"; };
		48A1C9682276C78400A7C307 /* like_img_1.png */ = {isa = PBXFileReference; lastKnownFileType = image.png; path = like_img_1.png; sourceTree = "<group>"; };
		48A1C9692276C78400A7C307 /* like_img_0.png */ = {isa = PBXFileReference; lastKnownFileType = image.png; path = like_img_0.png; sourceTree = "<group>"; };
		48A1C96A2276C78400A7C307 /* like_img_2.png */ = {isa = PBXFileReference; lastKnownFileType = image.png; path = like_img_2.png; sourceTree = "<group>"; };
		48A1C96B2276C78400A7C307 /* likeAnimation.json */ = {isa = PBXFileReference; fileEncoding = 4; lastKnownFileType = text.json; path = likeAnimation.json; sourceTree = "<group>"; };
		48A993862283D45100CC4326 /* PVHomeHeaderView.swift */ = {isa = PBXFileReference; lastKnownFileType = sourcecode.swift; path = PVHomeHeaderView.swift; sourceTree = "<group>"; };
		48A9938A22840F2D00CC4326 /* PVHomeHeaderViewPro.swift */ = {isa = PBXFileReference; lastKnownFileType = sourcecode.swift; path = PVHomeHeaderViewPro.swift; sourceTree = "<group>"; };
		48A9938C22841C0400CC4326 /* PVHomeVCPro.swift */ = {isa = PBXFileReference; lastKnownFileType = sourcecode.swift; path = PVHomeVCPro.swift; sourceTree = "<group>"; };
		48A9938E22841F2900CC4326 /* PVHomeRecommendVC.swift */ = {isa = PBXFileReference; lastKnownFileType = sourcecode.swift; path = PVHomeRecommendVC.swift; sourceTree = "<group>"; };
		48A9939022841F8100CC4326 /* PVHomeAttentionVC.swift */ = {isa = PBXFileReference; lastKnownFileType = sourcecode.swift; path = PVHomeAttentionVC.swift; sourceTree = "<group>"; };
		48A993922284206F00CC4326 /* PVHomeVideoCell.swift */ = {isa = PBXFileReference; lastKnownFileType = sourcecode.swift; path = PVHomeVideoCell.swift; sourceTree = "<group>"; };
		48E13CB8228E951500D27D75 /* YPJViewTools.swift */ = {isa = PBXFileReference; lastKnownFileType = sourcecode.swift; path = YPJViewTools.swift; sourceTree = "<group>"; };
		48E13CBA228E953D00D27D75 /* YPJStringTools.swift */ = {isa = PBXFileReference; lastKnownFileType = sourcecode.swift; path = YPJStringTools.swift; sourceTree = "<group>"; };
		48E13CBC228E959300D27D75 /* YPJImageTools.swift */ = {isa = PBXFileReference; lastKnownFileType = sourcecode.swift; path = YPJImageTools.swift; sourceTree = "<group>"; };
		48E13CBE228E988300D27D75 /* YPJResponderEx.swift */ = {isa = PBXFileReference; lastKnownFileType = sourcecode.swift; path = YPJResponderEx.swift; sourceTree = "<group>"; };
		48E13CC0228EBF9900D27D75 /* PVMeModel.swift */ = {isa = PBXFileReference; lastKnownFileType = sourcecode.swift; path = PVMeModel.swift; sourceTree = "<group>"; };
		48E13CC2228EDFFC00D27D75 /* PVHomePlayMaskView.swift */ = {isa = PBXFileReference; lastKnownFileType = sourcecode.swift; path = PVHomePlayMaskView.swift; sourceTree = "<group>"; };
		761B771C9F0CE0F909F03944 /* Pods-PearlVideo.release.xcconfig */ = {isa = PBXFileReference; includeInIndex = 1; lastKnownFileType = text.xcconfig; name = "Pods-PearlVideo.release.xcconfig"; path = "Target Support Files/Pods-PearlVideo/Pods-PearlVideo.release.xcconfig"; sourceTree = "<group>"; };
		930A2A5820FE0D1607F8150B /* Pods-PearlVideo.debug.xcconfig */ = {isa = PBXFileReference; includeInIndex = 1; lastKnownFileType = text.xcconfig; name = "Pods-PearlVideo.debug.xcconfig"; path = "Target Support Files/Pods-PearlVideo/Pods-PearlVideo.debug.xcconfig"; sourceTree = "<group>"; };
		D3B3E5C129A02C953A874031 /* Pods_PearlVideo.framework */ = {isa = PBXFileReference; explicitFileType = wrapper.framework; includeInIndex = 0; path = Pods_PearlVideo.framework; sourceTree = BUILT_PRODUCTS_DIR; };
/* End PBXFileReference section */

/* Begin PBXFrameworksBuildPhase section */
		484DAD01224F10B4002BA454 /* Frameworks */ = {
			isa = PBXFrameworksBuildPhase;
			buildActionMask = 2147483647;
			files = (
				487AFC68226AF36F0064F00A /* alivcffmpeg.framework in Frameworks */,
				482138DE226AD366001691E2 /* Pods_PearlVideo.framework in Frameworks */,
				482138DD226AD1F9001691E2 /* libiconv.tbd in Frameworks */,
				482138DB226AD1E1001691E2 /* libc++.tbd in Frameworks */,
				482138D9226AD1D4001691E2 /* OpenAL.framework in Frameworks */,
				482138D7226AD1CB001691E2 /* MediaPlayer.framework in Frameworks */,
				482138D5226AD1C3001691E2 /* VideoToolbox.framework in Frameworks */,
				482138D3226AD1B8001691E2 /* CoreVideo.framework in Frameworks */,
				482138D1226AD1B0001691E2 /* CoreMedia.framework in Frameworks */,
				482138CF226AD1A2001691E2 /* ImageIO.framework in Frameworks */,
				482138CD226AD196001691E2 /* libz.tbd in Frameworks */,
			);
			runOnlyForDeploymentPostprocessing = 0;
		};
/* End PBXFrameworksBuildPhase section */

/* Begin PBXGroup section */
		484DACFB224F10B4002BA454 = {
			isa = PBXGroup;
			children = (
				482138E2226AD4A4001691E2 /* AliyunVideoSDKPro.framework */,
				484DAD06224F10B4002BA454 /* PearlVideo */,
				484DAD05224F10B4002BA454 /* Products */,
				7457E57789A11B4EB0CD7ED1 /* Pods */,
				6DFCBF0E62A631F5DD4B9CC2 /* Frameworks */,
			);
			sourceTree = "<group>";
		};
		484DAD05224F10B4002BA454 /* Products */ = {
			isa = PBXGroup;
			children = (
				484DAD04224F10B4002BA454 /* PearlVideo.app */,
			);
			name = Products;
			sourceTree = "<group>";
		};
		484DAD06224F10B4002BA454 /* PearlVideo */ = {
			isa = PBXGroup;
			children = (
				484DAD1B224F1208002BA454 /* Sections */,
				484DAD20224F1254002BA454 /* Vendor */,
				484DAD1F224F1247002BA454 /* Helper */,
				484DAD1E224F123E002BA454 /* Macro */,
				484DAD1D224F1234002BA454 /* Main */,
				484DAD1C224F1213002BA454 /* Resource */,
				484DAD0E224F10B5002BA454 /* Assets.xcassets */,
				484DAD10224F10B5002BA454 /* LaunchScreen.storyboard */,
				484DAD13224F10B5002BA454 /* Info.plist */,
				484DAD21224F12DE002BA454 /* BridgingHeader.h */,
			);
			path = PearlVideo;
			sourceTree = "<group>";
		};
		484DAD1B224F1208002BA454 /* Sections */ = {
			isa = PBXGroup;
			children = (
				484DAD65224F1741002BA454 /* Model */,
				484DAD46224F1741002BA454 /* Base */,
				484DAD6A224F1741002BA454 /* Login */,
				484DAD73224F1741002BA454 /* Home */,
				484DADBB224F1741002BA454 /* Attention */,
				484DAD7C224F1741002BA454 /* Play */,
				484DAE28224F1822002BA454 /* Pearl */,
				484DAD4E224F1741002BA454 /* Me */,
			);
			path = Sections;
			sourceTree = "<group>";
		};
		484DAD1C224F1213002BA454 /* Resource */ = {
			isa = PBXGroup;
			children = (
				48A1C96B2276C78400A7C307 /* likeAnimation.json */,
				48A1C9672276C78400A7C307 /* likeAnimationImages */,
			);
			path = Resource;
			sourceTree = "<group>";
		};
		484DAD1D224F1234002BA454 /* Main */ = {
			isa = PBXGroup;
			children = (
				484DAD42224F14F7002BA454 /* AppDelegateEx.swift */,
				484DAD43224F14F7002BA454 /* PVTabBarController.swift */,
				484DAD07224F10B4002BA454 /* AppDelegate.swift */,
			);
			path = Main;
			sourceTree = "<group>";
		};
		484DAD1E224F123E002BA454 /* Macro */ = {
			isa = PBXGroup;
			children = (
				484DAD23224F1380002BA454 /* ArgsMacro.swift */,
				484DAD22224F1380002BA454 /* KeysMacro.swift */,
				484DAD24224F1380002BA454 /* ToolMacro.swift */,
			);
			path = Macro;
			sourceTree = "<group>";
		};
		484DAD1F224F1247002BA454 /* Helper */ = {
			isa = PBXGroup;
			children = (
				484DAD2D224F140F002BA454 /* CustomUI */,
				484DAD30224F140F002BA454 /* Extension */,
				484DAD28224F140F002BA454 /* Network */,
				484DAD33224F140F002BA454 /* Tools */,
			);
			path = Helper;
			sourceTree = "<group>";
		};
		484DAD20224F1254002BA454 /* Vendor */ = {
			isa = PBXGroup;
			children = (
				482138C4226AD068001691E2 /* alivcffmpeg.framework */,
			);
			path = Vendor;
			sourceTree = "<group>";
		};
		484DAD28224F140F002BA454 /* Network */ = {
			isa = PBXGroup;
			children = (
				484DAD29224F140F002BA454 /* PVNetworkTool.swift */,
				484DAD2A224F140F002BA454 /* PVRefresh.swift */,
				484DAD2B224F140F002BA454 /* PVNetworkValidate.swift */,
				484DAD2C224F140F002BA454 /* PVNetworkRouter.swift */,
			);
			path = Network;
			sourceTree = "<group>";
		};
		484DAD2D224F140F002BA454 /* CustomUI */ = {
			isa = PBXGroup;
			children = (
				484DAD2E224F140F002BA454 /* PVCustomTextField.swift */,
				484DAD2F224F140F002BA454 /* PVCustomButton.swift */,
				481D6651225450E900B59929 /* PVDatePickerView.swift */,
			);
			path = CustomUI;
			sourceTree = "<group>";
		};
		484DAD30224F140F002BA454 /* Extension */ = {
			isa = PBXGroup;
			children = (
				484DAD31224F140F002BA454 /* YPJTextFieldEx.swift */,
				484DAD32224F140F002BA454 /* YPJViewEx.swift */,
				48E13CBE228E988300D27D75 /* YPJResponderEx.swift */,
			);
			path = Extension;
			sourceTree = "<group>";
		};
		484DAD33224F140F002BA454 /* Tools */ = {
			isa = PBXGroup;
			children = (
				484DAD34224F140F002BA454 /* YPJExTools.swift */,
				48E13CBA228E953D00D27D75 /* YPJStringTools.swift */,
				48E13CB8228E951500D27D75 /* YPJViewTools.swift */,
				48E13CBC228E959300D27D75 /* YPJImageTools.swift */,
				484DAD35224F140F002BA454 /* YPJOtherTools.swift */,
				484DAD36224F140F002BA454 /* GCDTools.swift */,
				4822D3ED2274077F000CF509 /* YPJOtherToolQRImage.swift */,
			);
			path = Tools;
			sourceTree = "<group>";
		};
		484DAD46224F1741002BA454 /* Base */ = {
			isa = PBXGroup;
			children = (
				484DAD47224F1741002BA454 /* PVBaseTableCell.swift */,
				484DAD48224F1741002BA454 /* PVBaseViewController.swift */,
				484DAD49224F1741002BA454 /* PVBaseRootNaviVC.swift */,
				484DAD4A224F1741002BA454 /* PVNavigationBar.swift */,
				484DAD4B224F1741002BA454 /* PVBaseWMPageVC.swift */,
				484DAD4C224F1741002BA454 /* PVBaseModel.swift */,
				484DAD4D224F1741002BA454 /* PVBaseNavigationVC.swift */,
			);
			path = Base;
			sourceTree = "<group>";
		};
		484DAD4E224F1741002BA454 /* Me */ = {
			isa = PBXGroup;
			children = (
				484DAD4F224F1741002BA454 /* Protocol */,
				484DAD51224F1741002BA454 /* Controller */,
				484DAD5C224F1741002BA454 /* View */,
			);
			path = Me;
			sourceTree = "<group>";
		};
		484DAD4F224F1741002BA454 /* Protocol */ = {
			isa = PBXGroup;
			children = (
				481C59AA22535CFB0086F616 /* PVMePro.swift */,
				481F20E6225F177000331CCF /* PVUserInfoPro.swift */,
				481C59B0225366210086F616 /* PVMeVCChildPro.swift */,
				481D66592254CEA000B59929 /* PVMeSettingVCChildPro.swift */,
				482F3C39225ADF7600FEC130 /* PVMeMessageVCChildPro.swift */,
				482F3C43225B79B900FEC130 /* PVMeTeamVCPro.swift */,
				483657FF225C30B700BCB2D9 /* PVMeTeamVCChildPro.swift */,
			);
			path = Protocol;
			sourceTree = "<group>";
		};
		484DAD51224F1741002BA454 /* Controller */ = {
			isa = PBXGroup;
			children = (
				484DAD52224F1741002BA454 /* PVMeViewController.swift */,
				481F20E2225F11A900331CCF /* PVUserInfoVC.swift */,
				481C59AC2253621F0086F616 /* PVMeVCChild.swift */,
				481C59B222537E4B0086F616 /* PVMeAttentionVC.swift */,
				481C59B62253882B0086F616 /* PVMeFansVC.swift */,
				481C59B822538C4B0086F616 /* PVMeUserinfoEditVC.swift */,
				481D66532254A02400B59929 /* PVMeSettingVC.swift */,
				481D66572254BCC400B59929 /* PVMeSettingVCChild.swift */,
				4821C6A222560D4F0030BF4B /* PVMeMessageVC.swift */,
				4821C6A42256131A0030BF4B /* PVMeMessageVCChild.swift */,
				482F3C3D225B30CC00FEC130 /* PVMeInvitationCodeVC.swift */,
				482F3C41225B716800FEC130 /* PVMeTeamVC.swift */,
				483657FD225C2EFC00BCB2D9 /* PVMeTeamVCChild.swift */,
				4822D3EB2273EFF3000CF509 /* PVMeShareVC.swift */,
			);
			path = Controller;
			sourceTree = "<group>";
		};
		484DAD5C224F1741002BA454 /* View */ = {
			isa = PBXGroup;
			children = (
				481F20E4225F159900331CCF /* PVUserInfoView.swift */,
				481C59A8225342220086F616 /* PVMeHeaderView.swift */,
				481C59AE225363AF0086F616 /* PVMeProductionCell.swift */,
				481C59B422537F6B0086F616 /* PVMeAttentionCell.swift */,
				481C59BA22538E570086F616 /* PVMeUserinfoEditCell.swift */,
				481D66552254A28700B59929 /* PVMeSettingCell.swift */,
				481D665B2254D91100B59929 /* PVMeSettingVCChildView.swift */,
				482F3C3B225AE43F00FEC130 /* PVMeMessageVCChildView.swift */,
				482F3C3F225B5F0900FEC130 /* PVMeInvitationBindingView.swift */,
				48365801225C311C00BCB2D9 /* PVMeTeamVCChildView.swift */,
			);
			path = View;
			sourceTree = "<group>";
		};
		484DAD65224F1741002BA454 /* Model */ = {
			isa = PBXGroup;
			children = (
				4830DD61226863DE00E2B86F /* AlivcQuVideoModel.swift */,
				488759F522844AAE004BC541 /* PVHomeModel.swift */,
				481F52D2228C0F0E00474048 /* PVHomeVideoModel.swift */,
				481F52D4228C167400474048 /* PVHomeOtherModels.swift */,
				48E13CC0228EBF9900D27D75 /* PVMeModel.swift */,
				4823BBCD2290048E006869AA /* PVVideoPlayModel.swift */,
				4821C7482293A1AD005FC71A /* PVVideoCommentModel.swift */,
			);
			path = Model;
			sourceTree = "<group>";
		};
		484DAD6A224F1741002BA454 /* Login */ = {
			isa = PBXGroup;
			children = (
				484DAD6B224F1741002BA454 /* Protocol */,
				484DAD6D224F1741002BA454 /* Controller */,
				484DAD70224F1741002BA454 /* View */,
			);
			path = Login;
			sourceTree = "<group>";
		};
		484DAD6B224F1741002BA454 /* Protocol */ = {
			isa = PBXGroup;
			children = (
				484DAD6C224F1741002BA454 /* PVLoginPro.swift */,
				481C599C2252EDD30086F616 /* PVLoginChildVCPro.swift */,
			);
			path = Protocol;
			sourceTree = "<group>";
		};
		484DAD6D224F1741002BA454 /* Controller */ = {
			isa = PBXGroup;
			children = (
				484DAD6E224F1741002BA454 /* PVLoginVC.swift */,
				484DAE2C224F6DB4002BA454 /* PVLoginChildVCs.swift */,
				481C599E225311110086F616 /* PVForgetPsdVC.swift */,
				481C59A0225336D70086F616 /* PVAgreementWebVC.swift */,
			);
			path = Controller;
			sourceTree = "<group>";
		};
		484DAD70224F1741002BA454 /* View */ = {
			isa = PBXGroup;
			children = (
			);
			path = View;
			sourceTree = "<group>";
		};
		484DAD73224F1741002BA454 /* Home */ = {
			isa = PBXGroup;
			children = (
				484DAD74224F1741002BA454 /* Protocol */,
				484DAD77224F1741002BA454 /* Controller */,
				484DAD7A224F1741002BA454 /* View */,
			);
			path = Home;
			sourceTree = "<group>";
		};
		484DAD74224F1741002BA454 /* Protocol */ = {
			isa = PBXGroup;
			children = (
				48A9938C22841C0400CC4326 /* PVHomeVCPro.swift */,
				4820F40B2285874B00898CD7 /* PVHomeInfoChildVCsPro.swift */,
				481F8F70228A62C900A3AF92 /* PVHomeMessagePro.swift */,
				481F8F68228A507E00A3AF92 /* PVHomeTaskPro.swift */,
				481F1C022289114B00AAEC8E /* PVHomeMyTeamPro.swift */,
				48A9938A22840F2D00CC4326 /* PVHomeHeaderViewPro.swift */,
				481F20EA225F350800331CCF /* PVHomePlayPro.swift */,
				481FD11722697C130028F82C /* PVHomePlayDelegates.swift */,
				481F20EC225F416F00331CCF /* PVVideoCommentPro.swift */,
				48200A53225E1B5900D19735 /* PVHomeReportDetailPro.swift */,
			);
			path = Protocol;
			sourceTree = "<group>";
		};
		484DAD77224F1741002BA454 /* Controller */ = {
			isa = PBXGroup;
			children = (
				481135F62283D25F00200453 /* PVHomeVC.swift */,
				48A9938E22841F2900CC4326 /* PVHomeRecommendVC.swift */,
				48A9939022841F8100CC4326 /* PVHomeAttentionVC.swift */,
				4820F4072285823800898CD7 /* PVHomeInfoChildVCs.swift */,
				481F8F6C228A5F2E00A3AF92 /* PVHomeMessageVC.swift */,
				481F1C0822899E3100AAEC8E /* PVHomeTaskVC.swift */,
				481F1BFE22890C6600AAEC8E /* PVHomeMyTeamVC.swift */,
				481C59A2225338A50086F616 /* PVHomePlayVC.swift */,
				48200A4D225E0E2800D19735 /* PVHomeReportVC.swift */,
				48200A51225E130100D19735 /* PVHomeReportDetailVC.swift */,
			);
			path = Controller;
			sourceTree = "<group>";
		};
		484DAD7A224F1741002BA454 /* View */ = {
			isa = PBXGroup;
			children = (
				48A993862283D45100CC4326 /* PVHomeHeaderView.swift */,
				4820F409228582E200898CD7 /* PVHomeVCChildViews.swift */,
				481F8F6E228A602400A3AF92 /* PVHomeMessageViews.swift */,
				481F8F6A228A515500A3AF92 /* PVHomeTaskViews.swift */,
				481F1C0022890E0B00AAEC8E /* PVHomeMyTeamViews.swift */,
				48A993922284206F00CC4326 /* PVHomeVideoCell.swift */,
				481F20E8225F270600331CCF /* PVVideoCommentView.swift */,
				4830DD5E2268612A00E2B86F /* PVHomePlayContainerView.swift */,
				48E13CC2228EDFFC00D27D75 /* PVHomePlayMaskView.swift */,
				48200A4F225E0EE600D19735 /* PVHomeReportCell.swift */,
			);
			path = View;
			sourceTree = "<group>";
		};
		484DAD7C224F1741002BA454 /* Play */ = {
			isa = PBXGroup;
			children = (
				484DADB5224F1741002BA454 /* Protocol */,
				484DADB7224F1741002BA454 /* Controller */,
				484DADB9224F1741002BA454 /* View */,
			);
			path = Play;
			sourceTree = "<group>";
		};
		484DADB5224F1741002BA454 /* Protocol */ = {
			isa = PBXGroup;
			children = (
				487AFC69226B14EA0064F00A /* PVPlayPro.swift */,
				48232F54226F110B001ACECC /* PVPlayCameraViewPro.swift */,
			);
			path = Protocol;
			sourceTree = "<group>";
		};
		484DADB7224F1741002BA454 /* Controller */ = {
			isa = PBXGroup;
			children = (
				481FD11D2269F47B0028F82C /* PVPlayVideoUploadVC.swift */,
				482138C2226ACA68001691E2 /* PVPlayVC.swift */,
			);
			path = Controller;
			sourceTree = "<group>";
		};
		484DADB9224F1741002BA454 /* View */ = {
			isa = PBXGroup;
			children = (
				487AFC6B226B2E0E0064F00A /* PVPlayCameraView.swift */,
				4824A64E226D5C5100FF7832 /* PVPlayProgressView.swift */,
			);
			path = View;
			sourceTree = "<group>";
		};
		484DADBB224F1741002BA454 /* Attention */ = {
			isa = PBXGroup;
			children = (
				484DADBC224F1741002BA454 /* Protocol */,
				484DADBF224F1741002BA454 /* Controller */,
				484DADC3224F1741002BA454 /* View */,
			);
			path = Attention;
			sourceTree = "<group>";
		};
		484DADBC224F1741002BA454 /* Protocol */ = {
			isa = PBXGroup;
			children = (
			);
			path = Protocol;
			sourceTree = "<group>";
		};
		484DADBF224F1741002BA454 /* Controller */ = {
			isa = PBXGroup;
			children = (
			);
			path = Controller;
			sourceTree = "<group>";
		};
		484DADC3224F1741002BA454 /* View */ = {
			isa = PBXGroup;
			children = (
				48365807225C8C4700BCB2D9 /* PVAttentionDetailViews.swift */,
			);
			path = View;
			sourceTree = "<group>";
		};
		484DAE28224F1822002BA454 /* Pearl */ = {
			isa = PBXGroup;
			children = (
				484DAE2B224F185A002BA454 /* Protocol */,
				484DAE2A224F1852002BA454 /* Controller */,
				484DAE29224F1840002BA454 /* View */,
			);
			path = Pearl;
			sourceTree = "<group>";
		};
		484DAE29224F1840002BA454 /* View */ = {
			isa = PBXGroup;
			children = (
				48283CD222602F4E00CBE8CD /* PVPearlViews.swift */,
				4822D3EF22745490000CF509 /* PVPearlHeaderViews.swift */,
				481F802E22618E0100C20CB1 /* PVPearlPearlDetailCell.swift */,
				481F80342261C65B00C20CB1 /* PVPearlUserLevelCell.swift */,
				481F803C2261EB1200C20CB1 /* PVPearlMarketChildViews.swift */,
				482290A2226450CE00870988 /* PVPearlSendBillCell.swift */,
				482290A82264641200870988 /* PVPearlDealRecordChildViews.swift */,
				482290AE22647DDE00870988 /* PVPearlOrderDetailViews.swift */,
			);
			path = View;
			sourceTree = "<group>";
		};
		484DAE2A224F1852002BA454 /* Controller */ = {
			isa = PBXGroup;
			children = (
				481C59A6225338E70086F616 /* PVPearlVC.swift */,
				481F802C2261872900C20CB1 /* PVPearlPearlDetailVC.swift */,
				481F8030226190D500C20CB1 /* PVPearlPlantDetailVC.swift */,
				481F80322261934D00C20CB1 /* PVPearlUserLevelVC.swift */,
				481F80362261D0B600C20CB1 /* PVPearlShellLevelVC.swift */,
				481F80382261DCE600C20CB1 /* PVPearlMarketVC.swift */,
				481F803A2261E8DF00C20CB1 /* PVPearlMarketChildVCs.swift */,
				482290A02264318C00870988 /* PVPearlSendBillVC.swift */,
				482290A4226461BC00870988 /* PVPearlDealRecordVC.swift */,
				482290A62264630D00870988 /* PVPearlDealRecordChildVCs.swift */,
				482290AC2264792200870988 /* PVPearlOrderDetailVC.swift */,
			);
			path = Controller;
			sourceTree = "<group>";
		};
		484DAE2B224F185A002BA454 /* Protocol */ = {
			isa = PBXGroup;
			children = (
				481F802A2261802B00C20CB1 /* PVPearlPro.swift */,
				481F803E2261EB7900C20CB1 /* PVPearlMarketChildPro.swift */,
				482290AA2264746600870988 /* PVPearlDealRecordChildPro.swift */,
			);
			path = Protocol;
			sourceTree = "<group>";
		};
		48A1C9672276C78400A7C307 /* likeAnimationImages */ = {
			isa = PBXGroup;
			children = (
				48A1C9682276C78400A7C307 /* like_img_1.png */,
				48A1C9692276C78400A7C307 /* like_img_0.png */,
				48A1C96A2276C78400A7C307 /* like_img_2.png */,
			);
			path = likeAnimationImages;
			sourceTree = "<group>";
		};
		6DFCBF0E62A631F5DD4B9CC2 /* Frameworks */ = {
			isa = PBXGroup;
			children = (
				482138DC226AD1F9001691E2 /* libiconv.tbd */,
				482138DA226AD1E1001691E2 /* libc++.tbd */,
				482138D8226AD1D4001691E2 /* OpenAL.framework */,
				482138D6226AD1CB001691E2 /* MediaPlayer.framework */,
				482138D4226AD1C3001691E2 /* VideoToolbox.framework */,
				482138D2226AD1B8001691E2 /* CoreVideo.framework */,
				482138D0226AD1B0001691E2 /* CoreMedia.framework */,
				482138CE226AD1A2001691E2 /* ImageIO.framework */,
				482138CC226AD195001691E2 /* libz.tbd */,
				481FD11B2269EE8B0028F82C /* VODUpload.framework */,
				D3B3E5C129A02C953A874031 /* Pods_PearlVideo.framework */,
			);
			name = Frameworks;
			sourceTree = "<group>";
		};
		7457E57789A11B4EB0CD7ED1 /* Pods */ = {
			isa = PBXGroup;
			children = (
				930A2A5820FE0D1607F8150B /* Pods-PearlVideo.debug.xcconfig */,
				761B771C9F0CE0F909F03944 /* Pods-PearlVideo.release.xcconfig */,
			);
			path = Pods;
			sourceTree = "<group>";
		};
/* End PBXGroup section */

/* Begin PBXNativeTarget section */
		484DAD03224F10B4002BA454 /* PearlVideo */ = {
			isa = PBXNativeTarget;
			buildConfigurationList = 484DAD16224F10B5002BA454 /* Build configuration list for PBXNativeTarget "PearlVideo" */;
			buildPhases = (
				6169A1F415B24AF2A26943DD /* [CP] Check Pods Manifest.lock */,
				484DAD00224F10B4002BA454 /* Sources */,
				484DAD01224F10B4002BA454 /* Frameworks */,
				484DAD02224F10B4002BA454 /* Resources */,
				E6A4157213B12214D74ADA84 /* [CP] Embed Pods Frameworks */,
				D2A29268D5E7CFE9472AB04B /* [CP] Copy Pods Resources */,
			);
			buildRules = (
			);
			dependencies = (
			);
			name = PearlVideo;
			productName = PearlVideo;
			productReference = 484DAD04224F10B4002BA454 /* PearlVideo.app */;
			productType = "com.apple.product-type.application";
		};
/* End PBXNativeTarget section */

/* Begin PBXProject section */
		484DACFC224F10B4002BA454 /* Project object */ = {
			isa = PBXProject;
			attributes = {
				LastSwiftUpdateCheck = 1010;
				LastUpgradeCheck = 1010;
				ORGANIZATIONNAME = equalriver;
				TargetAttributes = {
					484DAD03224F10B4002BA454 = {
						CreatedOnToolsVersion = 10.1;
					};
				};
			};
			buildConfigurationList = 484DACFF224F10B4002BA454 /* Build configuration list for PBXProject "PearlVideo" */;
			compatibilityVersion = "Xcode 9.3";
			developmentRegion = en;
			hasScannedForEncodings = 0;
			knownRegions = (
				en,
				Base,
			);
			mainGroup = 484DACFB224F10B4002BA454;
			productRefGroup = 484DAD05224F10B4002BA454 /* Products */;
			projectDirPath = "";
			projectRoot = "";
			targets = (
				484DAD03224F10B4002BA454 /* PearlVideo */,
			);
		};
/* End PBXProject section */

/* Begin PBXResourcesBuildPhase section */
		484DAD02224F10B4002BA454 /* Resources */ = {
			isa = PBXResourcesBuildPhase;
			buildActionMask = 2147483647;
			files = (
				48A1C96D2276C78500A7C307 /* like_img_0.png in Resources */,
				48A1C96F2276C78500A7C307 /* likeAnimation.json in Resources */,
				48A1C96C2276C78500A7C307 /* like_img_1.png in Resources */,
				484DAD12224F10B5002BA454 /* LaunchScreen.storyboard in Resources */,
				48A1C96E2276C78500A7C307 /* like_img_2.png in Resources */,
				484DAD0F224F10B5002BA454 /* Assets.xcassets in Resources */,
			);
			runOnlyForDeploymentPostprocessing = 0;
		};
/* End PBXResourcesBuildPhase section */

/* Begin PBXShellScriptBuildPhase section */
		6169A1F415B24AF2A26943DD /* [CP] Check Pods Manifest.lock */ = {
			isa = PBXShellScriptBuildPhase;
			buildActionMask = 2147483647;
			files = (
			);
			inputFileListPaths = (
			);
			inputPaths = (
				"${PODS_PODFILE_DIR_PATH}/Podfile.lock",
				"${PODS_ROOT}/Manifest.lock",
			);
			name = "[CP] Check Pods Manifest.lock";
			outputFileListPaths = (
			);
			outputPaths = (
				"$(DERIVED_FILE_DIR)/Pods-PearlVideo-checkManifestLockResult.txt",
			);
			runOnlyForDeploymentPostprocessing = 0;
			shellPath = /bin/sh;
			shellScript = "diff \"${PODS_PODFILE_DIR_PATH}/Podfile.lock\" \"${PODS_ROOT}/Manifest.lock\" > /dev/null\nif [ $? != 0 ] ; then\n    # print error to STDERR\n    echo \"error: The sandbox is not in sync with the Podfile.lock. Run 'pod install' or update your CocoaPods installation.\" >&2\n    exit 1\nfi\n# This output is used by Xcode 'outputs' to avoid re-running this script phase.\necho \"SUCCESS\" > \"${SCRIPT_OUTPUT_FILE_0}\"\n";
			showEnvVarsInLog = 0;
		};
		D2A29268D5E7CFE9472AB04B /* [CP] Copy Pods Resources */ = {
			isa = PBXShellScriptBuildPhase;
			buildActionMask = 2147483647;
			files = (
			);
			inputFileListPaths = (
			);
			inputPaths = (
				"${PODS_ROOT}/Target Support Files/Pods-PearlVideo/Pods-PearlVideo-resources.sh",
				"${PODS_ROOT}/AliyunPlayer_iOS/AliyunLanguageSource.bundle",
			);
			name = "[CP] Copy Pods Resources";
			outputFileListPaths = (
			);
			outputPaths = (
				"${TARGET_BUILD_DIR}/${UNLOCALIZED_RESOURCES_FOLDER_PATH}/AliyunLanguageSource.bundle",
			);
			runOnlyForDeploymentPostprocessing = 0;
			shellPath = /bin/sh;
			shellScript = "\"${PODS_ROOT}/Target Support Files/Pods-PearlVideo/Pods-PearlVideo-resources.sh\"\n";
			showEnvVarsInLog = 0;
		};
		E6A4157213B12214D74ADA84 /* [CP] Embed Pods Frameworks */ = {
			isa = PBXShellScriptBuildPhase;
			buildActionMask = 2147483647;
			files = (
			);
			inputFileListPaths = (
			);
			inputPaths = (
				"${PODS_ROOT}/Target Support Files/Pods-PearlVideo/Pods-PearlVideo-frameworks.sh",
				"${BUILT_PRODUCTS_DIR}/Alamofire/Alamofire.framework",
				"${PODS_ROOT}/AlivcConan/AlivcConan.framework",
				"${BUILT_PRODUCTS_DIR}/AliyunOSSiOS/AliyunOSSiOS.framework",
				"${PODS_ROOT}/AliyunPlayer_iOS/AliyunPlayerSDK.framework",
				"${PODS_ROOT}/AliyunPlayer_iOS/AliThirdparty.framework",
				"${PODS_ROOT}/AliyunPlayer_iOS/AliyunVodPlayerSDK.framework",
				"${PODS_ROOT}/AliyunVideoSDKBasic/frameworks/AliyunVideoSDKPro.framework",
				"${BUILT_PRODUCTS_DIR}/FSPagerView/FSPagerView.framework",
				"${BUILT_PRODUCTS_DIR}/IQKeyboardManagerSwift/IQKeyboardManagerSwift.framework",
				"${BUILT_PRODUCTS_DIR}/Kingfisher/Kingfisher.framework",
				"${BUILT_PRODUCTS_DIR}/MJRefresh/MJRefresh.framework",
				"${BUILT_PRODUCTS_DIR}/ObjectMapper/ObjectMapper.framework",
				"${BUILT_PRODUCTS_DIR}/PYSearch/PYSearch.framework",
				"${PODS_ROOT}/QuCore-ThirdParty/frameworks/alivcffmpeg.framework",
				"${BUILT_PRODUCTS_DIR}/SVProgressHUD/SVProgressHUD.framework",
				"${BUILT_PRODUCTS_DIR}/SnapKit/SnapKit.framework",
				"${BUILT_PRODUCTS_DIR}/SwiftyJSON/SwiftyJSON.framework",
				"${BUILT_PRODUCTS_DIR}/TZImagePickerController/TZImagePickerController.framework",
				"${BUILT_PRODUCTS_DIR}/Toast-Swift/Toast_Swift.framework",
				"${BUILT_PRODUCTS_DIR}/UITableView+FDTemplateLayoutCell/UITableView_FDTemplateLayoutCell.framework",
				"${BUILT_PRODUCTS_DIR}/WMPageController/WMPageController.framework",
				"${BUILT_PRODUCTS_DIR}/YYKit/YYKit.framework",
				"${BUILT_PRODUCTS_DIR}/lottie-ios/Lottie.framework",
				"${BUILT_PRODUCTS_DIR}/pop/pop.framework",
			);
			name = "[CP] Embed Pods Frameworks";
			outputFileListPaths = (
			);
			outputPaths = (
				"${TARGET_BUILD_DIR}/${FRAMEWORKS_FOLDER_PATH}/Alamofire.framework",
				"${TARGET_BUILD_DIR}/${FRAMEWORKS_FOLDER_PATH}/AlivcConan.framework",
				"${TARGET_BUILD_DIR}/${FRAMEWORKS_FOLDER_PATH}/AliyunOSSiOS.framework",
				"${TARGET_BUILD_DIR}/${FRAMEWORKS_FOLDER_PATH}/AliyunPlayerSDK.framework",
				"${TARGET_BUILD_DIR}/${FRAMEWORKS_FOLDER_PATH}/AliThirdparty.framework",
				"${TARGET_BUILD_DIR}/${FRAMEWORKS_FOLDER_PATH}/AliyunVodPlayerSDK.framework",
				"${TARGET_BUILD_DIR}/${FRAMEWORKS_FOLDER_PATH}/AliyunVideoSDKPro.framework",
				"${TARGET_BUILD_DIR}/${FRAMEWORKS_FOLDER_PATH}/FSPagerView.framework",
				"${TARGET_BUILD_DIR}/${FRAMEWORKS_FOLDER_PATH}/IQKeyboardManagerSwift.framework",
				"${TARGET_BUILD_DIR}/${FRAMEWORKS_FOLDER_PATH}/Kingfisher.framework",
				"${TARGET_BUILD_DIR}/${FRAMEWORKS_FOLDER_PATH}/MJRefresh.framework",
				"${TARGET_BUILD_DIR}/${FRAMEWORKS_FOLDER_PATH}/ObjectMapper.framework",
				"${TARGET_BUILD_DIR}/${FRAMEWORKS_FOLDER_PATH}/PYSearch.framework",
				"${TARGET_BUILD_DIR}/${FRAMEWORKS_FOLDER_PATH}/alivcffmpeg.framework",
				"${TARGET_BUILD_DIR}/${FRAMEWORKS_FOLDER_PATH}/SVProgressHUD.framework",
				"${TARGET_BUILD_DIR}/${FRAMEWORKS_FOLDER_PATH}/SnapKit.framework",
				"${TARGET_BUILD_DIR}/${FRAMEWORKS_FOLDER_PATH}/SwiftyJSON.framework",
				"${TARGET_BUILD_DIR}/${FRAMEWORKS_FOLDER_PATH}/TZImagePickerController.framework",
				"${TARGET_BUILD_DIR}/${FRAMEWORKS_FOLDER_PATH}/Toast_Swift.framework",
				"${TARGET_BUILD_DIR}/${FRAMEWORKS_FOLDER_PATH}/UITableView_FDTemplateLayoutCell.framework",
				"${TARGET_BUILD_DIR}/${FRAMEWORKS_FOLDER_PATH}/WMPageController.framework",
				"${TARGET_BUILD_DIR}/${FRAMEWORKS_FOLDER_PATH}/YYKit.framework",
				"${TARGET_BUILD_DIR}/${FRAMEWORKS_FOLDER_PATH}/Lottie.framework",
				"${TARGET_BUILD_DIR}/${FRAMEWORKS_FOLDER_PATH}/pop.framework",
			);
			runOnlyForDeploymentPostprocessing = 0;
			shellPath = /bin/sh;
			shellScript = "\"${PODS_ROOT}/Target Support Files/Pods-PearlVideo/Pods-PearlVideo-frameworks.sh\"\n";
			showEnvVarsInLog = 0;
		};
/* End PBXShellScriptBuildPhase section */

/* Begin PBXSourcesBuildPhase section */
		484DAD00224F10B4002BA454 /* Sources */ = {
			isa = PBXSourcesBuildPhase;
			buildActionMask = 2147483647;
			files = (
				48A9939122841F8100CC4326 /* PVHomeAttentionVC.swift in Sources */,
				48365800225C30B700BCB2D9 /* PVMeTeamVCChildPro.swift in Sources */,
				482F3C42225B716800FEC130 /* PVMeTeamVC.swift in Sources */,
				484DADCA224F1741002BA454 /* PVBaseModel.swift in Sources */,
				481C59A3225338A50086F616 /* PVHomePlayVC.swift in Sources */,
				481D66582254BCC400B59929 /* PVMeSettingVCChild.swift in Sources */,
				482290A92264641200870988 /* PVPearlDealRecordChildViews.swift in Sources */,
				481F8F6B228A515500A3AF92 /* PVHomeTaskViews.swift in Sources */,
				481C59A9225342220086F616 /* PVMeHeaderView.swift in Sources */,
				481C599F225311110086F616 /* PVForgetPsdVC.swift in Sources */,
				481C59AF225363AF0086F616 /* PVMeProductionCell.swift in Sources */,
				481FD11822697C130028F82C /* PVHomePlayDelegates.swift in Sources */,
				481F80392261DCE600C20CB1 /* PVPearlMarketVC.swift in Sources */,
				481F80372261D0B600C20CB1 /* PVPearlShellLevelVC.swift in Sources */,
				481C59AD2253621F0086F616 /* PVMeVCChild.swift in Sources */,
				484DAD25224F1380002BA454 /* KeysMacro.swift in Sources */,
				484DADE3224F1741002BA454 /* PVLoginPro.swift in Sources */,
				481F80332261934D00C20CB1 /* PVPearlUserLevelVC.swift in Sources */,
				481F802F22618E0100C20CB1 /* PVPearlPearlDetailCell.swift in Sources */,
				481F52D5228C167400474048 /* PVHomeOtherModels.swift in Sources */,
				484DAD3C224F140F002BA454 /* PVCustomButton.swift in Sources */,
				481D66542254A02400B59929 /* PVMeSettingVC.swift in Sources */,
				481F80352261C65B00C20CB1 /* PVPearlUserLevelCell.swift in Sources */,
				481D665C2254D91100B59929 /* PVMeSettingVCChildView.swift in Sources */,
				482290AD2264792200870988 /* PVPearlOrderDetailVC.swift in Sources */,
				484DAD37224F140F002BA454 /* PVNetworkTool.swift in Sources */,
				481C59A7225338E70086F616 /* PVPearlVC.swift in Sources */,
				481F1C032289114B00AAEC8E /* PVHomeMyTeamPro.swift in Sources */,
				481C59A1225336D70086F616 /* PVAgreementWebVC.swift in Sources */,
				484DAD3D224F140F002BA454 /* YPJTextFieldEx.swift in Sources */,
				481F802B2261802B00C20CB1 /* PVPearlPro.swift in Sources */,
				48A9938D22841C0400CC4326 /* PVHomeVCPro.swift in Sources */,
				481C59B322537E4B0086F616 /* PVMeAttentionVC.swift in Sources */,
				4822D3EC2273EFF3000CF509 /* PVMeShareVC.swift in Sources */,
				481F52D3228C0F0E00474048 /* PVHomeVideoModel.swift in Sources */,
				481F803F2261EB7900C20CB1 /* PVPearlMarketChildPro.swift in Sources */,
				48E13CC3228EDFFC00D27D75 /* PVHomePlayMaskView.swift in Sources */,
				484DADC5224F1741002BA454 /* PVBaseTableCell.swift in Sources */,
				48E13CBF228E988300D27D75 /* YPJResponderEx.swift in Sources */,
				482290A5226461BC00870988 /* PVPearlDealRecordVC.swift in Sources */,
				4822D3EE2274077F000CF509 /* YPJOtherToolQRImage.swift in Sources */,
				481C59B1225366210086F616 /* PVMeVCChildPro.swift in Sources */,
				481F20E3225F11A900331CCF /* PVUserInfoVC.swift in Sources */,
				481F803D2261EB1200C20CB1 /* PVPearlMarketChildViews.swift in Sources */,
				481F8F6F228A602400A3AF92 /* PVHomeMessageViews.swift in Sources */,
				481F8F71228A62C900A3AF92 /* PVHomeMessagePro.swift in Sources */,
				48283CD322602F4E00CBE8CD /* PVPearlViews.swift in Sources */,
				481F8F69228A507E00A3AF92 /* PVHomeTaskPro.swift in Sources */,
				48200A54225E1B5900D19735 /* PVHomeReportDetailPro.swift in Sources */,
				48A993932284206F00CC4326 /* PVHomeVideoCell.swift in Sources */,
				482290AB2264746600870988 /* PVPearlDealRecordChildPro.swift in Sources */,
				4824A64F226D5C5100FF7832 /* PVPlayProgressView.swift in Sources */,
				48365808225C8C4700BCB2D9 /* PVAttentionDetailViews.swift in Sources */,
				482290AF22647DDE00870988 /* PVPearlOrderDetailViews.swift in Sources */,
				481D665A2254CEA000B59929 /* PVMeSettingVCChildPro.swift in Sources */,
				48A9938B22840F2D00CC4326 /* PVHomeHeaderViewPro.swift in Sources */,
				484DAD40224F140F002BA454 /* YPJOtherTools.swift in Sources */,
				484DAD3B224F140F002BA454 /* PVCustomTextField.swift in Sources */,
				48E13CBD228E959300D27D75 /* YPJImageTools.swift in Sources */,
				48A9938F22841F2900CC4326 /* PVHomeRecommendVC.swift in Sources */,
				48365802225C311C00BCB2D9 /* PVMeTeamVCChildView.swift in Sources */,
				481F1C0122890E0B00AAEC8E /* PVHomeMyTeamViews.swift in Sources */,
				482F3C3E225B30CC00FEC130 /* PVMeInvitationCodeVC.swift in Sources */,
				482290A12264318C00870988 /* PVPearlSendBillVC.swift in Sources */,
				481D6652225450E900B59929 /* PVDatePickerView.swift in Sources */,
				48200A50225E0EE600D19735 /* PVHomeReportCell.swift in Sources */,
				481C599D2252EDD30086F616 /* PVLoginChildVCPro.swift in Sources */,
				48232F55226F110B001ACECC /* PVPlayCameraViewPro.swift in Sources */,
				4820F4082285823800898CD7 /* PVHomeInfoChildVCs.swift in Sources */,
				481F1BFF22890C6600AAEC8E /* PVHomeMyTeamVC.swift in Sources */,
				487AFC6C226B2E0E0064F00A /* PVPlayCameraView.swift in Sources */,
				48A993872283D45100CC4326 /* PVHomeHeaderView.swift in Sources */,
				4821C6A322560D4F0030BF4B /* PVMeMessageVC.swift in Sources */,
				48E13CBB228E953D00D27D75 /* YPJStringTools.swift in Sources */,
				481C59B522537F6B0086F616 /* PVMeAttentionCell.swift in Sources */,
				482F3C40225B5F0900FEC130 /* PVMeInvitationBindingView.swift in Sources */,
				4830DD5F2268612A00E2B86F /* PVHomePlayContainerView.swift in Sources */,
				481C59B922538C4B0086F616 /* PVMeUserinfoEditVC.swift in Sources */,
				481F803B2261E8DF00C20CB1 /* PVPearlMarketChildVCs.swift in Sources */,
				484DAD45224F14F7002BA454 /* PVTabBarController.swift in Sources */,
				484DADC8224F1741002BA454 /* PVNavigationBar.swift in Sources */,
				482F3C3C225AE43F00FEC130 /* PVMeMessageVCChildView.swift in Sources */,
				484DAD3E224F140F002BA454 /* YPJViewEx.swift in Sources */,
				484DAD44224F14F7002BA454 /* AppDelegateEx.swift in Sources */,
				481F20ED225F416F00331CCF /* PVVideoCommentPro.swift in Sources */,
				48E13CB9228E951500D27D75 /* YPJViewTools.swift in Sources */,
				484DADC7224F1741002BA454 /* PVBaseRootNaviVC.swift in Sources */,
				481F20E7225F177000331CCF /* PVUserInfoPro.swift in Sources */,
				484DAD41224F140F002BA454 /* GCDTools.swift in Sources */,
				484DAD3A224F140F002BA454 /* PVNetworkRouter.swift in Sources */,
				481D66562254A28700B59929 /* PVMeSettingCell.swift in Sources */,
				481F802D2261872A00C20CB1 /* PVPearlPearlDetailVC.swift in Sources */,
				484DAD39224F140F002BA454 /* PVNetworkValidate.swift in Sources */,
				481135F72283D25F00200453 /* PVHomeVC.swift in Sources */,
				481F20E5225F159900331CCF /* PVUserInfoView.swift in Sources */,
				484DADC9224F1741002BA454 /* PVBaseWMPageVC.swift in Sources */,
				4822D3F022745490000CF509 /* PVPearlHeaderViews.swift in Sources */,
				481F20E9225F270600331CCF /* PVVideoCommentView.swift in Sources */,
				484DADC6224F1741002BA454 /* PVBaseViewController.swift in Sources */,
				487AFC6A226B14EA0064F00A /* PVPlayPro.swift in Sources */,
				482138C3226ACA68001691E2 /* PVPlayVC.swift in Sources */,
				48200A52225E130100D19735 /* PVHomeReportDetailVC.swift in Sources */,
				484DAD38224F140F002BA454 /* PVRefresh.swift in Sources */,
				48E13CC1228EBF9900D27D75 /* PVMeModel.swift in Sources */,
				484DAD08224F10B4002BA454 /* AppDelegate.swift in Sources */,
				484DAD27224F1380002BA454 /* ToolMacro.swift in Sources */,
				4821C6A52256131A0030BF4B /* PVMeMessageVCChild.swift in Sources */,
				481F8031226190D500C20CB1 /* PVPearlPlantDetailVC.swift in Sources */,
				481FD11E2269F47B0028F82C /* PVPlayVideoUploadVC.swift in Sources */,
				483657FE225C2EFC00BCB2D9 /* PVMeTeamVCChild.swift in Sources */,
				484DAE2D224F6DB4002BA454 /* PVLoginChildVCs.swift in Sources */,
				481C59AB22535CFB0086F616 /* PVMePro.swift in Sources */,
				484DAD26224F1380002BA454 /* ArgsMacro.swift in Sources */,
				48200A4E225E0E2800D19735 /* PVHomeReportVC.swift in Sources */,
				4821C7492293A1AD005FC71A /* PVVideoCommentModel.swift in Sources */,
				484DADE4224F1741002BA454 /* PVLoginVC.swift in Sources */,
				488759F622844AAE004BC541 /* PVHomeModel.swift in Sources */,
				482F3C44225B79B900FEC130 /* PVMeTeamVCPro.swift in Sources */,
				4820F40A228582E200898CD7 /* PVHomeVCChildViews.swift in Sources */,
				484DADCB224F1741002BA454 /* PVBaseNavigationVC.swift in Sources */,
				482F3C3A225ADF7600FEC130 /* PVMeMessageVCChildPro.swift in Sources */,
				482290A72264630D00870988 /* PVPearlDealRecordChildVCs.swift in Sources */,
				484DAD3F224F140F002BA454 /* YPJExTools.swift in Sources */,
				482290A3226450CE00870988 /* PVPearlSendBillCell.swift in Sources */,
				481F20EB225F350800331CCF /* PVHomePlayPro.swift in Sources */,
				4820F40C2285874B00898CD7 /* PVHomeInfoChildVCsPro.swift in Sources */,
				4823BBCE2290048E006869AA /* PVVideoPlayModel.swift in Sources */,
				481F1C0922899E3100AAEC8E /* PVHomeTaskVC.swift in Sources */,
				481F8F6D228A5F2E00A3AF92 /* PVHomeMessageVC.swift in Sources */,
				481C59B72253882B0086F616 /* PVMeFansVC.swift in Sources */,
				481C59BB22538E570086F616 /* PVMeUserinfoEditCell.swift in Sources */,
				484DADCD224F1741002BA454 /* PVMeViewController.swift in Sources */,
				4830DD62226863DE00E2B86F /* AlivcQuVideoModel.swift in Sources */,
			);
			runOnlyForDeploymentPostprocessing = 0;
		};
/* End PBXSourcesBuildPhase section */

/* Begin PBXVariantGroup section */
		484DAD10224F10B5002BA454 /* LaunchScreen.storyboard */ = {
			isa = PBXVariantGroup;
			children = (
				484DAD11224F10B5002BA454 /* Base */,
			);
			name = LaunchScreen.storyboard;
			sourceTree = "<group>";
		};
/* End PBXVariantGroup section */

/* Begin XCBuildConfiguration section */
		484DAD14224F10B5002BA454 /* Debug */ = {
			isa = XCBuildConfiguration;
			buildSettings = {
				ALWAYS_SEARCH_USER_PATHS = NO;
				CLANG_ANALYZER_NONNULL = YES;
				CLANG_ANALYZER_NUMBER_OBJECT_CONVERSION = YES_AGGRESSIVE;
				CLANG_CXX_LANGUAGE_STANDARD = "gnu++14";
				CLANG_CXX_LIBRARY = "libc++";
				CLANG_ENABLE_MODULES = YES;
				CLANG_ENABLE_OBJC_ARC = YES;
				CLANG_ENABLE_OBJC_WEAK = YES;
				CLANG_WARN_BLOCK_CAPTURE_AUTORELEASING = YES;
				CLANG_WARN_BOOL_CONVERSION = YES;
				CLANG_WARN_COMMA = YES;
				CLANG_WARN_CONSTANT_CONVERSION = YES;
				CLANG_WARN_DEPRECATED_OBJC_IMPLEMENTATIONS = YES;
				CLANG_WARN_DIRECT_OBJC_ISA_USAGE = YES_ERROR;
				CLANG_WARN_DOCUMENTATION_COMMENTS = YES;
				CLANG_WARN_EMPTY_BODY = YES;
				CLANG_WARN_ENUM_CONVERSION = YES;
				CLANG_WARN_INFINITE_RECURSION = YES;
				CLANG_WARN_INT_CONVERSION = YES;
				CLANG_WARN_NON_LITERAL_NULL_CONVERSION = YES;
				CLANG_WARN_OBJC_IMPLICIT_RETAIN_SELF = YES;
				CLANG_WARN_OBJC_LITERAL_CONVERSION = YES;
				CLANG_WARN_OBJC_ROOT_CLASS = YES_ERROR;
				CLANG_WARN_RANGE_LOOP_ANALYSIS = YES;
				CLANG_WARN_STRICT_PROTOTYPES = YES;
				CLANG_WARN_SUSPICIOUS_MOVE = YES;
				CLANG_WARN_UNGUARDED_AVAILABILITY = YES_AGGRESSIVE;
				CLANG_WARN_UNREACHABLE_CODE = YES;
				CLANG_WARN__DUPLICATE_METHOD_MATCH = YES;
				CODE_SIGN_IDENTITY = "iPhone Developer";
				COPY_PHASE_STRIP = NO;
				DEBUG_INFORMATION_FORMAT = dwarf;
				ENABLE_STRICT_OBJC_MSGSEND = YES;
				ENABLE_TESTABILITY = YES;
				GCC_C_LANGUAGE_STANDARD = gnu11;
				GCC_DYNAMIC_NO_PIC = NO;
				GCC_NO_COMMON_BLOCKS = YES;
				GCC_OPTIMIZATION_LEVEL = 0;
				GCC_PREPROCESSOR_DEFINITIONS = (
					"DEBUG=1",
					"$(inherited)",
				);
				GCC_WARN_64_TO_32_BIT_CONVERSION = YES;
				GCC_WARN_ABOUT_RETURN_TYPE = YES_ERROR;
				GCC_WARN_UNDECLARED_SELECTOR = YES;
				GCC_WARN_UNINITIALIZED_AUTOS = YES_AGGRESSIVE;
				GCC_WARN_UNUSED_FUNCTION = YES;
				GCC_WARN_UNUSED_VARIABLE = YES;
				IPHONEOS_DEPLOYMENT_TARGET = 12.1;
				MTL_ENABLE_DEBUG_INFO = INCLUDE_SOURCE;
				MTL_FAST_MATH = YES;
				ONLY_ACTIVE_ARCH = YES;
				SDKROOT = iphoneos;
				SWIFT_ACTIVE_COMPILATION_CONDITIONS = DEBUG;
				SWIFT_OPTIMIZATION_LEVEL = "-Onone";
			};
			name = Debug;
		};
		484DAD15224F10B5002BA454 /* Release */ = {
			isa = XCBuildConfiguration;
			buildSettings = {
				ALWAYS_SEARCH_USER_PATHS = NO;
				CLANG_ANALYZER_NONNULL = YES;
				CLANG_ANALYZER_NUMBER_OBJECT_CONVERSION = YES_AGGRESSIVE;
				CLANG_CXX_LANGUAGE_STANDARD = "gnu++14";
				CLANG_CXX_LIBRARY = "libc++";
				CLANG_ENABLE_MODULES = YES;
				CLANG_ENABLE_OBJC_ARC = YES;
				CLANG_ENABLE_OBJC_WEAK = YES;
				CLANG_WARN_BLOCK_CAPTURE_AUTORELEASING = YES;
				CLANG_WARN_BOOL_CONVERSION = YES;
				CLANG_WARN_COMMA = YES;
				CLANG_WARN_CONSTANT_CONVERSION = YES;
				CLANG_WARN_DEPRECATED_OBJC_IMPLEMENTATIONS = YES;
				CLANG_WARN_DIRECT_OBJC_ISA_USAGE = YES_ERROR;
				CLANG_WARN_DOCUMENTATION_COMMENTS = YES;
				CLANG_WARN_EMPTY_BODY = YES;
				CLANG_WARN_ENUM_CONVERSION = YES;
				CLANG_WARN_INFINITE_RECURSION = YES;
				CLANG_WARN_INT_CONVERSION = YES;
				CLANG_WARN_NON_LITERAL_NULL_CONVERSION = YES;
				CLANG_WARN_OBJC_IMPLICIT_RETAIN_SELF = YES;
				CLANG_WARN_OBJC_LITERAL_CONVERSION = YES;
				CLANG_WARN_OBJC_ROOT_CLASS = YES_ERROR;
				CLANG_WARN_RANGE_LOOP_ANALYSIS = YES;
				CLANG_WARN_STRICT_PROTOTYPES = YES;
				CLANG_WARN_SUSPICIOUS_MOVE = YES;
				CLANG_WARN_UNGUARDED_AVAILABILITY = YES_AGGRESSIVE;
				CLANG_WARN_UNREACHABLE_CODE = YES;
				CLANG_WARN__DUPLICATE_METHOD_MATCH = YES;
				CODE_SIGN_IDENTITY = "iPhone Developer";
				COPY_PHASE_STRIP = NO;
				DEBUG_INFORMATION_FORMAT = "dwarf-with-dsym";
				ENABLE_NS_ASSERTIONS = NO;
				ENABLE_STRICT_OBJC_MSGSEND = YES;
				GCC_C_LANGUAGE_STANDARD = gnu11;
				GCC_NO_COMMON_BLOCKS = YES;
				GCC_WARN_64_TO_32_BIT_CONVERSION = YES;
				GCC_WARN_ABOUT_RETURN_TYPE = YES_ERROR;
				GCC_WARN_UNDECLARED_SELECTOR = YES;
				GCC_WARN_UNINITIALIZED_AUTOS = YES_AGGRESSIVE;
				GCC_WARN_UNUSED_FUNCTION = YES;
				GCC_WARN_UNUSED_VARIABLE = YES;
				IPHONEOS_DEPLOYMENT_TARGET = 12.1;
				MTL_ENABLE_DEBUG_INFO = NO;
				MTL_FAST_MATH = YES;
				SDKROOT = iphoneos;
				SWIFT_COMPILATION_MODE = wholemodule;
				SWIFT_OPTIMIZATION_LEVEL = "-O";
				VALIDATE_PRODUCT = YES;
			};
			name = Release;
		};
		484DAD17224F10B5002BA454 /* Debug */ = {
			isa = XCBuildConfiguration;
			baseConfigurationReference = 930A2A5820FE0D1607F8150B /* Pods-PearlVideo.debug.xcconfig */;
			buildSettings = {
				ASSETCATALOG_COMPILER_APPICON_NAME = AppIcon;
				CODE_SIGN_STYLE = Automatic;
				DEVELOPMENT_TEAM = 5D56L9247R;
				ENABLE_BITCODE = NO;
				FRAMEWORK_SEARCH_PATHS = (
					"$(inherited)",
					"$(PROJECT_DIR)/Pods/VODUpload/frameworks",
					"$(PROJECT_DIR)/PearlVideo/Vendor",
					"$(PROJECT_DIR)/Pods/AliyunVideoSDKBasic/frameworks",
				);
				GCC_OPTIMIZATION_LEVEL = 0;
				INFOPLIST_FILE = PearlVideo/Info.plist;
				IPHONEOS_DEPLOYMENT_TARGET = 9.0;
				LD_RUNPATH_SEARCH_PATHS = (
					"$(inherited)",
					"@executable_path/Frameworks",
				);
				PRODUCT_BUNDLE_IDENTIFIER = com.lzmingsi.PearlVideo;
				PRODUCT_NAME = "$(TARGET_NAME)";
				SWIFT_OBJC_BRIDGING_HEADER = "$(SRCROOT)/PearlVideo/BridgingHeader.h";
				SWIFT_OPTIMIZATION_LEVEL = "-Onone";
				SWIFT_VERSION = 4.2;
				TARGETED_DEVICE_FAMILY = 1;
			};
			name = Debug;
		};
		484DAD18224F10B5002BA454 /* Release */ = {
			isa = XCBuildConfiguration;
			baseConfigurationReference = 761B771C9F0CE0F909F03944 /* Pods-PearlVideo.release.xcconfig */;
			buildSettings = {
				ASSETCATALOG_COMPILER_APPICON_NAME = AppIcon;
				CODE_SIGN_STYLE = Automatic;
				DEVELOPMENT_TEAM = 5D56L9247R;
				ENABLE_BITCODE = NO;
				FRAMEWORK_SEARCH_PATHS = (
					"$(inherited)",
					"$(PROJECT_DIR)/Pods/VODUpload/frameworks",
					"$(PROJECT_DIR)/PearlVideo/Vendor",
					"$(PROJECT_DIR)/Pods/AliyunVideoSDKBasic/frameworks",
				);
				GCC_OPTIMIZATION_LEVEL = s;
				INFOPLIST_FILE = PearlVideo/Info.plist;
				IPHONEOS_DEPLOYMENT_TARGET = 9.0;
				LD_RUNPATH_SEARCH_PATHS = (
					"$(inherited)",
					"@executable_path/Frameworks",
				);
				PRODUCT_BUNDLE_IDENTIFIER = com.lzmingsi.PearlVideo;
				PRODUCT_NAME = "$(TARGET_NAME)";
				SWIFT_OBJC_BRIDGING_HEADER = "$(SRCROOT)/PearlVideo/BridgingHeader.h";
				SWIFT_OPTIMIZATION_LEVEL = "-O";
				SWIFT_VERSION = 4.2;
				TARGETED_DEVICE_FAMILY = 1;
			};
			name = Release;
		};
/* End XCBuildConfiguration section */

/* Begin XCConfigurationList section */
		484DACFF224F10B4002BA454 /* Build configuration list for PBXProject "PearlVideo" */ = {
			isa = XCConfigurationList;
			buildConfigurations = (
				484DAD14224F10B5002BA454 /* Debug */,
				484DAD15224F10B5002BA454 /* Release */,
			);
			defaultConfigurationIsVisible = 0;
			defaultConfigurationName = Release;
		};
		484DAD16224F10B5002BA454 /* Build configuration list for PBXNativeTarget "PearlVideo" */ = {
			isa = XCConfigurationList;
			buildConfigurations = (
				484DAD17224F10B5002BA454 /* Debug */,
				484DAD18224F10B5002BA454 /* Release */,
			);
			defaultConfigurationIsVisible = 0;
			defaultConfigurationName = Release;
		};
/* End XCConfigurationList section */
	};
	rootObject = 484DACFC224F10B4002BA454 /* Project object */;
}
